
Microsoft Visual Studio Solution File, Format Version 12.00
# Visual Studio Version 17
VisualStudioVersion = 17.4.33205.214
MinimumVisualStudioVersion = 10.0.40219.1
Project("{D954291E-2A0B-460D-934E-DC6B0785DB48}") = "SimpleWeather.Uno.Shared", "SimpleWeather.Uno\SimpleWeather.Uno.Shared\SimpleWeather.Uno.Shared.shproj", "{6279C845-92F8-4333-AB99-3D213163593C}"
EndProject
Project("{2150E333-8FDC-42A3-9474-1A3956D46DE8}") = "Platforms", "Platforms", "{1CA6C355-7F3A-401F-BB91-4A5B371B4C16}"
EndProject
Project("{FAE04EC0-301F-11D3-BF4B-00C04F79EFBC}") = "SimpleWeather.Uno.Mobile", "SimpleWeather.Uno\SimpleWeather.Uno.Mobile\SimpleWeather.Uno.Mobile.csproj", "{1C406FF2-4C76-4F63-88A8-6432472C484E}"
EndProject
Project("{9A19103F-16F7-4668-BE54-9A1E7A4F7556}") = "SimpleWeather.Uno.Skia.Gtk", "SimpleWeather.Uno\SimpleWeather.Uno.Skia.Gtk\SimpleWeather.Uno.Skia.Gtk.csproj", "{A155A8B9-45F2-4A48-B473-3D71F43CBB5B}"
EndProject
Project("{9A19103F-16F7-4668-BE54-9A1E7A4F7556}") = "BingMapsRESTToolkit.Standard", "BingMapsRESTToolkit\Source\BingMapsRESTToolkit.Standard\BingMapsRESTToolkit.Standard.csproj", "{8C746DED-980F-4DDC-AA1F-A52D455713F7}"
EndProject
Project("{9A19103F-16F7-4668-BE54-9A1E7A4F7556}") = "EditManifest", "EditManifest\EditManifest.csproj", "{94F8637B-52B8-429B-A5CA-043CFF4DD201}"
EndProject
Project("{9A19103F-16F7-4668-BE54-9A1E7A4F7556}") = "KeyCheck", "KeyCheck\KeyCheck.csproj", "{69259AD2-5CDE-4047-B7B4-CDE2F1AA5987}"
EndProject
Project("{9A19103F-16F7-4668-BE54-9A1E7A4F7556}") = "TranslationImport", "TranslationImport\TranslationImport.csproj", "{8FD62724-DA6A-4ADB-B5C1-629C3DDD5179}"
EndProject
Project("{9A19103F-16F7-4668-BE54-9A1E7A4F7556}") = "SimpleWeather.Backgrounds", "SimpleWeather.Backgrounds\SimpleWeather.Backgrounds.csproj", "{0CAA3B62-12E0-4418-8E32-95AEECA0AF97}"
EndProject
Project("{9A19103F-16F7-4668-BE54-9A1E7A4F7556}") = "Timber", "Timber\Timber.csproj", "{479286CE-E244-4D81-A8F4-A5982AF86AF9}"
EndProject
Project("{9A19103F-16F7-4668-BE54-9A1E7A4F7556}") = "SimpleWeather.Common", "SimpleWeather.Common\SimpleWeather.Common.csproj", "{B119868B-EA58-45C8-89B2-0693D3395D31}"
EndProject
Project("{9A19103F-16F7-4668-BE54-9A1E7A4F7556}") = "SimpleWeather.Extras", "SimpleWeather.Extras\SimpleWeather.Extras.csproj", "{0CC840EB-6362-44E7-95FE-22602ABDDC8B}"
EndProject
Project("{9A19103F-16F7-4668-BE54-9A1E7A4F7556}") = "SimpleWeather.Shared", "SimpleWeather.Shared\SimpleWeather.Shared.csproj", "{A92BE3F1-3252-4650-A17E-498B223BD039}"
EndProject
Project("{9A19103F-16F7-4668-BE54-9A1E7A4F7556}") = "SimpleWeather.Weather-API", "SimpleWeather.Weather-API\SimpleWeather.Weather-API.csproj", "{05EE68EB-2F0B-4AFB-A9CD-14D8DF05BA43}"
EndProject
Project("{9A19103F-16F7-4668-BE54-9A1E7A4F7556}") = "SimpleWeather.WeatherIcons", "SimpleWeather.WeatherIcons\SimpleWeather.WeatherIcons.csproj", "{82E985DD-96F7-4069-87F6-46D5AFE3CE6F}"
EndProject
Project("{D954291E-2A0B-460D-934E-DC6B0785DB48}") = "SimpleWeather.Uno.Extras", "SimpleWeather.Uno.Extras\SimpleWeather.Uno.Extras.shproj", "{DCDF58D5-D7F9-4282-9957-DB7CA59442AD}"
EndProject
Project("{2150E333-8FDC-42A3-9474-1A3956D46DE8}") = "Solution Items", "Solution Items", "{84154FA5-7B15-4AA3-88A1-1C1D9BF5EED0}"
	ProjectSection(SolutionItems) = preProject
		.gitignore = .gitignore
		Directory.Build.props = Directory.Build.props
	EndProjectSection
EndProject
Project("{9344BDBB-3E7F-41FC-A0DD-8665D75EE146}") = "SimpleWeather.Uno.Uwp", "SimpleWeather.Uno\SimpleWeather.Uno.UWP\SimpleWeather.Uno.Uwp.csproj", "{E30E7FF3-CDE1-448C-938F-EA8B1464B672}"
EndProject
Project("{9344BDBB-3E7F-41FC-A0DD-8665D75EE146}") = "UnitTestProject", "UnitTestProject\UnitTestProject.csproj", "{EBFFE54A-AFC2-4EF7-B69D-FDF8F6421C5D}"
EndProject
Global
	GlobalSection(SolutionConfigurationPlatforms) = preSolution
		Debug|Any CPU = Debug|Any CPU
		Debug|ARM = Debug|ARM
		Debug|ARM64 = Debug|ARM64
		Debug|iPhone = Debug|iPhone
		Debug|iPhoneSimulator = Debug|iPhoneSimulator
		Debug|x64 = Debug|x64
		Debug|x86 = Debug|x86
		Release|Any CPU = Release|Any CPU
		Release|ARM = Release|ARM
		Release|ARM64 = Release|ARM64
		Release|iPhone = Release|iPhone
		Release|iPhoneSimulator = Release|iPhoneSimulator
		Release|x64 = Release|x64
		Release|x86 = Release|x86
		Debug|Mac = Debug|Mac
	EndGlobalSection
	GlobalSection(ProjectConfigurationPlatforms) = postSolution
		{94F8637B-52B8-429B-A5CA-043CFF4DD201}.Debug|Any CPU.ActiveCfg = Debug|Any CPU
		{94F8637B-52B8-429B-A5CA-043CFF4DD201}.Debug|Any CPU.Build.0 = Debug|Any CPU
		{94F8637B-52B8-429B-A5CA-043CFF4DD201}.Debug|ARM.ActiveCfg = Debug|Any CPU
		{94F8637B-52B8-429B-A5CA-043CFF4DD201}.Debug|ARM.Build.0 = Debug|Any CPU
		{94F8637B-52B8-429B-A5CA-043CFF4DD201}.Debug|ARM64.ActiveCfg = Debug|Any CPU
		{94F8637B-52B8-429B-A5CA-043CFF4DD201}.Debug|ARM64.Build.0 = Debug|Any CPU
		{94F8637B-52B8-429B-A5CA-043CFF4DD201}.Debug|iPhone.ActiveCfg = Debug|Any CPU
		{94F8637B-52B8-429B-A5CA-043CFF4DD201}.Debug|iPhoneSimulator.ActiveCfg = Debug|Any CPU
		{94F8637B-52B8-429B-A5CA-043CFF4DD201}.Debug|x64.ActiveCfg = Debug|Any CPU
		{94F8637B-52B8-429B-A5CA-043CFF4DD201}.Debug|x64.Build.0 = Debug|Any CPU
		{94F8637B-52B8-429B-A5CA-043CFF4DD201}.Debug|x86.ActiveCfg = Debug|Any CPU
		{94F8637B-52B8-429B-A5CA-043CFF4DD201}.Debug|x86.Build.0 = Debug|Any CPU
		{94F8637B-52B8-429B-A5CA-043CFF4DD201}.Release|Any CPU.ActiveCfg = Release|Any CPU
		{94F8637B-52B8-429B-A5CA-043CFF4DD201}.Release|Any CPU.Build.0 = Release|Any CPU
		{94F8637B-52B8-429B-A5CA-043CFF4DD201}.Release|ARM.ActiveCfg = Release|Any CPU
		{94F8637B-52B8-429B-A5CA-043CFF4DD201}.Release|ARM.Build.0 = Release|Any CPU
		{94F8637B-52B8-429B-A5CA-043CFF4DD201}.Release|ARM64.ActiveCfg = Release|Any CPU
		{94F8637B-52B8-429B-A5CA-043CFF4DD201}.Release|ARM64.Build.0 = Release|Any CPU
		{94F8637B-52B8-429B-A5CA-043CFF4DD201}.Release|iPhone.ActiveCfg = Release|Any CPU
		{94F8637B-52B8-429B-A5CA-043CFF4DD201}.Release|iPhoneSimulator.ActiveCfg = Release|Any CPU
		{94F8637B-52B8-429B-A5CA-043CFF4DD201}.Release|x64.ActiveCfg = Release|Any CPU
		{94F8637B-52B8-429B-A5CA-043CFF4DD201}.Release|x64.Build.0 = Release|Any CPU
		{94F8637B-52B8-429B-A5CA-043CFF4DD201}.Release|x86.ActiveCfg = Release|Any CPU
		{94F8637B-52B8-429B-A5CA-043CFF4DD201}.Release|x86.Build.0 = Release|Any CPU
		{94F8637B-52B8-429B-A5CA-043CFF4DD201}.Debug|Mac.ActiveCfg = Debug|Any CPU
		{94F8637B-52B8-429B-A5CA-043CFF4DD201}.Debug|Mac.Build.0 = Debug|Any CPU
		{479286CE-E244-4D81-A8F4-A5982AF86AF9}.Debug|Any CPU.ActiveCfg = Debug|Any CPU
		{479286CE-E244-4D81-A8F4-A5982AF86AF9}.Debug|Any CPU.Build.0 = Debug|Any CPU
		{479286CE-E244-4D81-A8F4-A5982AF86AF9}.Debug|ARM.ActiveCfg = Debug|Any CPU
		{479286CE-E244-4D81-A8F4-A5982AF86AF9}.Debug|ARM.Build.0 = Debug|Any CPU
		{479286CE-E244-4D81-A8F4-A5982AF86AF9}.Debug|ARM64.ActiveCfg = Debug|Any CPU
		{479286CE-E244-4D81-A8F4-A5982AF86AF9}.Debug|ARM64.Build.0 = Debug|Any CPU
		{479286CE-E244-4D81-A8F4-A5982AF86AF9}.Debug|iPhone.ActiveCfg = Debug|Any CPU
		{479286CE-E244-4D81-A8F4-A5982AF86AF9}.Debug|iPhone.Build.0 = Debug|Any CPU
		{479286CE-E244-4D81-A8F4-A5982AF86AF9}.Debug|iPhoneSimulator.ActiveCfg = Debug|Any CPU
		{479286CE-E244-4D81-A8F4-A5982AF86AF9}.Debug|iPhoneSimulator.Build.0 = Debug|Any CPU
		{479286CE-E244-4D81-A8F4-A5982AF86AF9}.Debug|x64.ActiveCfg = Debug|Any CPU
		{479286CE-E244-4D81-A8F4-A5982AF86AF9}.Debug|x64.Build.0 = Debug|Any CPU
		{479286CE-E244-4D81-A8F4-A5982AF86AF9}.Debug|x86.ActiveCfg = Debug|Any CPU
		{479286CE-E244-4D81-A8F4-A5982AF86AF9}.Debug|x86.Build.0 = Debug|Any CPU
		{479286CE-E244-4D81-A8F4-A5982AF86AF9}.Release|Any CPU.ActiveCfg = Release|Any CPU
		{479286CE-E244-4D81-A8F4-A5982AF86AF9}.Release|Any CPU.Build.0 = Release|Any CPU
		{479286CE-E244-4D81-A8F4-A5982AF86AF9}.Release|ARM.ActiveCfg = Release|Any CPU
		{479286CE-E244-4D81-A8F4-A5982AF86AF9}.Release|ARM.Build.0 = Release|Any CPU
		{479286CE-E244-4D81-A8F4-A5982AF86AF9}.Release|ARM64.ActiveCfg = Release|Any CPU
		{479286CE-E244-4D81-A8F4-A5982AF86AF9}.Release|ARM64.Build.0 = Release|Any CPU
		{479286CE-E244-4D81-A8F4-A5982AF86AF9}.Release|iPhone.ActiveCfg = Release|Any CPU
		{479286CE-E244-4D81-A8F4-A5982AF86AF9}.Release|iPhone.Build.0 = Release|Any CPU
		{479286CE-E244-4D81-A8F4-A5982AF86AF9}.Release|iPhoneSimulator.ActiveCfg = Release|Any CPU
		{479286CE-E244-4D81-A8F4-A5982AF86AF9}.Release|iPhoneSimulator.Build.0 = Release|Any CPU
		{479286CE-E244-4D81-A8F4-A5982AF86AF9}.Release|x64.ActiveCfg = Release|Any CPU
		{479286CE-E244-4D81-A8F4-A5982AF86AF9}.Release|x64.Build.0 = Release|Any CPU
		{479286CE-E244-4D81-A8F4-A5982AF86AF9}.Release|x86.ActiveCfg = Release|Any CPU
		{479286CE-E244-4D81-A8F4-A5982AF86AF9}.Release|x86.Build.0 = Release|Any CPU
		{479286CE-E244-4D81-A8F4-A5982AF86AF9}.Debug|Mac.ActiveCfg = Debug|Any CPU
		{479286CE-E244-4D81-A8F4-A5982AF86AF9}.Debug|Mac.Build.0 = Debug|Any CPU
		{69259AD2-5CDE-4047-B7B4-CDE2F1AA5987}.Debug|Any CPU.ActiveCfg = Debug|Any CPU
		{69259AD2-5CDE-4047-B7B4-CDE2F1AA5987}.Debug|Any CPU.Build.0 = Debug|Any CPU
		{69259AD2-5CDE-4047-B7B4-CDE2F1AA5987}.Debug|ARM.ActiveCfg = Debug|Any CPU
		{69259AD2-5CDE-4047-B7B4-CDE2F1AA5987}.Debug|ARM.Build.0 = Debug|Any CPU
		{69259AD2-5CDE-4047-B7B4-CDE2F1AA5987}.Debug|ARM64.ActiveCfg = Debug|Any CPU
		{69259AD2-5CDE-4047-B7B4-CDE2F1AA5987}.Debug|ARM64.Build.0 = Debug|Any CPU
		{69259AD2-5CDE-4047-B7B4-CDE2F1AA5987}.Debug|iPhone.ActiveCfg = Debug|Any CPU
		{69259AD2-5CDE-4047-B7B4-CDE2F1AA5987}.Debug|iPhoneSimulator.ActiveCfg = Debug|Any CPU
		{69259AD2-5CDE-4047-B7B4-CDE2F1AA5987}.Debug|x64.ActiveCfg = Debug|Any CPU
		{69259AD2-5CDE-4047-B7B4-CDE2F1AA5987}.Debug|x64.Build.0 = Debug|Any CPU
		{69259AD2-5CDE-4047-B7B4-CDE2F1AA5987}.Debug|x86.ActiveCfg = Debug|Any CPU
		{69259AD2-5CDE-4047-B7B4-CDE2F1AA5987}.Debug|x86.Build.0 = Debug|Any CPU
		{69259AD2-5CDE-4047-B7B4-CDE2F1AA5987}.Release|Any CPU.ActiveCfg = Release|Any CPU
		{69259AD2-5CDE-4047-B7B4-CDE2F1AA5987}.Release|Any CPU.Build.0 = Release|Any CPU
		{69259AD2-5CDE-4047-B7B4-CDE2F1AA5987}.Release|ARM.ActiveCfg = Release|Any CPU
		{69259AD2-5CDE-4047-B7B4-CDE2F1AA5987}.Release|ARM.Build.0 = Release|Any CPU
		{69259AD2-5CDE-4047-B7B4-CDE2F1AA5987}.Release|ARM64.ActiveCfg = Release|Any CPU
		{69259AD2-5CDE-4047-B7B4-CDE2F1AA5987}.Release|ARM64.Build.0 = Release|Any CPU
		{69259AD2-5CDE-4047-B7B4-CDE2F1AA5987}.Release|iPhone.ActiveCfg = Release|Any CPU
		{69259AD2-5CDE-4047-B7B4-CDE2F1AA5987}.Release|iPhoneSimulator.ActiveCfg = Release|Any CPU
		{69259AD2-5CDE-4047-B7B4-CDE2F1AA5987}.Release|x64.ActiveCfg = Release|Any CPU
		{69259AD2-5CDE-4047-B7B4-CDE2F1AA5987}.Release|x64.Build.0 = Release|Any CPU
		{69259AD2-5CDE-4047-B7B4-CDE2F1AA5987}.Release|x86.ActiveCfg = Release|Any CPU
		{69259AD2-5CDE-4047-B7B4-CDE2F1AA5987}.Release|x86.Build.0 = Release|Any CPU
		{69259AD2-5CDE-4047-B7B4-CDE2F1AA5987}.Debug|Mac.ActiveCfg = Debug|Any CPU
		{69259AD2-5CDE-4047-B7B4-CDE2F1AA5987}.Debug|Mac.Build.0 = Debug|Any CPU
		{A92BE3F1-3252-4650-A17E-498B223BD039}.Debug|Any CPU.ActiveCfg = Debug|Any CPU
		{A92BE3F1-3252-4650-A17E-498B223BD039}.Debug|Any CPU.Build.0 = Debug|Any CPU
		{A92BE3F1-3252-4650-A17E-498B223BD039}.Debug|ARM.ActiveCfg = Debug|Any CPU
		{A92BE3F1-3252-4650-A17E-498B223BD039}.Debug|ARM.Build.0 = Debug|Any CPU
		{A92BE3F1-3252-4650-A17E-498B223BD039}.Debug|ARM64.ActiveCfg = Debug|Any CPU
		{A92BE3F1-3252-4650-A17E-498B223BD039}.Debug|ARM64.Build.0 = Debug|Any CPU
		{A92BE3F1-3252-4650-A17E-498B223BD039}.Debug|iPhone.ActiveCfg = Debug|Any CPU
		{A92BE3F1-3252-4650-A17E-498B223BD039}.Debug|iPhone.Build.0 = Debug|Any CPU
		{A92BE3F1-3252-4650-A17E-498B223BD039}.Debug|iPhoneSimulator.ActiveCfg = Debug|Any CPU
		{A92BE3F1-3252-4650-A17E-498B223BD039}.Debug|iPhoneSimulator.Build.0 = Debug|Any CPU
		{A92BE3F1-3252-4650-A17E-498B223BD039}.Debug|x64.ActiveCfg = Debug|Any CPU
		{A92BE3F1-3252-4650-A17E-498B223BD039}.Debug|x64.Build.0 = Debug|Any CPU
		{A92BE3F1-3252-4650-A17E-498B223BD039}.Debug|x86.ActiveCfg = Debug|Any CPU
		{A92BE3F1-3252-4650-A17E-498B223BD039}.Debug|x86.Build.0 = Debug|Any CPU
		{A92BE3F1-3252-4650-A17E-498B223BD039}.Release|Any CPU.ActiveCfg = Release|Any CPU
		{A92BE3F1-3252-4650-A17E-498B223BD039}.Release|Any CPU.Build.0 = Release|Any CPU
		{A92BE3F1-3252-4650-A17E-498B223BD039}.Release|ARM.ActiveCfg = Release|Any CPU
		{A92BE3F1-3252-4650-A17E-498B223BD039}.Release|ARM.Build.0 = Release|Any CPU
		{A92BE3F1-3252-4650-A17E-498B223BD039}.Release|ARM64.ActiveCfg = Release|Any CPU
		{A92BE3F1-3252-4650-A17E-498B223BD039}.Release|ARM64.Build.0 = Release|Any CPU
		{A92BE3F1-3252-4650-A17E-498B223BD039}.Release|iPhone.ActiveCfg = Release|Any CPU
		{A92BE3F1-3252-4650-A17E-498B223BD039}.Release|iPhone.Build.0 = Release|Any CPU
		{A92BE3F1-3252-4650-A17E-498B223BD039}.Release|iPhoneSimulator.ActiveCfg = Release|Any CPU
		{A92BE3F1-3252-4650-A17E-498B223BD039}.Release|iPhoneSimulator.Build.0 = Release|Any CPU
		{A92BE3F1-3252-4650-A17E-498B223BD039}.Release|x64.ActiveCfg = Release|Any CPU
		{A92BE3F1-3252-4650-A17E-498B223BD039}.Release|x64.Build.0 = Release|Any CPU
		{A92BE3F1-3252-4650-A17E-498B223BD039}.Release|x86.ActiveCfg = Release|Any CPU
		{A92BE3F1-3252-4650-A17E-498B223BD039}.Release|x86.Build.0 = Release|Any CPU
		{A92BE3F1-3252-4650-A17E-498B223BD039}.Debug|Mac.ActiveCfg = Debug|Any CPU
		{A92BE3F1-3252-4650-A17E-498B223BD039}.Debug|Mac.Build.0 = Debug|Any CPU
		{0CAA3B62-12E0-4418-8E32-95AEECA0AF97}.Debug|Any CPU.ActiveCfg = Debug|Any CPU
		{0CAA3B62-12E0-4418-8E32-95AEECA0AF97}.Debug|Any CPU.Build.0 = Debug|Any CPU
		{0CAA3B62-12E0-4418-8E32-95AEECA0AF97}.Debug|ARM.ActiveCfg = Debug|Any CPU
		{0CAA3B62-12E0-4418-8E32-95AEECA0AF97}.Debug|ARM.Build.0 = Debug|Any CPU
		{0CAA3B62-12E0-4418-8E32-95AEECA0AF97}.Debug|ARM64.ActiveCfg = Debug|Any CPU
		{0CAA3B62-12E0-4418-8E32-95AEECA0AF97}.Debug|ARM64.Build.0 = Debug|Any CPU
		{0CAA3B62-12E0-4418-8E32-95AEECA0AF97}.Debug|iPhone.ActiveCfg = Debug|Any CPU
		{0CAA3B62-12E0-4418-8E32-95AEECA0AF97}.Debug|iPhone.Build.0 = Debug|Any CPU
		{0CAA3B62-12E0-4418-8E32-95AEECA0AF97}.Debug|iPhoneSimulator.ActiveCfg = Debug|Any CPU
		{0CAA3B62-12E0-4418-8E32-95AEECA0AF97}.Debug|iPhoneSimulator.Build.0 = Debug|Any CPU
		{0CAA3B62-12E0-4418-8E32-95AEECA0AF97}.Debug|x64.ActiveCfg = Debug|Any CPU
		{0CAA3B62-12E0-4418-8E32-95AEECA0AF97}.Debug|x64.Build.0 = Debug|Any CPU
		{0CAA3B62-12E0-4418-8E32-95AEECA0AF97}.Debug|x86.ActiveCfg = Debug|Any CPU
		{0CAA3B62-12E0-4418-8E32-95AEECA0AF97}.Debug|x86.Build.0 = Debug|Any CPU
		{0CAA3B62-12E0-4418-8E32-95AEECA0AF97}.Release|Any CPU.ActiveCfg = Release|Any CPU
		{0CAA3B62-12E0-4418-8E32-95AEECA0AF97}.Release|Any CPU.Build.0 = Release|Any CPU
		{0CAA3B62-12E0-4418-8E32-95AEECA0AF97}.Release|ARM.ActiveCfg = Release|Any CPU
		{0CAA3B62-12E0-4418-8E32-95AEECA0AF97}.Release|ARM.Build.0 = Release|Any CPU
		{0CAA3B62-12E0-4418-8E32-95AEECA0AF97}.Release|ARM64.ActiveCfg = Release|Any CPU
		{0CAA3B62-12E0-4418-8E32-95AEECA0AF97}.Release|ARM64.Build.0 = Release|Any CPU
		{0CAA3B62-12E0-4418-8E32-95AEECA0AF97}.Release|iPhone.ActiveCfg = Release|Any CPU
		{0CAA3B62-12E0-4418-8E32-95AEECA0AF97}.Release|iPhone.Build.0 = Release|Any CPU
		{0CAA3B62-12E0-4418-8E32-95AEECA0AF97}.Release|iPhoneSimulator.ActiveCfg = Release|Any CPU
		{0CAA3B62-12E0-4418-8E32-95AEECA0AF97}.Release|iPhoneSimulator.Build.0 = Release|Any CPU
		{0CAA3B62-12E0-4418-8E32-95AEECA0AF97}.Release|x64.ActiveCfg = Release|Any CPU
		{0CAA3B62-12E0-4418-8E32-95AEECA0AF97}.Release|x64.Build.0 = Release|Any CPU
		{0CAA3B62-12E0-4418-8E32-95AEECA0AF97}.Release|x86.ActiveCfg = Release|Any CPU
		{0CAA3B62-12E0-4418-8E32-95AEECA0AF97}.Release|x86.Build.0 = Release|Any CPU
		{0CAA3B62-12E0-4418-8E32-95AEECA0AF97}.Debug|Mac.ActiveCfg = Debug|Any CPU
		{0CAA3B62-12E0-4418-8E32-95AEECA0AF97}.Debug|Mac.Build.0 = Debug|Any CPU
		{82E985DD-96F7-4069-87F6-46D5AFE3CE6F}.Debug|Any CPU.ActiveCfg = Debug|Any CPU
		{82E985DD-96F7-4069-87F6-46D5AFE3CE6F}.Debug|Any CPU.Build.0 = Debug|Any CPU
		{82E985DD-96F7-4069-87F6-46D5AFE3CE6F}.Debug|ARM.ActiveCfg = Debug|Any CPU
		{82E985DD-96F7-4069-87F6-46D5AFE3CE6F}.Debug|ARM.Build.0 = Debug|Any CPU
		{82E985DD-96F7-4069-87F6-46D5AFE3CE6F}.Debug|ARM64.ActiveCfg = Debug|Any CPU
		{82E985DD-96F7-4069-87F6-46D5AFE3CE6F}.Debug|ARM64.Build.0 = Debug|Any CPU
		{82E985DD-96F7-4069-87F6-46D5AFE3CE6F}.Debug|iPhone.ActiveCfg = Debug|Any CPU
		{82E985DD-96F7-4069-87F6-46D5AFE3CE6F}.Debug|iPhone.Build.0 = Debug|Any CPU
		{82E985DD-96F7-4069-87F6-46D5AFE3CE6F}.Debug|iPhoneSimulator.ActiveCfg = Debug|Any CPU
		{82E985DD-96F7-4069-87F6-46D5AFE3CE6F}.Debug|iPhoneSimulator.Build.0 = Debug|Any CPU
		{82E985DD-96F7-4069-87F6-46D5AFE3CE6F}.Debug|x64.ActiveCfg = Debug|Any CPU
		{82E985DD-96F7-4069-87F6-46D5AFE3CE6F}.Debug|x64.Build.0 = Debug|Any CPU
		{82E985DD-96F7-4069-87F6-46D5AFE3CE6F}.Debug|x86.ActiveCfg = Debug|Any CPU
		{82E985DD-96F7-4069-87F6-46D5AFE3CE6F}.Debug|x86.Build.0 = Debug|Any CPU
		{82E985DD-96F7-4069-87F6-46D5AFE3CE6F}.Release|Any CPU.ActiveCfg = Release|Any CPU
		{82E985DD-96F7-4069-87F6-46D5AFE3CE6F}.Release|Any CPU.Build.0 = Release|Any CPU
		{82E985DD-96F7-4069-87F6-46D5AFE3CE6F}.Release|ARM.ActiveCfg = Release|Any CPU
		{82E985DD-96F7-4069-87F6-46D5AFE3CE6F}.Release|ARM.Build.0 = Release|Any CPU
		{82E985DD-96F7-4069-87F6-46D5AFE3CE6F}.Release|ARM64.ActiveCfg = Release|Any CPU
		{82E985DD-96F7-4069-87F6-46D5AFE3CE6F}.Release|ARM64.Build.0 = Release|Any CPU
		{82E985DD-96F7-4069-87F6-46D5AFE3CE6F}.Release|iPhone.ActiveCfg = Release|Any CPU
		{82E985DD-96F7-4069-87F6-46D5AFE3CE6F}.Release|iPhone.Build.0 = Release|Any CPU
		{82E985DD-96F7-4069-87F6-46D5AFE3CE6F}.Release|iPhoneSimulator.ActiveCfg = Release|Any CPU
		{82E985DD-96F7-4069-87F6-46D5AFE3CE6F}.Release|iPhoneSimulator.Build.0 = Release|Any CPU
		{82E985DD-96F7-4069-87F6-46D5AFE3CE6F}.Release|x64.ActiveCfg = Release|Any CPU
		{82E985DD-96F7-4069-87F6-46D5AFE3CE6F}.Release|x64.Build.0 = Release|Any CPU
		{82E985DD-96F7-4069-87F6-46D5AFE3CE6F}.Release|x86.ActiveCfg = Release|Any CPU
		{82E985DD-96F7-4069-87F6-46D5AFE3CE6F}.Release|x86.Build.0 = Release|Any CPU
		{82E985DD-96F7-4069-87F6-46D5AFE3CE6F}.Debug|Mac.ActiveCfg = Debug|Any CPU
		{82E985DD-96F7-4069-87F6-46D5AFE3CE6F}.Debug|Mac.Build.0 = Debug|Any CPU
		{0CC840EB-6362-44E7-95FE-22602ABDDC8B}.Debug|Any CPU.ActiveCfg = Debug|Any CPU
		{0CC840EB-6362-44E7-95FE-22602ABDDC8B}.Debug|Any CPU.Build.0 = Debug|Any CPU
		{0CC840EB-6362-44E7-95FE-22602ABDDC8B}.Debug|ARM.ActiveCfg = Debug|Any CPU
		{0CC840EB-6362-44E7-95FE-22602ABDDC8B}.Debug|ARM.Build.0 = Debug|Any CPU
		{0CC840EB-6362-44E7-95FE-22602ABDDC8B}.Debug|ARM64.ActiveCfg = Debug|Any CPU
		{0CC840EB-6362-44E7-95FE-22602ABDDC8B}.Debug|ARM64.Build.0 = Debug|Any CPU
		{0CC840EB-6362-44E7-95FE-22602ABDDC8B}.Debug|iPhone.ActiveCfg = Debug|Any CPU
		{0CC840EB-6362-44E7-95FE-22602ABDDC8B}.Debug|iPhone.Build.0 = Debug|Any CPU
		{0CC840EB-6362-44E7-95FE-22602ABDDC8B}.Debug|iPhoneSimulator.ActiveCfg = Debug|Any CPU
		{0CC840EB-6362-44E7-95FE-22602ABDDC8B}.Debug|iPhoneSimulator.Build.0 = Debug|Any CPU
		{0CC840EB-6362-44E7-95FE-22602ABDDC8B}.Debug|x64.ActiveCfg = Debug|Any CPU
		{0CC840EB-6362-44E7-95FE-22602ABDDC8B}.Debug|x64.Build.0 = Debug|Any CPU
		{0CC840EB-6362-44E7-95FE-22602ABDDC8B}.Debug|x86.ActiveCfg = Debug|Any CPU
		{0CC840EB-6362-44E7-95FE-22602ABDDC8B}.Debug|x86.Build.0 = Debug|Any CPU
		{0CC840EB-6362-44E7-95FE-22602ABDDC8B}.Release|Any CPU.ActiveCfg = Release|Any CPU
		{0CC840EB-6362-44E7-95FE-22602ABDDC8B}.Release|Any CPU.Build.0 = Release|Any CPU
		{0CC840EB-6362-44E7-95FE-22602ABDDC8B}.Release|ARM.ActiveCfg = Release|Any CPU
		{0CC840EB-6362-44E7-95FE-22602ABDDC8B}.Release|ARM.Build.0 = Release|Any CPU
		{0CC840EB-6362-44E7-95FE-22602ABDDC8B}.Release|ARM64.ActiveCfg = Release|Any CPU
		{0CC840EB-6362-44E7-95FE-22602ABDDC8B}.Release|ARM64.Build.0 = Release|Any CPU
		{0CC840EB-6362-44E7-95FE-22602ABDDC8B}.Release|iPhone.ActiveCfg = Release|Any CPU
		{0CC840EB-6362-44E7-95FE-22602ABDDC8B}.Release|iPhone.Build.0 = Release|Any CPU
		{0CC840EB-6362-44E7-95FE-22602ABDDC8B}.Release|iPhoneSimulator.ActiveCfg = Release|Any CPU
		{0CC840EB-6362-44E7-95FE-22602ABDDC8B}.Release|iPhoneSimulator.Build.0 = Release|Any CPU
		{0CC840EB-6362-44E7-95FE-22602ABDDC8B}.Release|x64.ActiveCfg = Release|Any CPU
		{0CC840EB-6362-44E7-95FE-22602ABDDC8B}.Release|x64.Build.0 = Release|Any CPU
		{0CC840EB-6362-44E7-95FE-22602ABDDC8B}.Release|x86.ActiveCfg = Release|Any CPU
		{0CC840EB-6362-44E7-95FE-22602ABDDC8B}.Release|x86.Build.0 = Release|Any CPU
		{0CC840EB-6362-44E7-95FE-22602ABDDC8B}.Debug|Mac.ActiveCfg = Debug|Any CPU
		{0CC840EB-6362-44E7-95FE-22602ABDDC8B}.Debug|Mac.Build.0 = Debug|Any CPU
		{05EE68EB-2F0B-4AFB-A9CD-14D8DF05BA43}.Debug|Any CPU.ActiveCfg = Debug|Any CPU
		{05EE68EB-2F0B-4AFB-A9CD-14D8DF05BA43}.Debug|Any CPU.Build.0 = Debug|Any CPU
		{05EE68EB-2F0B-4AFB-A9CD-14D8DF05BA43}.Debug|ARM.ActiveCfg = Debug|Any CPU
		{05EE68EB-2F0B-4AFB-A9CD-14D8DF05BA43}.Debug|ARM.Build.0 = Debug|Any CPU
		{05EE68EB-2F0B-4AFB-A9CD-14D8DF05BA43}.Debug|ARM64.ActiveCfg = Debug|Any CPU
		{05EE68EB-2F0B-4AFB-A9CD-14D8DF05BA43}.Debug|ARM64.Build.0 = Debug|Any CPU
		{05EE68EB-2F0B-4AFB-A9CD-14D8DF05BA43}.Debug|iPhone.ActiveCfg = Debug|Any CPU
		{05EE68EB-2F0B-4AFB-A9CD-14D8DF05BA43}.Debug|iPhone.Build.0 = Debug|Any CPU
		{05EE68EB-2F0B-4AFB-A9CD-14D8DF05BA43}.Debug|iPhoneSimulator.ActiveCfg = Debug|Any CPU
		{05EE68EB-2F0B-4AFB-A9CD-14D8DF05BA43}.Debug|iPhoneSimulator.Build.0 = Debug|Any CPU
		{05EE68EB-2F0B-4AFB-A9CD-14D8DF05BA43}.Debug|x64.ActiveCfg = Debug|Any CPU
		{05EE68EB-2F0B-4AFB-A9CD-14D8DF05BA43}.Debug|x64.Build.0 = Debug|Any CPU
		{05EE68EB-2F0B-4AFB-A9CD-14D8DF05BA43}.Debug|x86.ActiveCfg = Debug|Any CPU
		{05EE68EB-2F0B-4AFB-A9CD-14D8DF05BA43}.Debug|x86.Build.0 = Debug|Any CPU
		{05EE68EB-2F0B-4AFB-A9CD-14D8DF05BA43}.Release|Any CPU.ActiveCfg = Release|Any CPU
		{05EE68EB-2F0B-4AFB-A9CD-14D8DF05BA43}.Release|Any CPU.Build.0 = Release|Any CPU
		{05EE68EB-2F0B-4AFB-A9CD-14D8DF05BA43}.Release|ARM.ActiveCfg = Release|Any CPU
		{05EE68EB-2F0B-4AFB-A9CD-14D8DF05BA43}.Release|ARM.Build.0 = Release|Any CPU
		{05EE68EB-2F0B-4AFB-A9CD-14D8DF05BA43}.Release|ARM64.ActiveCfg = Release|Any CPU
		{05EE68EB-2F0B-4AFB-A9CD-14D8DF05BA43}.Release|ARM64.Build.0 = Release|Any CPU
		{05EE68EB-2F0B-4AFB-A9CD-14D8DF05BA43}.Release|iPhone.ActiveCfg = Release|Any CPU
		{05EE68EB-2F0B-4AFB-A9CD-14D8DF05BA43}.Release|iPhone.Build.0 = Release|Any CPU
		{05EE68EB-2F0B-4AFB-A9CD-14D8DF05BA43}.Release|iPhoneSimulator.ActiveCfg = Release|Any CPU
		{05EE68EB-2F0B-4AFB-A9CD-14D8DF05BA43}.Release|iPhoneSimulator.Build.0 = Release|Any CPU
		{05EE68EB-2F0B-4AFB-A9CD-14D8DF05BA43}.Release|x64.ActiveCfg = Release|Any CPU
		{05EE68EB-2F0B-4AFB-A9CD-14D8DF05BA43}.Release|x64.Build.0 = Release|Any CPU
		{05EE68EB-2F0B-4AFB-A9CD-14D8DF05BA43}.Release|x86.ActiveCfg = Release|Any CPU
		{05EE68EB-2F0B-4AFB-A9CD-14D8DF05BA43}.Release|x86.Build.0 = Release|Any CPU
		{05EE68EB-2F0B-4AFB-A9CD-14D8DF05BA43}.Debug|Mac.ActiveCfg = Debug|Any CPU
		{05EE68EB-2F0B-4AFB-A9CD-14D8DF05BA43}.Debug|Mac.Build.0 = Debug|Any CPU
		{B119868B-EA58-45C8-89B2-0693D3395D31}.Debug|Any CPU.ActiveCfg = Debug|Any CPU
		{B119868B-EA58-45C8-89B2-0693D3395D31}.Debug|Any CPU.Build.0 = Debug|Any CPU
		{B119868B-EA58-45C8-89B2-0693D3395D31}.Debug|ARM.ActiveCfg = Debug|Any CPU
		{B119868B-EA58-45C8-89B2-0693D3395D31}.Debug|ARM.Build.0 = Debug|Any CPU
		{B119868B-EA58-45C8-89B2-0693D3395D31}.Debug|ARM64.ActiveCfg = Debug|Any CPU
		{B119868B-EA58-45C8-89B2-0693D3395D31}.Debug|ARM64.Build.0 = Debug|Any CPU
		{B119868B-EA58-45C8-89B2-0693D3395D31}.Debug|iPhone.ActiveCfg = Debug|Any CPU
		{B119868B-EA58-45C8-89B2-0693D3395D31}.Debug|iPhone.Build.0 = Debug|Any CPU
		{B119868B-EA58-45C8-89B2-0693D3395D31}.Debug|iPhoneSimulator.ActiveCfg = Debug|Any CPU
		{B119868B-EA58-45C8-89B2-0693D3395D31}.Debug|iPhoneSimulator.Build.0 = Debug|Any CPU
		{B119868B-EA58-45C8-89B2-0693D3395D31}.Debug|x64.ActiveCfg = Debug|Any CPU
		{B119868B-EA58-45C8-89B2-0693D3395D31}.Debug|x64.Build.0 = Debug|Any CPU
		{B119868B-EA58-45C8-89B2-0693D3395D31}.Debug|x86.ActiveCfg = Debug|Any CPU
		{B119868B-EA58-45C8-89B2-0693D3395D31}.Debug|x86.Build.0 = Debug|Any CPU
		{B119868B-EA58-45C8-89B2-0693D3395D31}.Release|Any CPU.ActiveCfg = Release|Any CPU
		{B119868B-EA58-45C8-89B2-0693D3395D31}.Release|Any CPU.Build.0 = Release|Any CPU
		{B119868B-EA58-45C8-89B2-0693D3395D31}.Release|ARM.ActiveCfg = Release|Any CPU
		{B119868B-EA58-45C8-89B2-0693D3395D31}.Release|ARM.Build.0 = Release|Any CPU
		{B119868B-EA58-45C8-89B2-0693D3395D31}.Release|ARM64.ActiveCfg = Release|Any CPU
		{B119868B-EA58-45C8-89B2-0693D3395D31}.Release|ARM64.Build.0 = Release|Any CPU
		{B119868B-EA58-45C8-89B2-0693D3395D31}.Release|iPhone.ActiveCfg = Release|Any CPU
		{B119868B-EA58-45C8-89B2-0693D3395D31}.Release|iPhone.Build.0 = Release|Any CPU
		{B119868B-EA58-45C8-89B2-0693D3395D31}.Release|iPhoneSimulator.ActiveCfg = Release|Any CPU
		{B119868B-EA58-45C8-89B2-0693D3395D31}.Release|iPhoneSimulator.Build.0 = Release|Any CPU
		{B119868B-EA58-45C8-89B2-0693D3395D31}.Release|x64.ActiveCfg = Release|Any CPU
		{B119868B-EA58-45C8-89B2-0693D3395D31}.Release|x64.Build.0 = Release|Any CPU
		{B119868B-EA58-45C8-89B2-0693D3395D31}.Release|x86.ActiveCfg = Release|Any CPU
		{B119868B-EA58-45C8-89B2-0693D3395D31}.Release|x86.Build.0 = Release|Any CPU
		{B119868B-EA58-45C8-89B2-0693D3395D31}.Debug|Mac.ActiveCfg = Debug|Any CPU
		{B119868B-EA58-45C8-89B2-0693D3395D31}.Debug|Mac.Build.0 = Debug|Any CPU
		{1C406FF2-4C76-4F63-88A8-6432472C484E}.Debug|Any CPU.ActiveCfg = Debug|Any CPU
		{1C406FF2-4C76-4F63-88A8-6432472C484E}.Debug|Any CPU.Build.0 = Debug|Any CPU
		{1C406FF2-4C76-4F63-88A8-6432472C484E}.Debug|Any CPU.Deploy.0 = Debug|Any CPU
		{1C406FF2-4C76-4F63-88A8-6432472C484E}.Debug|ARM.ActiveCfg = Debug|Any CPU
		{1C406FF2-4C76-4F63-88A8-6432472C484E}.Debug|ARM.Build.0 = Debug|Any CPU
		{1C406FF2-4C76-4F63-88A8-6432472C484E}.Debug|ARM.Deploy.0 = Debug|Any CPU
		{1C406FF2-4C76-4F63-88A8-6432472C484E}.Debug|ARM64.ActiveCfg = Debug|Any CPU
		{1C406FF2-4C76-4F63-88A8-6432472C484E}.Debug|ARM64.Build.0 = Debug|Any CPU
		{1C406FF2-4C76-4F63-88A8-6432472C484E}.Debug|ARM64.Deploy.0 = Debug|Any CPU
		{1C406FF2-4C76-4F63-88A8-6432472C484E}.Debug|iPhone.ActiveCfg = Debug|Any CPU
		{1C406FF2-4C76-4F63-88A8-6432472C484E}.Debug|iPhone.Build.0 = Debug|Any CPU
		{1C406FF2-4C76-4F63-88A8-6432472C484E}.Debug|iPhone.Deploy.0 = Debug|Any CPU
		{1C406FF2-4C76-4F63-88A8-6432472C484E}.Debug|iPhoneSimulator.ActiveCfg = Debug|Any CPU
		{1C406FF2-4C76-4F63-88A8-6432472C484E}.Debug|iPhoneSimulator.Build.0 = Debug|Any CPU
		{1C406FF2-4C76-4F63-88A8-6432472C484E}.Debug|iPhoneSimulator.Deploy.0 = Debug|Any CPU
		{1C406FF2-4C76-4F63-88A8-6432472C484E}.Debug|x64.ActiveCfg = Debug|Any CPU
		{1C406FF2-4C76-4F63-88A8-6432472C484E}.Debug|x64.Build.0 = Debug|Any CPU
		{1C406FF2-4C76-4F63-88A8-6432472C484E}.Debug|x64.Deploy.0 = Debug|Any CPU
		{1C406FF2-4C76-4F63-88A8-6432472C484E}.Debug|x86.ActiveCfg = Debug|Any CPU
		{1C406FF2-4C76-4F63-88A8-6432472C484E}.Debug|x86.Build.0 = Debug|Any CPU
		{1C406FF2-4C76-4F63-88A8-6432472C484E}.Debug|x86.Deploy.0 = Debug|Any CPU
		{1C406FF2-4C76-4F63-88A8-6432472C484E}.Release|Any CPU.ActiveCfg = Release|Any CPU
		{1C406FF2-4C76-4F63-88A8-6432472C484E}.Release|Any CPU.Build.0 = Release|Any CPU
		{1C406FF2-4C76-4F63-88A8-6432472C484E}.Release|Any CPU.Deploy.0 = Release|Any CPU
		{1C406FF2-4C76-4F63-88A8-6432472C484E}.Release|ARM.ActiveCfg = Release|Any CPU
		{1C406FF2-4C76-4F63-88A8-6432472C484E}.Release|ARM.Build.0 = Release|Any CPU
		{1C406FF2-4C76-4F63-88A8-6432472C484E}.Release|ARM.Deploy.0 = Release|Any CPU
		{1C406FF2-4C76-4F63-88A8-6432472C484E}.Release|ARM64.ActiveCfg = Release|Any CPU
		{1C406FF2-4C76-4F63-88A8-6432472C484E}.Release|ARM64.Build.0 = Release|Any CPU
		{1C406FF2-4C76-4F63-88A8-6432472C484E}.Release|ARM64.Deploy.0 = Release|Any CPU
		{1C406FF2-4C76-4F63-88A8-6432472C484E}.Release|iPhone.ActiveCfg = Release|Any CPU
		{1C406FF2-4C76-4F63-88A8-6432472C484E}.Release|iPhone.Build.0 = Release|Any CPU
		{1C406FF2-4C76-4F63-88A8-6432472C484E}.Release|iPhone.Deploy.0 = Release|Any CPU
		{1C406FF2-4C76-4F63-88A8-6432472C484E}.Release|iPhoneSimulator.ActiveCfg = Release|Any CPU
		{1C406FF2-4C76-4F63-88A8-6432472C484E}.Release|iPhoneSimulator.Build.0 = Release|Any CPU
		{1C406FF2-4C76-4F63-88A8-6432472C484E}.Release|iPhoneSimulator.Deploy.0 = Release|Any CPU
		{1C406FF2-4C76-4F63-88A8-6432472C484E}.Release|x64.ActiveCfg = Release|Any CPU
		{1C406FF2-4C76-4F63-88A8-6432472C484E}.Release|x64.Build.0 = Release|Any CPU
		{1C406FF2-4C76-4F63-88A8-6432472C484E}.Release|x64.Deploy.0 = Release|Any CPU
		{1C406FF2-4C76-4F63-88A8-6432472C484E}.Release|x86.ActiveCfg = Release|Any CPU
		{1C406FF2-4C76-4F63-88A8-6432472C484E}.Release|x86.Build.0 = Release|Any CPU
		{1C406FF2-4C76-4F63-88A8-6432472C484E}.Release|x86.Deploy.0 = Release|Any CPU
		{1C406FF2-4C76-4F63-88A8-6432472C484E}.Debug|Mac.ActiveCfg = Debug|Any CPU
		{1C406FF2-4C76-4F63-88A8-6432472C484E}.Debug|Mac.Build.0 = Debug|Any CPU
		{1C406FF2-4C76-4F63-88A8-6432472C484E}.Debug|Mac.Deploy.0 = Debug|Any CPU
		{8C746DED-980F-4DDC-AA1F-A52D455713F7}.Debug|Any CPU.ActiveCfg = Debug|Any CPU
		{8C746DED-980F-4DDC-AA1F-A52D455713F7}.Debug|Any CPU.Build.0 = Debug|Any CPU
		{8C746DED-980F-4DDC-AA1F-A52D455713F7}.Debug|ARM.ActiveCfg = Debug|Any CPU
		{8C746DED-980F-4DDC-AA1F-A52D455713F7}.Debug|ARM.Build.0 = Debug|Any CPU
		{8C746DED-980F-4DDC-AA1F-A52D455713F7}.Debug|ARM64.ActiveCfg = Debug|Any CPU
		{8C746DED-980F-4DDC-AA1F-A52D455713F7}.Debug|ARM64.Build.0 = Debug|Any CPU
		{8C746DED-980F-4DDC-AA1F-A52D455713F7}.Debug|iPhone.ActiveCfg = Debug|Any CPU
		{8C746DED-980F-4DDC-AA1F-A52D455713F7}.Debug|iPhone.Build.0 = Debug|Any CPU
		{8C746DED-980F-4DDC-AA1F-A52D455713F7}.Debug|iPhoneSimulator.ActiveCfg = Debug|Any CPU
		{8C746DED-980F-4DDC-AA1F-A52D455713F7}.Debug|iPhoneSimulator.Build.0 = Debug|Any CPU
		{8C746DED-980F-4DDC-AA1F-A52D455713F7}.Debug|x64.ActiveCfg = Debug|Any CPU
		{8C746DED-980F-4DDC-AA1F-A52D455713F7}.Debug|x64.Build.0 = Debug|Any CPU
		{8C746DED-980F-4DDC-AA1F-A52D455713F7}.Debug|x86.ActiveCfg = Debug|Any CPU
		{8C746DED-980F-4DDC-AA1F-A52D455713F7}.Debug|x86.Build.0 = Debug|Any CPU
		{8C746DED-980F-4DDC-AA1F-A52D455713F7}.Release|Any CPU.ActiveCfg = Release|Any CPU
		{8C746DED-980F-4DDC-AA1F-A52D455713F7}.Release|Any CPU.Build.0 = Release|Any CPU
		{8C746DED-980F-4DDC-AA1F-A52D455713F7}.Release|ARM.ActiveCfg = Release|Any CPU
		{8C746DED-980F-4DDC-AA1F-A52D455713F7}.Release|ARM.Build.0 = Release|Any CPU
		{8C746DED-980F-4DDC-AA1F-A52D455713F7}.Release|ARM64.ActiveCfg = Release|Any CPU
		{8C746DED-980F-4DDC-AA1F-A52D455713F7}.Release|ARM64.Build.0 = Release|Any CPU
		{8C746DED-980F-4DDC-AA1F-A52D455713F7}.Release|iPhone.ActiveCfg = Release|Any CPU
		{8C746DED-980F-4DDC-AA1F-A52D455713F7}.Release|iPhone.Build.0 = Release|Any CPU
		{8C746DED-980F-4DDC-AA1F-A52D455713F7}.Release|iPhoneSimulator.ActiveCfg = Release|Any CPU
		{8C746DED-980F-4DDC-AA1F-A52D455713F7}.Release|iPhoneSimulator.Build.0 = Release|Any CPU
		{8C746DED-980F-4DDC-AA1F-A52D455713F7}.Release|x64.ActiveCfg = Release|Any CPU
		{8C746DED-980F-4DDC-AA1F-A52D455713F7}.Release|x64.Build.0 = Release|Any CPU
		{8C746DED-980F-4DDC-AA1F-A52D455713F7}.Release|x86.ActiveCfg = Release|Any CPU
		{8C746DED-980F-4DDC-AA1F-A52D455713F7}.Release|x86.Build.0 = Release|Any CPU
		{8C746DED-980F-4DDC-AA1F-A52D455713F7}.Debug|Mac.ActiveCfg = Debug|Any CPU
		{8C746DED-980F-4DDC-AA1F-A52D455713F7}.Debug|Mac.Build.0 = Debug|Any CPU
		{8FD62724-DA6A-4ADB-B5C1-629C3DDD5179}.Debug|Any CPU.ActiveCfg = Debug|Any CPU
		{8FD62724-DA6A-4ADB-B5C1-629C3DDD5179}.Debug|Any CPU.Build.0 = Debug|Any CPU
		{8FD62724-DA6A-4ADB-B5C1-629C3DDD5179}.Debug|ARM.ActiveCfg = Debug|Any CPU
		{8FD62724-DA6A-4ADB-B5C1-629C3DDD5179}.Debug|ARM.Build.0 = Debug|Any CPU
		{8FD62724-DA6A-4ADB-B5C1-629C3DDD5179}.Debug|ARM64.ActiveCfg = Debug|Any CPU
		{8FD62724-DA6A-4ADB-B5C1-629C3DDD5179}.Debug|ARM64.Build.0 = Debug|Any CPU
		{8FD62724-DA6A-4ADB-B5C1-629C3DDD5179}.Debug|iPhone.ActiveCfg = Debug|Any CPU
		{8FD62724-DA6A-4ADB-B5C1-629C3DDD5179}.Debug|iPhoneSimulator.ActiveCfg = Debug|Any CPU
		{8FD62724-DA6A-4ADB-B5C1-629C3DDD5179}.Debug|x64.ActiveCfg = Debug|Any CPU
		{8FD62724-DA6A-4ADB-B5C1-629C3DDD5179}.Debug|x64.Build.0 = Debug|Any CPU
		{8FD62724-DA6A-4ADB-B5C1-629C3DDD5179}.Debug|x86.ActiveCfg = Debug|Any CPU
		{8FD62724-DA6A-4ADB-B5C1-629C3DDD5179}.Debug|x86.Build.0 = Debug|Any CPU
		{8FD62724-DA6A-4ADB-B5C1-629C3DDD5179}.Release|Any CPU.ActiveCfg = Release|Any CPU
		{8FD62724-DA6A-4ADB-B5C1-629C3DDD5179}.Release|Any CPU.Build.0 = Release|Any CPU
		{8FD62724-DA6A-4ADB-B5C1-629C3DDD5179}.Release|ARM.ActiveCfg = Release|Any CPU
		{8FD62724-DA6A-4ADB-B5C1-629C3DDD5179}.Release|ARM.Build.0 = Release|Any CPU
		{8FD62724-DA6A-4ADB-B5C1-629C3DDD5179}.Release|ARM64.ActiveCfg = Release|Any CPU
		{8FD62724-DA6A-4ADB-B5C1-629C3DDD5179}.Release|ARM64.Build.0 = Release|Any CPU
		{8FD62724-DA6A-4ADB-B5C1-629C3DDD5179}.Release|iPhone.ActiveCfg = Release|Any CPU
		{8FD62724-DA6A-4ADB-B5C1-629C3DDD5179}.Release|iPhoneSimulator.ActiveCfg = Release|Any CPU
		{8FD62724-DA6A-4ADB-B5C1-629C3DDD5179}.Release|x64.ActiveCfg = Release|Any CPU
		{8FD62724-DA6A-4ADB-B5C1-629C3DDD5179}.Release|x64.Build.0 = Release|Any CPU
		{8FD62724-DA6A-4ADB-B5C1-629C3DDD5179}.Release|x86.ActiveCfg = Release|Any CPU
		{8FD62724-DA6A-4ADB-B5C1-629C3DDD5179}.Release|x86.Build.0 = Release|Any CPU
		{8FD62724-DA6A-4ADB-B5C1-629C3DDD5179}.Debug|Mac.ActiveCfg = Debug|Any CPU
		{8FD62724-DA6A-4ADB-B5C1-629C3DDD5179}.Debug|Mac.Build.0 = Debug|Any CPU
		{A155A8B9-45F2-4A48-B473-3D71F43CBB5B}.Debug|Any CPU.ActiveCfg = Debug|Any CPU
		{A155A8B9-45F2-4A48-B473-3D71F43CBB5B}.Debug|Any CPU.Build.0 = Debug|Any CPU
		{A155A8B9-45F2-4A48-B473-3D71F43CBB5B}.Debug|ARM.ActiveCfg = Debug|Any CPU
		{A155A8B9-45F2-4A48-B473-3D71F43CBB5B}.Debug|ARM.Build.0 = Debug|Any CPU
		{A155A8B9-45F2-4A48-B473-3D71F43CBB5B}.Debug|ARM64.ActiveCfg = Debug|Any CPU
		{A155A8B9-45F2-4A48-B473-3D71F43CBB5B}.Debug|ARM64.Build.0 = Debug|Any CPU
		{A155A8B9-45F2-4A48-B473-3D71F43CBB5B}.Debug|iPhone.ActiveCfg = Debug|Any CPU
		{A155A8B9-45F2-4A48-B473-3D71F43CBB5B}.Debug|iPhone.Build.0 = Debug|Any CPU
		{A155A8B9-45F2-4A48-B473-3D71F43CBB5B}.Debug|iPhoneSimulator.ActiveCfg = Debug|Any CPU
		{A155A8B9-45F2-4A48-B473-3D71F43CBB5B}.Debug|iPhoneSimulator.Build.0 = Debug|Any CPU
		{A155A8B9-45F2-4A48-B473-3D71F43CBB5B}.Debug|x64.ActiveCfg = Debug|Any CPU
		{A155A8B9-45F2-4A48-B473-3D71F43CBB5B}.Debug|x64.Build.0 = Debug|Any CPU
		{A155A8B9-45F2-4A48-B473-3D71F43CBB5B}.Debug|x86.ActiveCfg = Debug|Any CPU
		{A155A8B9-45F2-4A48-B473-3D71F43CBB5B}.Debug|x86.Build.0 = Debug|Any CPU
		{A155A8B9-45F2-4A48-B473-3D71F43CBB5B}.Release|Any CPU.ActiveCfg = Release|Any CPU
		{A155A8B9-45F2-4A48-B473-3D71F43CBB5B}.Release|Any CPU.Build.0 = Release|Any CPU
		{A155A8B9-45F2-4A48-B473-3D71F43CBB5B}.Release|ARM.ActiveCfg = Release|Any CPU
		{A155A8B9-45F2-4A48-B473-3D71F43CBB5B}.Release|ARM.Build.0 = Release|Any CPU
		{A155A8B9-45F2-4A48-B473-3D71F43CBB5B}.Release|ARM64.ActiveCfg = Release|Any CPU
		{A155A8B9-45F2-4A48-B473-3D71F43CBB5B}.Release|ARM64.Build.0 = Release|Any CPU
		{A155A8B9-45F2-4A48-B473-3D71F43CBB5B}.Release|iPhone.ActiveCfg = Release|Any CPU
		{A155A8B9-45F2-4A48-B473-3D71F43CBB5B}.Release|iPhone.Build.0 = Release|Any CPU
		{A155A8B9-45F2-4A48-B473-3D71F43CBB5B}.Release|iPhoneSimulator.ActiveCfg = Release|Any CPU
		{A155A8B9-45F2-4A48-B473-3D71F43CBB5B}.Release|iPhoneSimulator.Build.0 = Release|Any CPU
		{A155A8B9-45F2-4A48-B473-3D71F43CBB5B}.Release|x64.ActiveCfg = Release|Any CPU
		{A155A8B9-45F2-4A48-B473-3D71F43CBB5B}.Release|x64.Build.0 = Release|Any CPU
		{A155A8B9-45F2-4A48-B473-3D71F43CBB5B}.Release|x86.ActiveCfg = Release|Any CPU
		{A155A8B9-45F2-4A48-B473-3D71F43CBB5B}.Release|x86.Build.0 = Release|Any CPU
		{A155A8B9-45F2-4A48-B473-3D71F43CBB5B}.Debug|Mac.ActiveCfg = Debug|Any CPU
		{A155A8B9-45F2-4A48-B473-3D71F43CBB5B}.Debug|Mac.Build.0 = Debug|Any CPU
		{E30E7FF3-CDE1-448C-938F-EA8B1464B672}.Debug|Any CPU.ActiveCfg = Debug|x86
		{E30E7FF3-CDE1-448C-938F-EA8B1464B672}.Debug|Any CPU.Build.0 = Debug|x86
		{E30E7FF3-CDE1-448C-938F-EA8B1464B672}.Debug|Any CPU.Deploy.0 = Debug|x86
		{E30E7FF3-CDE1-448C-938F-EA8B1464B672}.Debug|ARM.ActiveCfg = Debug|ARM
		{E30E7FF3-CDE1-448C-938F-EA8B1464B672}.Debug|ARM.Build.0 = Debug|ARM
		{E30E7FF3-CDE1-448C-938F-EA8B1464B672}.Debug|ARM.Deploy.0 = Debug|ARM
		{E30E7FF3-CDE1-448C-938F-EA8B1464B672}.Debug|ARM64.ActiveCfg = Debug|ARM64
		{E30E7FF3-CDE1-448C-938F-EA8B1464B672}.Debug|ARM64.Build.0 = Debug|ARM64
		{E30E7FF3-CDE1-448C-938F-EA8B1464B672}.Debug|ARM64.Deploy.0 = Debug|ARM64
		{E30E7FF3-CDE1-448C-938F-EA8B1464B672}.Debug|iPhone.ActiveCfg = Debug|x86
		{E30E7FF3-CDE1-448C-938F-EA8B1464B672}.Debug|iPhone.Build.0 = Debug|x86
		{E30E7FF3-CDE1-448C-938F-EA8B1464B672}.Debug|iPhone.Deploy.0 = Debug|x86
		{E30E7FF3-CDE1-448C-938F-EA8B1464B672}.Debug|iPhoneSimulator.ActiveCfg = Debug|x86
		{E30E7FF3-CDE1-448C-938F-EA8B1464B672}.Debug|iPhoneSimulator.Build.0 = Debug|x86
		{E30E7FF3-CDE1-448C-938F-EA8B1464B672}.Debug|iPhoneSimulator.Deploy.0 = Debug|x86
		{E30E7FF3-CDE1-448C-938F-EA8B1464B672}.Debug|x64.ActiveCfg = Debug|x64
		{E30E7FF3-CDE1-448C-938F-EA8B1464B672}.Debug|x64.Build.0 = Debug|x64
		{E30E7FF3-CDE1-448C-938F-EA8B1464B672}.Debug|x64.Deploy.0 = Debug|x64
		{E30E7FF3-CDE1-448C-938F-EA8B1464B672}.Debug|x86.ActiveCfg = Debug|x86
		{E30E7FF3-CDE1-448C-938F-EA8B1464B672}.Debug|x86.Build.0 = Debug|x86
		{E30E7FF3-CDE1-448C-938F-EA8B1464B672}.Debug|x86.Deploy.0 = Debug|x86
		{E30E7FF3-CDE1-448C-938F-EA8B1464B672}.Release|Any CPU.ActiveCfg = Release|x86
		{E30E7FF3-CDE1-448C-938F-EA8B1464B672}.Release|ARM.ActiveCfg = Release|ARM
		{E30E7FF3-CDE1-448C-938F-EA8B1464B672}.Release|ARM.Build.0 = Release|ARM
		{E30E7FF3-CDE1-448C-938F-EA8B1464B672}.Release|ARM.Deploy.0 = Release|ARM
		{E30E7FF3-CDE1-448C-938F-EA8B1464B672}.Release|ARM64.ActiveCfg = Release|ARM64
		{E30E7FF3-CDE1-448C-938F-EA8B1464B672}.Release|ARM64.Build.0 = Release|ARM64
		{E30E7FF3-CDE1-448C-938F-EA8B1464B672}.Release|ARM64.Deploy.0 = Release|ARM64
		{E30E7FF3-CDE1-448C-938F-EA8B1464B672}.Release|iPhone.ActiveCfg = Release|x86
		{E30E7FF3-CDE1-448C-938F-EA8B1464B672}.Release|iPhone.Build.0 = Release|x86
		{E30E7FF3-CDE1-448C-938F-EA8B1464B672}.Release|iPhoneSimulator.ActiveCfg = Release|x86
		{E30E7FF3-CDE1-448C-938F-EA8B1464B672}.Release|iPhoneSimulator.Build.0 = Release|x86
		{E30E7FF3-CDE1-448C-938F-EA8B1464B672}.Release|iPhoneSimulator.Deploy.0 = Release|x86
		{E30E7FF3-CDE1-448C-938F-EA8B1464B672}.Release|x64.ActiveCfg = Release|x64
		{E30E7FF3-CDE1-448C-938F-EA8B1464B672}.Release|x64.Build.0 = Release|x64
		{E30E7FF3-CDE1-448C-938F-EA8B1464B672}.Release|x64.Deploy.0 = Release|x64
		{E30E7FF3-CDE1-448C-938F-EA8B1464B672}.Release|x86.ActiveCfg = Release|x86
		{E30E7FF3-CDE1-448C-938F-EA8B1464B672}.Release|x86.Build.0 = Release|x86
		{E30E7FF3-CDE1-448C-938F-EA8B1464B672}.Release|x86.Deploy.0 = Release|x86
		{E30E7FF3-CDE1-448C-938F-EA8B1464B672}.Debug|Mac.ActiveCfg = Debug|x86
		{E30E7FF3-CDE1-448C-938F-EA8B1464B672}.Debug|Mac.Build.0 = Debug|x86
		{E30E7FF3-CDE1-448C-938F-EA8B1464B672}.Debug|Mac.Deploy.0 = Debug|x86
		{EBFFE54A-AFC2-4EF7-B69D-FDF8F6421C5D}.Debug|Any CPU.ActiveCfg = Debug|Any CPU
		{EBFFE54A-AFC2-4EF7-B69D-FDF8F6421C5D}.Debug|Any CPU.Build.0 = Debug|Any CPU
		{EBFFE54A-AFC2-4EF7-B69D-FDF8F6421C5D}.Debug|ARM.ActiveCfg = Debug|Any CPU
		{EBFFE54A-AFC2-4EF7-B69D-FDF8F6421C5D}.Debug|ARM.Build.0 = Debug|Any CPU
		{EBFFE54A-AFC2-4EF7-B69D-FDF8F6421C5D}.Debug|ARM64.ActiveCfg = Debug|Any CPU
		{EBFFE54A-AFC2-4EF7-B69D-FDF8F6421C5D}.Debug|ARM64.Build.0 = Debug|Any CPU
		{EBFFE54A-AFC2-4EF7-B69D-FDF8F6421C5D}.Debug|iPhone.ActiveCfg = Debug|Any CPU
		{EBFFE54A-AFC2-4EF7-B69D-FDF8F6421C5D}.Debug|iPhone.Build.0 = Debug|Any CPU
		{EBFFE54A-AFC2-4EF7-B69D-FDF8F6421C5D}.Debug|iPhoneSimulator.ActiveCfg = Debug|Any CPU
		{EBFFE54A-AFC2-4EF7-B69D-FDF8F6421C5D}.Debug|iPhoneSimulator.Build.0 = Debug|Any CPU
		{EBFFE54A-AFC2-4EF7-B69D-FDF8F6421C5D}.Debug|x64.ActiveCfg = Debug|Any CPU
		{EBFFE54A-AFC2-4EF7-B69D-FDF8F6421C5D}.Debug|x64.Build.0 = Debug|Any CPU
		{EBFFE54A-AFC2-4EF7-B69D-FDF8F6421C5D}.Debug|x86.ActiveCfg = Debug|Any CPU
		{EBFFE54A-AFC2-4EF7-B69D-FDF8F6421C5D}.Debug|x86.Build.0 = Debug|Any CPU
		{EBFFE54A-AFC2-4EF7-B69D-FDF8F6421C5D}.Release|Any CPU.ActiveCfg = Release|Any CPU
		{EBFFE54A-AFC2-4EF7-B69D-FDF8F6421C5D}.Release|Any CPU.Build.0 = Release|Any CPU
		{EBFFE54A-AFC2-4EF7-B69D-FDF8F6421C5D}.Release|ARM.ActiveCfg = Release|Any CPU
		{EBFFE54A-AFC2-4EF7-B69D-FDF8F6421C5D}.Release|ARM.Build.0 = Release|Any CPU
		{EBFFE54A-AFC2-4EF7-B69D-FDF8F6421C5D}.Release|ARM64.ActiveCfg = Release|Any CPU
		{EBFFE54A-AFC2-4EF7-B69D-FDF8F6421C5D}.Release|ARM64.Build.0 = Release|Any CPU
		{EBFFE54A-AFC2-4EF7-B69D-FDF8F6421C5D}.Release|iPhone.ActiveCfg = Release|Any CPU
		{EBFFE54A-AFC2-4EF7-B69D-FDF8F6421C5D}.Release|iPhone.Build.0 = Release|Any CPU
		{EBFFE54A-AFC2-4EF7-B69D-FDF8F6421C5D}.Release|iPhoneSimulator.ActiveCfg = Release|Any CPU
		{EBFFE54A-AFC2-4EF7-B69D-FDF8F6421C5D}.Release|iPhoneSimulator.Build.0 = Release|Any CPU
		{EBFFE54A-AFC2-4EF7-B69D-FDF8F6421C5D}.Release|x64.ActiveCfg = Release|Any CPU
		{EBFFE54A-AFC2-4EF7-B69D-FDF8F6421C5D}.Release|x64.Build.0 = Release|Any CPU
		{EBFFE54A-AFC2-4EF7-B69D-FDF8F6421C5D}.Release|x86.ActiveCfg = Release|Any CPU
		{EBFFE54A-AFC2-4EF7-B69D-FDF8F6421C5D}.Release|x86.Build.0 = Release|Any CPU
		{EBFFE54A-AFC2-4EF7-B69D-FDF8F6421C5D}.Debug|Mac.ActiveCfg = Debug|Any CPU
		{EBFFE54A-AFC2-4EF7-B69D-FDF8F6421C5D}.Debug|Mac.Build.0 = Debug|Any CPU
	EndGlobalSection
	GlobalSection(SolutionProperties) = preSolution
		HideSolutionNode = FALSE
	EndGlobalSection
	GlobalSection(NestedProjects) = preSolution
		{1C406FF2-4C76-4F63-88A8-6432472C484E} = {1CA6C355-7F3A-401F-BB91-4A5B371B4C16}
		{A155A8B9-45F2-4A48-B473-3D71F43CBB5B} = {1CA6C355-7F3A-401F-BB91-4A5B371B4C16}
		{E30E7FF3-CDE1-448C-938F-EA8B1464B672} = {1CA6C355-7F3A-401F-BB91-4A5B371B4C16}
	EndGlobalSection
	GlobalSection(ExtensibilityGlobals) = postSolution
		SolutionGuid = {4A2283E1-635B-4980-A603-0389637BE725}
	EndGlobalSection
	GlobalSection(SharedMSBuildProjectFiles) = preSolution
		SimpleWeather.Uno\SimpleWeather.Uno.Shared\SimpleWeather.Uno.Shared.projitems*{1c406ff2-4c76-4f63-88a8-6432472c484e}*SharedItemsImports = 5
		SimpleWeather.Uno.Extras\SimpleWeather.Uno.Extras.projitems*{1c406ff2-4c76-4f63-88a8-6432472c484e}*SharedItemsImports = 5
		SimpleWeather.Uno\SimpleWeather.Uno.Shared\SimpleWeather.Uno.Shared.projitems*{6279c845-92f8-4333-ab99-3d213163593c}*SharedItemsImports = 13
		SimpleWeather.Uno.Extras\SimpleWeather.Uno.Extras.projitems*{8fe7159f-184d-48d6-b0e0-7c49acce9703}*SharedItemsImports = 4
		SimpleWeather.Uno\SimpleWeather.Uno.Shared\SimpleWeather.Uno.Shared.projitems*{8fe7159f-184d-48d6-b0e0-7c49acce9703}*SharedItemsImports = 4
		SimpleWeather.Uno.Extras\SimpleWeather.Uno.Extras.projitems*{a155a8b9-45f2-4a48-b473-3d71f43cbb5b}*SharedItemsImports = 5
		SimpleWeather.Uno\SimpleWeather.Uno.Shared\SimpleWeather.Uno.Shared.projitems*{a155a8b9-45f2-4a48-b473-3d71f43cbb5b}*SharedItemsImports = 5
		SimpleWeather.Uno.Extras\SimpleWeather.Uno.Extras.projitems*{dcdf58d5-d7f9-4282-9957-db7ca59442ad}*SharedItemsImports = 13
	EndGlobalSection
	GlobalSection(MonoDevelopProperties) = preSolution
		Policies = $0
		$0.DotNetNamingPolicy = $1
		$1.DirectoryNamespaceAssociation = PrefixedHierarchical
		$0.StandardHeader = $2
	EndGlobalSection
EndGlobal
