
Microsoft Visual Studio Solution File, Format Version 12.00
# Visual Studio 15
VisualStudioVersion = 15.0.26430.14
MinimumVisualStudioVersion = 10.0.40219.1
Project("{D954291E-2A0B-460D-934E-DC6B0785DB48}") = "SimpleWeather", "SimpleWeather\SimpleWeather.shproj", "{3633F453-ECBB-41D1-A87D-2CC3BDD74221}"
EndProject
Project("{FAE04EC0-301F-11D3-BF4B-00C04F79EFBC}") = "SimpleWeather.Android", "SimpleWeather.Android\SimpleWeather.Android.csproj", "{1DFDD63E-A0DB-4AC0-9C61-04EEC0CE1E15}"
EndProject
Project("{FAE04EC0-301F-11D3-BF4B-00C04F79EFBC}") = "SimpleWeather.UWP", "SimpleWeather.UWP\SimpleWeather.UWP.csproj", "{552847DD-608D-4DA9-9CED-0C8416049742}"
EndProject
Global
	GlobalSection(SharedMSBuildProjectFiles) = preSolution
		SimpleWeather\SimpleWeather_Xamarin.projitems*{1dfdd63e-a0db-4ac0-9c61-04eec0ce1e15}*SharedItemsImports = 4
		SimpleWeather\SimpleWeather_Xamarin.projitems*{3633f453-ecbb-41d1-a87d-2cc3bdd74221}*SharedItemsImports = 13
		SimpleWeather\SimpleWeather_Xamarin.projitems*{552847dd-608d-4da9-9ced-0c8416049742}*SharedItemsImports = 4
	EndGlobalSection
	GlobalSection(SolutionConfigurationPlatforms) = preSolution
		Debug|Any CPU = Debug|Any CPU
		Debug|ARM = Debug|ARM
		Debug|iPhone = Debug|iPhone
		Debug|iPhoneSimulator = Debug|iPhoneSimulator
		Debug|x64 = Debug|x64
		Debug|x86 = Debug|x86
		Release|Any CPU = Release|Any CPU
		Release|ARM = Release|ARM
		Release|iPhone = Release|iPhone
		Release|iPhoneSimulator = Release|iPhoneSimulator
		Release|x64 = Release|x64
		Release|x86 = Release|x86
	EndGlobalSection
	GlobalSection(ProjectConfigurationPlatforms) = postSolution
		{1DFDD63E-A0DB-4AC0-9C61-04EEC0CE1E15}.Debug|Any CPU.ActiveCfg = Debug|Any CPU
		{1DFDD63E-A0DB-4AC0-9C61-04EEC0CE1E15}.Debug|Any CPU.Build.0 = Debug|Any CPU
		{1DFDD63E-A0DB-4AC0-9C61-04EEC0CE1E15}.Debug|Any CPU.Deploy.0 = Debug|Any CPU
		{1DFDD63E-A0DB-4AC0-9C61-04EEC0CE1E15}.Debug|ARM.ActiveCfg = Debug|Any CPU
		{1DFDD63E-A0DB-4AC0-9C61-04EEC0CE1E15}.Debug|ARM.Build.0 = Debug|Any CPU
		{1DFDD63E-A0DB-4AC0-9C61-04EEC0CE1E15}.Debug|ARM.Deploy.0 = Debug|Any CPU
		{1DFDD63E-A0DB-4AC0-9C61-04EEC0CE1E15}.Debug|iPhone.ActiveCfg = Debug|Any CPU
		{1DFDD63E-A0DB-4AC0-9C61-04EEC0CE1E15}.Debug|iPhone.Build.0 = Debug|Any CPU
		{1DFDD63E-A0DB-4AC0-9C61-04EEC0CE1E15}.Debug|iPhone.Deploy.0 = Debug|Any CPU
		{1DFDD63E-A0DB-4AC0-9C61-04EEC0CE1E15}.Debug|iPhoneSimulator.ActiveCfg = Debug|Any CPU
		{1DFDD63E-A0DB-4AC0-9C61-04EEC0CE1E15}.Debug|iPhoneSimulator.Build.0 = Debug|Any CPU
		{1DFDD63E-A0DB-4AC0-9C61-04EEC0CE1E15}.Debug|iPhoneSimulator.Deploy.0 = Debug|Any CPU
		{1DFDD63E-A0DB-4AC0-9C61-04EEC0CE1E15}.Debug|x64.ActiveCfg = Debug|Any CPU
		{1DFDD63E-A0DB-4AC0-9C61-04EEC0CE1E15}.Debug|x64.Build.0 = Debug|Any CPU
		{1DFDD63E-A0DB-4AC0-9C61-04EEC0CE1E15}.Debug|x64.Deploy.0 = Debug|Any CPU
		{1DFDD63E-A0DB-4AC0-9C61-04EEC0CE1E15}.Debug|x86.ActiveCfg = Debug|Any CPU
		{1DFDD63E-A0DB-4AC0-9C61-04EEC0CE1E15}.Debug|x86.Build.0 = Debug|Any CPU
		{1DFDD63E-A0DB-4AC0-9C61-04EEC0CE1E15}.Debug|x86.Deploy.0 = Debug|Any CPU
		{1DFDD63E-A0DB-4AC0-9C61-04EEC0CE1E15}.Release|Any CPU.ActiveCfg = Release|Any CPU
		{1DFDD63E-A0DB-4AC0-9C61-04EEC0CE1E15}.Release|Any CPU.Build.0 = Release|Any CPU
		{1DFDD63E-A0DB-4AC0-9C61-04EEC0CE1E15}.Release|Any CPU.Deploy.0 = Release|Any CPU
		{1DFDD63E-A0DB-4AC0-9C61-04EEC0CE1E15}.Release|ARM.ActiveCfg = Release|Any CPU
		{1DFDD63E-A0DB-4AC0-9C61-04EEC0CE1E15}.Release|ARM.Build.0 = Release|Any CPU
		{1DFDD63E-A0DB-4AC0-9C61-04EEC0CE1E15}.Release|ARM.Deploy.0 = Release|Any CPU
		{1DFDD63E-A0DB-4AC0-9C61-04EEC0CE1E15}.Release|iPhone.ActiveCfg = Release|Any CPU
		{1DFDD63E-A0DB-4AC0-9C61-04EEC0CE1E15}.Release|iPhone.Build.0 = Release|Any CPU
		{1DFDD63E-A0DB-4AC0-9C61-04EEC0CE1E15}.Release|iPhone.Deploy.0 = Release|Any CPU
		{1DFDD63E-A0DB-4AC0-9C61-04EEC0CE1E15}.Release|iPhoneSimulator.ActiveCfg = Release|Any CPU
		{1DFDD63E-A0DB-4AC0-9C61-04EEC0CE1E15}.Release|iPhoneSimulator.Build.0 = Release|Any CPU
		{1DFDD63E-A0DB-4AC0-9C61-04EEC0CE1E15}.Release|iPhoneSimulator.Deploy.0 = Release|Any CPU
		{1DFDD63E-A0DB-4AC0-9C61-04EEC0CE1E15}.Release|x64.ActiveCfg = Release|Any CPU
		{1DFDD63E-A0DB-4AC0-9C61-04EEC0CE1E15}.Release|x64.Build.0 = Release|Any CPU
		{1DFDD63E-A0DB-4AC0-9C61-04EEC0CE1E15}.Release|x64.Deploy.0 = Release|Any CPU
		{1DFDD63E-A0DB-4AC0-9C61-04EEC0CE1E15}.Release|x86.ActiveCfg = Release|Any CPU
		{1DFDD63E-A0DB-4AC0-9C61-04EEC0CE1E15}.Release|x86.Build.0 = Release|Any CPU
		{1DFDD63E-A0DB-4AC0-9C61-04EEC0CE1E15}.Release|x86.Deploy.0 = Release|Any CPU
		{552847DD-608D-4DA9-9CED-0C8416049742}.Debug|Any CPU.ActiveCfg = Debug|x86
		{552847DD-608D-4DA9-9CED-0C8416049742}.Debug|Any CPU.Build.0 = Debug|x86
		{552847DD-608D-4DA9-9CED-0C8416049742}.Debug|Any CPU.Deploy.0 = Debug|x86
		{552847DD-608D-4DA9-9CED-0C8416049742}.Debug|ARM.ActiveCfg = Debug|ARM
		{552847DD-608D-4DA9-9CED-0C8416049742}.Debug|ARM.Build.0 = Debug|ARM
		{552847DD-608D-4DA9-9CED-0C8416049742}.Debug|ARM.Deploy.0 = Debug|ARM
		{552847DD-608D-4DA9-9CED-0C8416049742}.Debug|iPhone.ActiveCfg = Debug|x86
		{552847DD-608D-4DA9-9CED-0C8416049742}.Debug|iPhoneSimulator.ActiveCfg = Debug|x86
		{552847DD-608D-4DA9-9CED-0C8416049742}.Debug|x64.ActiveCfg = Debug|x64
		{552847DD-608D-4DA9-9CED-0C8416049742}.Debug|x64.Build.0 = Debug|x64
		{552847DD-608D-4DA9-9CED-0C8416049742}.Debug|x64.Deploy.0 = Debug|x64
		{552847DD-608D-4DA9-9CED-0C8416049742}.Debug|x86.ActiveCfg = Debug|x86
		{552847DD-608D-4DA9-9CED-0C8416049742}.Debug|x86.Build.0 = Debug|x86
		{552847DD-608D-4DA9-9CED-0C8416049742}.Debug|x86.Deploy.0 = Debug|x86
		{552847DD-608D-4DA9-9CED-0C8416049742}.Release|Any CPU.ActiveCfg = Release|x86
		{552847DD-608D-4DA9-9CED-0C8416049742}.Release|Any CPU.Build.0 = Release|x86
		{552847DD-608D-4DA9-9CED-0C8416049742}.Release|Any CPU.Deploy.0 = Release|x86
		{552847DD-608D-4DA9-9CED-0C8416049742}.Release|ARM.ActiveCfg = Release|ARM
		{552847DD-608D-4DA9-9CED-0C8416049742}.Release|ARM.Build.0 = Release|ARM
		{552847DD-608D-4DA9-9CED-0C8416049742}.Release|ARM.Deploy.0 = Release|ARM
		{552847DD-608D-4DA9-9CED-0C8416049742}.Release|iPhone.ActiveCfg = Release|x86
		{552847DD-608D-4DA9-9CED-0C8416049742}.Release|iPhoneSimulator.ActiveCfg = Release|x86
		{552847DD-608D-4DA9-9CED-0C8416049742}.Release|x64.ActiveCfg = Release|x64
		{552847DD-608D-4DA9-9CED-0C8416049742}.Release|x64.Build.0 = Release|x64
		{552847DD-608D-4DA9-9CED-0C8416049742}.Release|x64.Deploy.0 = Release|x64
		{552847DD-608D-4DA9-9CED-0C8416049742}.Release|x86.ActiveCfg = Release|x86
		{552847DD-608D-4DA9-9CED-0C8416049742}.Release|x86.Build.0 = Release|x86
		{552847DD-608D-4DA9-9CED-0C8416049742}.Release|x86.Deploy.0 = Release|x86
	EndGlobalSection
	GlobalSection(SolutionProperties) = preSolution
		HideSolutionNode = FALSE
	EndGlobalSection
EndGlobal
