
Microsoft Visual Studio Solution File, Format Version 12.00
# Visual Studio Version 17
VisualStudioVersion = 17.2.32519.379
MinimumVisualStudioVersion = 10.0.40219.1
Project("{FAE04EC0-301F-11D3-BF4B-00C04F79EFBC}") = "SimpleWeather.UWP", "SimpleWeather.UWP\SimpleWeather.UWP.csproj", "{552847DD-608D-4DA9-9CED-0C8416049742}"
EndProject
Project("{FAE04EC0-301F-11D3-BF4B-00C04F79EFBC}") = "EditManifest", "EditManifest\EditManifest.csproj", "{94F8637B-52B8-429B-A5CA-043CFF4DD201}"
EndProject
Project("{FAE04EC0-301F-11D3-BF4B-00C04F79EFBC}") = "UnitTestProject", "UnitTestProject\UnitTestProject.csproj", "{0CC8F69F-EEBC-40B4-9E7C-C2974A00764D}"
EndProject
Project("{9A19103F-16F7-4668-BE54-9A1E7A4F7556}") = "Timber", "Timber\Timber.csproj", "{479286CE-E244-4D81-A8F4-A5982AF86AF9}"
EndProject
Project("{D954291E-2A0B-460D-934E-DC6B0785DB48}") = "SimpleWeather.UWP.Shared", "SimpleWeather.UWP.Shared\SimpleWeather.UWP.Shared.shproj", "{71735C8A-0B72-4CC7-8118-E53723D416C1}"
EndProject
Project("{FAE04EC0-301F-11D3-BF4B-00C04F79EFBC}") = "KeyCheck", "KeyCheck\KeyCheck.csproj", "{69259AD2-5CDE-4047-B7B4-CDE2F1AA5987}"
EndProject
Project("{FAE04EC0-301F-11D3-BF4B-00C04F79EFBC}") = "TranslationImport", "TranslationImport\TranslationImport.csproj", "{A0DCF997-9EFE-48E7-B881-01543DFE31F7}"
EndProject
Project("{FAE04EC0-301F-11D3-BF4B-00C04F79EFBC}") = "SimpleWeather.Shared", "SimpleWeather.Shared\SimpleWeather.Shared.csproj", "{A92BE3F1-3252-4650-A17E-498B223BD039}"
EndProject
Project("{D954291E-2A0B-460D-934E-DC6B0785DB48}") = "SimpleWeather.UWP.Extras", "SimpleWeather.UWP.Extras\SimpleWeather.UWP.Extras.shproj", "{DCDF58D5-D7F9-4282-9957-DB7CA59442AD}"
EndProject
Project("{FAE04EC0-301F-11D3-BF4B-00C04F79EFBC}") = "SimpleWeather.Backgrounds", "SimpleWeather.Backgrounds\SimpleWeather.Backgrounds.csproj", "{0CAA3B62-12E0-4418-8E32-95AEECA0AF97}"
EndProject
Project("{FAE04EC0-301F-11D3-BF4B-00C04F79EFBC}") = "SimpleWeather.WeatherIcons", "SimpleWeather.WeatherIcons\SimpleWeather.WeatherIcons.csproj", "{82E985DD-96F7-4069-87F6-46D5AFE3CE6F}"
EndProject
Project("{FAE04EC0-301F-11D3-BF4B-00C04F79EFBC}") = "SimpleWeather.Extras", "SimpleWeather.Extras\SimpleWeather.Extras.csproj", "{0CC840EB-6362-44E7-95FE-22602ABDDC8B}"
EndProject
Project("{FAE04EC0-301F-11D3-BF4B-00C04F79EFBC}") = "SimpleWeather.Weather-API", "SimpleWeather.Weather-API\SimpleWeather.Weather-API.csproj", "{05EE68EB-2F0B-4AFB-A9CD-14D8DF05BA43}"
EndProject
Project("{FAE04EC0-301F-11D3-BF4B-00C04F79EFBC}") = "SimpleWeather.Common", "SimpleWeather.Common\SimpleWeather.Common.csproj", "{B119868B-EA58-45C8-89B2-0693D3395D31}"
EndProject
Global
	GlobalSection(SolutionConfigurationPlatforms) = preSolution
		Debug|Any CPU = Debug|Any CPU
		Debug|ARM = Debug|ARM
		Debug|ARM64 = Debug|ARM64
		Debug|iPhone = Debug|iPhone
		Debug|iPhoneSimulator = Debug|iPhoneSimulator
		Debug|x64 = Debug|x64
		Debug|x86 = Debug|x86
		Release|Any CPU = Release|Any CPU
		Release|ARM = Release|ARM
		Release|ARM64 = Release|ARM64
		Release|iPhone = Release|iPhone
		Release|iPhoneSimulator = Release|iPhoneSimulator
		Release|x64 = Release|x64
		Release|x86 = Release|x86
	EndGlobalSection
	GlobalSection(ProjectConfigurationPlatforms) = postSolution
		{552847DD-608D-4DA9-9CED-0C8416049742}.Debug|Any CPU.ActiveCfg = Debug|x86
		{552847DD-608D-4DA9-9CED-0C8416049742}.Debug|Any CPU.Build.0 = Debug|x86
		{552847DD-608D-4DA9-9CED-0C8416049742}.Debug|Any CPU.Deploy.0 = Debug|x86
		{552847DD-608D-4DA9-9CED-0C8416049742}.Debug|ARM.ActiveCfg = Debug|ARM
		{552847DD-608D-4DA9-9CED-0C8416049742}.Debug|ARM.Build.0 = Debug|ARM
		{552847DD-608D-4DA9-9CED-0C8416049742}.Debug|ARM.Deploy.0 = Debug|ARM
		{552847DD-608D-4DA9-9CED-0C8416049742}.Debug|ARM64.ActiveCfg = Debug|x86
		{552847DD-608D-4DA9-9CED-0C8416049742}.Debug|iPhone.ActiveCfg = Debug|x86
		{552847DD-608D-4DA9-9CED-0C8416049742}.Debug|iPhoneSimulator.ActiveCfg = Debug|x86
		{552847DD-608D-4DA9-9CED-0C8416049742}.Debug|x64.ActiveCfg = Debug|x64
		{552847DD-608D-4DA9-9CED-0C8416049742}.Debug|x64.Build.0 = Debug|x64
		{552847DD-608D-4DA9-9CED-0C8416049742}.Debug|x64.Deploy.0 = Debug|x64
		{552847DD-608D-4DA9-9CED-0C8416049742}.Debug|x86.ActiveCfg = Debug|x86
		{552847DD-608D-4DA9-9CED-0C8416049742}.Debug|x86.Build.0 = Debug|x86
		{552847DD-608D-4DA9-9CED-0C8416049742}.Debug|x86.Deploy.0 = Debug|x86
		{552847DD-608D-4DA9-9CED-0C8416049742}.Release|Any CPU.ActiveCfg = Release|x86
		{552847DD-608D-4DA9-9CED-0C8416049742}.Release|Any CPU.Build.0 = Release|x86
		{552847DD-608D-4DA9-9CED-0C8416049742}.Release|Any CPU.Deploy.0 = Release|x86
		{552847DD-608D-4DA9-9CED-0C8416049742}.Release|ARM.ActiveCfg = Release|ARM
		{552847DD-608D-4DA9-9CED-0C8416049742}.Release|ARM.Build.0 = Release|ARM
		{552847DD-608D-4DA9-9CED-0C8416049742}.Release|ARM.Deploy.0 = Release|ARM
		{552847DD-608D-4DA9-9CED-0C8416049742}.Release|ARM64.ActiveCfg = Release|x86
		{552847DD-608D-4DA9-9CED-0C8416049742}.Release|iPhone.ActiveCfg = Release|x86
		{552847DD-608D-4DA9-9CED-0C8416049742}.Release|iPhoneSimulator.ActiveCfg = Release|x86
		{552847DD-608D-4DA9-9CED-0C8416049742}.Release|x64.ActiveCfg = Release|x64
		{552847DD-608D-4DA9-9CED-0C8416049742}.Release|x64.Build.0 = Release|x64
		{552847DD-608D-4DA9-9CED-0C8416049742}.Release|x64.Deploy.0 = Release|x64
		{552847DD-608D-4DA9-9CED-0C8416049742}.Release|x86.ActiveCfg = Release|x86
		{552847DD-608D-4DA9-9CED-0C8416049742}.Release|x86.Build.0 = Release|x86
		{552847DD-608D-4DA9-9CED-0C8416049742}.Release|x86.Deploy.0 = Release|x86
		{94F8637B-52B8-429B-A5CA-043CFF4DD201}.Debug|Any CPU.ActiveCfg = Debug|Any CPU
		{94F8637B-52B8-429B-A5CA-043CFF4DD201}.Debug|Any CPU.Build.0 = Debug|Any CPU
		{94F8637B-52B8-429B-A5CA-043CFF4DD201}.Debug|ARM.ActiveCfg = Debug|Any CPU
		{94F8637B-52B8-429B-A5CA-043CFF4DD201}.Debug|ARM.Build.0 = Debug|Any CPU
		{94F8637B-52B8-429B-A5CA-043CFF4DD201}.Debug|ARM64.ActiveCfg = Debug|Any CPU
		{94F8637B-52B8-429B-A5CA-043CFF4DD201}.Debug|iPhone.ActiveCfg = Debug|Any CPU
		{94F8637B-52B8-429B-A5CA-043CFF4DD201}.Debug|iPhone.Build.0 = Debug|Any CPU
		{94F8637B-52B8-429B-A5CA-043CFF4DD201}.Debug|iPhoneSimulator.ActiveCfg = Debug|Any CPU
		{94F8637B-52B8-429B-A5CA-043CFF4DD201}.Debug|iPhoneSimulator.Build.0 = Debug|Any CPU
		{94F8637B-52B8-429B-A5CA-043CFF4DD201}.Debug|x64.ActiveCfg = Debug|Any CPU
		{94F8637B-52B8-429B-A5CA-043CFF4DD201}.Debug|x64.Build.0 = Debug|Any CPU
		{94F8637B-52B8-429B-A5CA-043CFF4DD201}.Debug|x86.ActiveCfg = Debug|Any CPU
		{94F8637B-52B8-429B-A5CA-043CFF4DD201}.Debug|x86.Build.0 = Debug|Any CPU
		{94F8637B-52B8-429B-A5CA-043CFF4DD201}.Release|Any CPU.ActiveCfg = Release|Any CPU
		{94F8637B-52B8-429B-A5CA-043CFF4DD201}.Release|Any CPU.Build.0 = Release|Any CPU
		{94F8637B-52B8-429B-A5CA-043CFF4DD201}.Release|ARM.ActiveCfg = Release|Any CPU
		{94F8637B-52B8-429B-A5CA-043CFF4DD201}.Release|ARM.Build.0 = Release|Any CPU
		{94F8637B-52B8-429B-A5CA-043CFF4DD201}.Release|ARM64.ActiveCfg = Release|Any CPU
		{94F8637B-52B8-429B-A5CA-043CFF4DD201}.Release|iPhone.ActiveCfg = Release|Any CPU
		{94F8637B-52B8-429B-A5CA-043CFF4DD201}.Release|iPhone.Build.0 = Release|Any CPU
		{94F8637B-52B8-429B-A5CA-043CFF4DD201}.Release|iPhoneSimulator.ActiveCfg = Release|Any CPU
		{94F8637B-52B8-429B-A5CA-043CFF4DD201}.Release|iPhoneSimulator.Build.0 = Release|Any CPU
		{94F8637B-52B8-429B-A5CA-043CFF4DD201}.Release|x64.ActiveCfg = Release|Any CPU
		{94F8637B-52B8-429B-A5CA-043CFF4DD201}.Release|x64.Build.0 = Release|Any CPU
		{94F8637B-52B8-429B-A5CA-043CFF4DD201}.Release|x86.ActiveCfg = Release|Any CPU
		{94F8637B-52B8-429B-A5CA-043CFF4DD201}.Release|x86.Build.0 = Release|Any CPU
		{0CC8F69F-EEBC-40B4-9E7C-C2974A00764D}.Debug|Any CPU.ActiveCfg = Debug|x64
		{0CC8F69F-EEBC-40B4-9E7C-C2974A00764D}.Debug|ARM.ActiveCfg = Debug|ARM
		{0CC8F69F-EEBC-40B4-9E7C-C2974A00764D}.Debug|ARM.Build.0 = Debug|ARM
		{0CC8F69F-EEBC-40B4-9E7C-C2974A00764D}.Debug|ARM.Deploy.0 = Debug|ARM
		{0CC8F69F-EEBC-40B4-9E7C-C2974A00764D}.Debug|ARM64.ActiveCfg = Debug|ARM64
		{0CC8F69F-EEBC-40B4-9E7C-C2974A00764D}.Debug|ARM64.Build.0 = Debug|ARM64
		{0CC8F69F-EEBC-40B4-9E7C-C2974A00764D}.Debug|ARM64.Deploy.0 = Debug|ARM64
		{0CC8F69F-EEBC-40B4-9E7C-C2974A00764D}.Debug|iPhone.ActiveCfg = Debug|x86
		{0CC8F69F-EEBC-40B4-9E7C-C2974A00764D}.Debug|iPhoneSimulator.ActiveCfg = Debug|x86
		{0CC8F69F-EEBC-40B4-9E7C-C2974A00764D}.Debug|x64.ActiveCfg = Debug|x64
		{0CC8F69F-EEBC-40B4-9E7C-C2974A00764D}.Debug|x64.Build.0 = Debug|x64
		{0CC8F69F-EEBC-40B4-9E7C-C2974A00764D}.Debug|x64.Deploy.0 = Debug|x64
		{0CC8F69F-EEBC-40B4-9E7C-C2974A00764D}.Debug|x86.ActiveCfg = Debug|x86
		{0CC8F69F-EEBC-40B4-9E7C-C2974A00764D}.Debug|x86.Build.0 = Debug|x86
		{0CC8F69F-EEBC-40B4-9E7C-C2974A00764D}.Debug|x86.Deploy.0 = Debug|x86
		{0CC8F69F-EEBC-40B4-9E7C-C2974A00764D}.Release|Any CPU.ActiveCfg = Release|x86
		{0CC8F69F-EEBC-40B4-9E7C-C2974A00764D}.Release|ARM.ActiveCfg = Release|ARM
		{0CC8F69F-EEBC-40B4-9E7C-C2974A00764D}.Release|ARM.Build.0 = Release|ARM
		{0CC8F69F-EEBC-40B4-9E7C-C2974A00764D}.Release|ARM.Deploy.0 = Release|ARM
		{0CC8F69F-EEBC-40B4-9E7C-C2974A00764D}.Release|ARM64.ActiveCfg = Release|ARM64
		{0CC8F69F-EEBC-40B4-9E7C-C2974A00764D}.Release|ARM64.Build.0 = Release|ARM64
		{0CC8F69F-EEBC-40B4-9E7C-C2974A00764D}.Release|ARM64.Deploy.0 = Release|ARM64
		{0CC8F69F-EEBC-40B4-9E7C-C2974A00764D}.Release|iPhone.ActiveCfg = Release|x86
		{0CC8F69F-EEBC-40B4-9E7C-C2974A00764D}.Release|iPhoneSimulator.ActiveCfg = Release|x86
		{0CC8F69F-EEBC-40B4-9E7C-C2974A00764D}.Release|x64.ActiveCfg = Release|x64
		{0CC8F69F-EEBC-40B4-9E7C-C2974A00764D}.Release|x64.Build.0 = Release|x64
		{0CC8F69F-EEBC-40B4-9E7C-C2974A00764D}.Release|x64.Deploy.0 = Release|x64
		{0CC8F69F-EEBC-40B4-9E7C-C2974A00764D}.Release|x86.ActiveCfg = Release|x86
		{0CC8F69F-EEBC-40B4-9E7C-C2974A00764D}.Release|x86.Build.0 = Release|x86
		{0CC8F69F-EEBC-40B4-9E7C-C2974A00764D}.Release|x86.Deploy.0 = Release|x86
		{479286CE-E244-4D81-A8F4-A5982AF86AF9}.Debug|Any CPU.ActiveCfg = Debug|Any CPU
		{479286CE-E244-4D81-A8F4-A5982AF86AF9}.Debug|Any CPU.Build.0 = Debug|Any CPU
		{479286CE-E244-4D81-A8F4-A5982AF86AF9}.Debug|ARM.ActiveCfg = Debug|Any CPU
		{479286CE-E244-4D81-A8F4-A5982AF86AF9}.Debug|ARM.Build.0 = Debug|Any CPU
		{479286CE-E244-4D81-A8F4-A5982AF86AF9}.Debug|ARM64.ActiveCfg = Debug|Any CPU
		{479286CE-E244-4D81-A8F4-A5982AF86AF9}.Debug|ARM64.Build.0 = Debug|Any CPU
		{479286CE-E244-4D81-A8F4-A5982AF86AF9}.Debug|iPhone.ActiveCfg = Debug|Any CPU
		{479286CE-E244-4D81-A8F4-A5982AF86AF9}.Debug|iPhone.Build.0 = Debug|Any CPU
		{479286CE-E244-4D81-A8F4-A5982AF86AF9}.Debug|iPhoneSimulator.ActiveCfg = Debug|Any CPU
		{479286CE-E244-4D81-A8F4-A5982AF86AF9}.Debug|iPhoneSimulator.Build.0 = Debug|Any CPU
		{479286CE-E244-4D81-A8F4-A5982AF86AF9}.Debug|x64.ActiveCfg = Debug|Any CPU
		{479286CE-E244-4D81-A8F4-A5982AF86AF9}.Debug|x64.Build.0 = Debug|Any CPU
		{479286CE-E244-4D81-A8F4-A5982AF86AF9}.Debug|x86.ActiveCfg = Debug|Any CPU
		{479286CE-E244-4D81-A8F4-A5982AF86AF9}.Debug|x86.Build.0 = Debug|Any CPU
		{479286CE-E244-4D81-A8F4-A5982AF86AF9}.Release|Any CPU.ActiveCfg = Release|Any CPU
		{479286CE-E244-4D81-A8F4-A5982AF86AF9}.Release|Any CPU.Build.0 = Release|Any CPU
		{479286CE-E244-4D81-A8F4-A5982AF86AF9}.Release|ARM.ActiveCfg = Release|Any CPU
		{479286CE-E244-4D81-A8F4-A5982AF86AF9}.Release|ARM.Build.0 = Release|Any CPU
		{479286CE-E244-4D81-A8F4-A5982AF86AF9}.Release|ARM64.ActiveCfg = Release|Any CPU
		{479286CE-E244-4D81-A8F4-A5982AF86AF9}.Release|ARM64.Build.0 = Release|Any CPU
		{479286CE-E244-4D81-A8F4-A5982AF86AF9}.Release|iPhone.ActiveCfg = Release|Any CPU
		{479286CE-E244-4D81-A8F4-A5982AF86AF9}.Release|iPhone.Build.0 = Release|Any CPU
		{479286CE-E244-4D81-A8F4-A5982AF86AF9}.Release|iPhoneSimulator.ActiveCfg = Release|Any CPU
		{479286CE-E244-4D81-A8F4-A5982AF86AF9}.Release|iPhoneSimulator.Build.0 = Release|Any CPU
		{479286CE-E244-4D81-A8F4-A5982AF86AF9}.Release|x64.ActiveCfg = Release|Any CPU
		{479286CE-E244-4D81-A8F4-A5982AF86AF9}.Release|x64.Build.0 = Release|Any CPU
		{479286CE-E244-4D81-A8F4-A5982AF86AF9}.Release|x86.ActiveCfg = Release|Any CPU
		{479286CE-E244-4D81-A8F4-A5982AF86AF9}.Release|x86.Build.0 = Release|Any CPU
		{69259AD2-5CDE-4047-B7B4-CDE2F1AA5987}.Debug|Any CPU.ActiveCfg = Debug|Any CPU
		{69259AD2-5CDE-4047-B7B4-CDE2F1AA5987}.Debug|Any CPU.Build.0 = Debug|Any CPU
		{69259AD2-5CDE-4047-B7B4-CDE2F1AA5987}.Debug|ARM.ActiveCfg = Debug|Any CPU
		{69259AD2-5CDE-4047-B7B4-CDE2F1AA5987}.Debug|ARM.Build.0 = Debug|Any CPU
		{69259AD2-5CDE-4047-B7B4-CDE2F1AA5987}.Debug|ARM64.ActiveCfg = Debug|Any CPU
		{69259AD2-5CDE-4047-B7B4-CDE2F1AA5987}.Debug|ARM64.Build.0 = Debug|Any CPU
		{69259AD2-5CDE-4047-B7B4-CDE2F1AA5987}.Debug|iPhone.ActiveCfg = Debug|Any CPU
		{69259AD2-5CDE-4047-B7B4-CDE2F1AA5987}.Debug|iPhone.Build.0 = Debug|Any CPU
		{69259AD2-5CDE-4047-B7B4-CDE2F1AA5987}.Debug|iPhoneSimulator.ActiveCfg = Debug|Any CPU
		{69259AD2-5CDE-4047-B7B4-CDE2F1AA5987}.Debug|iPhoneSimulator.Build.0 = Debug|Any CPU
		{69259AD2-5CDE-4047-B7B4-CDE2F1AA5987}.Debug|x64.ActiveCfg = Debug|Any CPU
		{69259AD2-5CDE-4047-B7B4-CDE2F1AA5987}.Debug|x64.Build.0 = Debug|Any CPU
		{69259AD2-5CDE-4047-B7B4-CDE2F1AA5987}.Debug|x86.ActiveCfg = Debug|Any CPU
		{69259AD2-5CDE-4047-B7B4-CDE2F1AA5987}.Debug|x86.Build.0 = Debug|Any CPU
		{69259AD2-5CDE-4047-B7B4-CDE2F1AA5987}.Release|Any CPU.ActiveCfg = Release|Any CPU
		{69259AD2-5CDE-4047-B7B4-CDE2F1AA5987}.Release|Any CPU.Build.0 = Release|Any CPU
		{69259AD2-5CDE-4047-B7B4-CDE2F1AA5987}.Release|ARM.ActiveCfg = Release|Any CPU
		{69259AD2-5CDE-4047-B7B4-CDE2F1AA5987}.Release|ARM.Build.0 = Release|Any CPU
		{69259AD2-5CDE-4047-B7B4-CDE2F1AA5987}.Release|ARM64.ActiveCfg = Release|Any CPU
		{69259AD2-5CDE-4047-B7B4-CDE2F1AA5987}.Release|ARM64.Build.0 = Release|Any CPU
		{69259AD2-5CDE-4047-B7B4-CDE2F1AA5987}.Release|iPhone.ActiveCfg = Release|Any CPU
		{69259AD2-5CDE-4047-B7B4-CDE2F1AA5987}.Release|iPhone.Build.0 = Release|Any CPU
		{69259AD2-5CDE-4047-B7B4-CDE2F1AA5987}.Release|iPhoneSimulator.ActiveCfg = Release|Any CPU
		{69259AD2-5CDE-4047-B7B4-CDE2F1AA5987}.Release|iPhoneSimulator.Build.0 = Release|Any CPU
		{69259AD2-5CDE-4047-B7B4-CDE2F1AA5987}.Release|x64.ActiveCfg = Release|Any CPU
		{69259AD2-5CDE-4047-B7B4-CDE2F1AA5987}.Release|x64.Build.0 = Release|Any CPU
		{69259AD2-5CDE-4047-B7B4-CDE2F1AA5987}.Release|x86.ActiveCfg = Release|Any CPU
		{69259AD2-5CDE-4047-B7B4-CDE2F1AA5987}.Release|x86.Build.0 = Release|Any CPU
		{A0DCF997-9EFE-48E7-B881-01543DFE31F7}.Debug|Any CPU.ActiveCfg = Debug|Any CPU
		{A0DCF997-9EFE-48E7-B881-01543DFE31F7}.Debug|Any CPU.Build.0 = Debug|Any CPU
		{A0DCF997-9EFE-48E7-B881-01543DFE31F7}.Debug|ARM.ActiveCfg = Debug|Any CPU
		{A0DCF997-9EFE-48E7-B881-01543DFE31F7}.Debug|ARM.Build.0 = Debug|Any CPU
		{A0DCF997-9EFE-48E7-B881-01543DFE31F7}.Debug|ARM64.ActiveCfg = Debug|Any CPU
		{A0DCF997-9EFE-48E7-B881-01543DFE31F7}.Debug|ARM64.Build.0 = Debug|Any CPU
		{A0DCF997-9EFE-48E7-B881-01543DFE31F7}.Debug|iPhone.ActiveCfg = Debug|Any CPU
		{A0DCF997-9EFE-48E7-B881-01543DFE31F7}.Debug|iPhone.Build.0 = Debug|Any CPU
		{A0DCF997-9EFE-48E7-B881-01543DFE31F7}.Debug|iPhoneSimulator.ActiveCfg = Debug|Any CPU
		{A0DCF997-9EFE-48E7-B881-01543DFE31F7}.Debug|iPhoneSimulator.Build.0 = Debug|Any CPU
		{A0DCF997-9EFE-48E7-B881-01543DFE31F7}.Debug|x64.ActiveCfg = Debug|Any CPU
		{A0DCF997-9EFE-48E7-B881-01543DFE31F7}.Debug|x64.Build.0 = Debug|Any CPU
		{A0DCF997-9EFE-48E7-B881-01543DFE31F7}.Debug|x86.ActiveCfg = Debug|Any CPU
		{A0DCF997-9EFE-48E7-B881-01543DFE31F7}.Debug|x86.Build.0 = Debug|Any CPU
		{A0DCF997-9EFE-48E7-B881-01543DFE31F7}.Release|Any CPU.ActiveCfg = Release|Any CPU
		{A0DCF997-9EFE-48E7-B881-01543DFE31F7}.Release|Any CPU.Build.0 = Release|Any CPU
		{A0DCF997-9EFE-48E7-B881-01543DFE31F7}.Release|ARM.ActiveCfg = Release|Any CPU
		{A0DCF997-9EFE-48E7-B881-01543DFE31F7}.Release|ARM.Build.0 = Release|Any CPU
		{A0DCF997-9EFE-48E7-B881-01543DFE31F7}.Release|ARM64.ActiveCfg = Release|Any CPU
		{A0DCF997-9EFE-48E7-B881-01543DFE31F7}.Release|ARM64.Build.0 = Release|Any CPU
		{A0DCF997-9EFE-48E7-B881-01543DFE31F7}.Release|iPhone.ActiveCfg = Release|Any CPU
		{A0DCF997-9EFE-48E7-B881-01543DFE31F7}.Release|iPhone.Build.0 = Release|Any CPU
		{A0DCF997-9EFE-48E7-B881-01543DFE31F7}.Release|iPhoneSimulator.ActiveCfg = Release|Any CPU
		{A0DCF997-9EFE-48E7-B881-01543DFE31F7}.Release|iPhoneSimulator.Build.0 = Release|Any CPU
		{A0DCF997-9EFE-48E7-B881-01543DFE31F7}.Release|x64.ActiveCfg = Release|Any CPU
		{A0DCF997-9EFE-48E7-B881-01543DFE31F7}.Release|x64.Build.0 = Release|Any CPU
		{A0DCF997-9EFE-48E7-B881-01543DFE31F7}.Release|x86.ActiveCfg = Release|Any CPU
		{A0DCF997-9EFE-48E7-B881-01543DFE31F7}.Release|x86.Build.0 = Release|Any CPU
		{A92BE3F1-3252-4650-A17E-498B223BD039}.Debug|Any CPU.ActiveCfg = Debug|Any CPU
		{A92BE3F1-3252-4650-A17E-498B223BD039}.Debug|Any CPU.Build.0 = Debug|Any CPU
		{A92BE3F1-3252-4650-A17E-498B223BD039}.Debug|ARM.ActiveCfg = Debug|ARM
		{A92BE3F1-3252-4650-A17E-498B223BD039}.Debug|ARM.Build.0 = Debug|ARM
		{A92BE3F1-3252-4650-A17E-498B223BD039}.Debug|ARM64.ActiveCfg = Debug|ARM64
		{A92BE3F1-3252-4650-A17E-498B223BD039}.Debug|ARM64.Build.0 = Debug|ARM64
		{A92BE3F1-3252-4650-A17E-498B223BD039}.Debug|iPhone.ActiveCfg = Debug|Any CPU
		{A92BE3F1-3252-4650-A17E-498B223BD039}.Debug|iPhone.Build.0 = Debug|Any CPU
		{A92BE3F1-3252-4650-A17E-498B223BD039}.Debug|iPhoneSimulator.ActiveCfg = Debug|Any CPU
		{A92BE3F1-3252-4650-A17E-498B223BD039}.Debug|iPhoneSimulator.Build.0 = Debug|Any CPU
		{A92BE3F1-3252-4650-A17E-498B223BD039}.Debug|x64.ActiveCfg = Debug|x64
		{A92BE3F1-3252-4650-A17E-498B223BD039}.Debug|x64.Build.0 = Debug|x64
		{A92BE3F1-3252-4650-A17E-498B223BD039}.Debug|x86.ActiveCfg = Debug|x86
		{A92BE3F1-3252-4650-A17E-498B223BD039}.Debug|x86.Build.0 = Debug|x86
		{A92BE3F1-3252-4650-A17E-498B223BD039}.Release|Any CPU.ActiveCfg = Release|Any CPU
		{A92BE3F1-3252-4650-A17E-498B223BD039}.Release|Any CPU.Build.0 = Release|Any CPU
		{A92BE3F1-3252-4650-A17E-498B223BD039}.Release|ARM.ActiveCfg = Release|ARM
		{A92BE3F1-3252-4650-A17E-498B223BD039}.Release|ARM.Build.0 = Release|ARM
		{A92BE3F1-3252-4650-A17E-498B223BD039}.Release|ARM64.ActiveCfg = Release|ARM64
		{A92BE3F1-3252-4650-A17E-498B223BD039}.Release|ARM64.Build.0 = Release|ARM64
		{A92BE3F1-3252-4650-A17E-498B223BD039}.Release|iPhone.ActiveCfg = Release|Any CPU
		{A92BE3F1-3252-4650-A17E-498B223BD039}.Release|iPhone.Build.0 = Release|Any CPU
		{A92BE3F1-3252-4650-A17E-498B223BD039}.Release|iPhoneSimulator.ActiveCfg = Release|Any CPU
		{A92BE3F1-3252-4650-A17E-498B223BD039}.Release|iPhoneSimulator.Build.0 = Release|Any CPU
		{A92BE3F1-3252-4650-A17E-498B223BD039}.Release|x64.ActiveCfg = Release|x64
		{A92BE3F1-3252-4650-A17E-498B223BD039}.Release|x64.Build.0 = Release|x64
		{A92BE3F1-3252-4650-A17E-498B223BD039}.Release|x86.ActiveCfg = Release|x86
		{A92BE3F1-3252-4650-A17E-498B223BD039}.Release|x86.Build.0 = Release|x86
		{0CAA3B62-12E0-4418-8E32-95AEECA0AF97}.Debug|Any CPU.ActiveCfg = Debug|Any CPU
		{0CAA3B62-12E0-4418-8E32-95AEECA0AF97}.Debug|Any CPU.Build.0 = Debug|Any CPU
		{0CAA3B62-12E0-4418-8E32-95AEECA0AF97}.Debug|ARM.ActiveCfg = Debug|ARM
		{0CAA3B62-12E0-4418-8E32-95AEECA0AF97}.Debug|ARM.Build.0 = Debug|ARM
		{0CAA3B62-12E0-4418-8E32-95AEECA0AF97}.Debug|ARM64.ActiveCfg = Debug|ARM64
		{0CAA3B62-12E0-4418-8E32-95AEECA0AF97}.Debug|ARM64.Build.0 = Debug|ARM64
		{0CAA3B62-12E0-4418-8E32-95AEECA0AF97}.Debug|iPhone.ActiveCfg = Debug|Any CPU
		{0CAA3B62-12E0-4418-8E32-95AEECA0AF97}.Debug|iPhone.Build.0 = Debug|Any CPU
		{0CAA3B62-12E0-4418-8E32-95AEECA0AF97}.Debug|iPhoneSimulator.ActiveCfg = Debug|Any CPU
		{0CAA3B62-12E0-4418-8E32-95AEECA0AF97}.Debug|iPhoneSimulator.Build.0 = Debug|Any CPU
		{0CAA3B62-12E0-4418-8E32-95AEECA0AF97}.Debug|x64.ActiveCfg = Debug|x64
		{0CAA3B62-12E0-4418-8E32-95AEECA0AF97}.Debug|x64.Build.0 = Debug|x64
		{0CAA3B62-12E0-4418-8E32-95AEECA0AF97}.Debug|x86.ActiveCfg = Debug|x86
		{0CAA3B62-12E0-4418-8E32-95AEECA0AF97}.Debug|x86.Build.0 = Debug|x86
		{0CAA3B62-12E0-4418-8E32-95AEECA0AF97}.Release|Any CPU.ActiveCfg = Release|Any CPU
		{0CAA3B62-12E0-4418-8E32-95AEECA0AF97}.Release|Any CPU.Build.0 = Release|Any CPU
		{0CAA3B62-12E0-4418-8E32-95AEECA0AF97}.Release|ARM.ActiveCfg = Release|ARM
		{0CAA3B62-12E0-4418-8E32-95AEECA0AF97}.Release|ARM.Build.0 = Release|ARM
		{0CAA3B62-12E0-4418-8E32-95AEECA0AF97}.Release|ARM64.ActiveCfg = Release|ARM64
		{0CAA3B62-12E0-4418-8E32-95AEECA0AF97}.Release|ARM64.Build.0 = Release|ARM64
		{0CAA3B62-12E0-4418-8E32-95AEECA0AF97}.Release|iPhone.ActiveCfg = Release|Any CPU
		{0CAA3B62-12E0-4418-8E32-95AEECA0AF97}.Release|iPhone.Build.0 = Release|Any CPU
		{0CAA3B62-12E0-4418-8E32-95AEECA0AF97}.Release|iPhoneSimulator.ActiveCfg = Release|Any CPU
		{0CAA3B62-12E0-4418-8E32-95AEECA0AF97}.Release|iPhoneSimulator.Build.0 = Release|Any CPU
		{0CAA3B62-12E0-4418-8E32-95AEECA0AF97}.Release|x64.ActiveCfg = Release|x64
		{0CAA3B62-12E0-4418-8E32-95AEECA0AF97}.Release|x64.Build.0 = Release|x64
		{0CAA3B62-12E0-4418-8E32-95AEECA0AF97}.Release|x86.ActiveCfg = Release|x86
		{0CAA3B62-12E0-4418-8E32-95AEECA0AF97}.Release|x86.Build.0 = Release|x86
		{82E985DD-96F7-4069-87F6-46D5AFE3CE6F}.Debug|Any CPU.ActiveCfg = Debug|Any CPU
		{82E985DD-96F7-4069-87F6-46D5AFE3CE6F}.Debug|Any CPU.Build.0 = Debug|Any CPU
		{82E985DD-96F7-4069-87F6-46D5AFE3CE6F}.Debug|ARM.ActiveCfg = Debug|ARM
		{82E985DD-96F7-4069-87F6-46D5AFE3CE6F}.Debug|ARM.Build.0 = Debug|ARM
		{82E985DD-96F7-4069-87F6-46D5AFE3CE6F}.Debug|ARM64.ActiveCfg = Debug|ARM64
		{82E985DD-96F7-4069-87F6-46D5AFE3CE6F}.Debug|ARM64.Build.0 = Debug|ARM64
		{82E985DD-96F7-4069-87F6-46D5AFE3CE6F}.Debug|iPhone.ActiveCfg = Debug|Any CPU
		{82E985DD-96F7-4069-87F6-46D5AFE3CE6F}.Debug|iPhone.Build.0 = Debug|Any CPU
		{82E985DD-96F7-4069-87F6-46D5AFE3CE6F}.Debug|iPhoneSimulator.ActiveCfg = Debug|Any CPU
		{82E985DD-96F7-4069-87F6-46D5AFE3CE6F}.Debug|iPhoneSimulator.Build.0 = Debug|Any CPU
		{82E985DD-96F7-4069-87F6-46D5AFE3CE6F}.Debug|x64.ActiveCfg = Debug|x64
		{82E985DD-96F7-4069-87F6-46D5AFE3CE6F}.Debug|x64.Build.0 = Debug|x64
		{82E985DD-96F7-4069-87F6-46D5AFE3CE6F}.Debug|x86.ActiveCfg = Debug|x86
		{82E985DD-96F7-4069-87F6-46D5AFE3CE6F}.Debug|x86.Build.0 = Debug|x86
		{82E985DD-96F7-4069-87F6-46D5AFE3CE6F}.Release|Any CPU.ActiveCfg = Release|Any CPU
		{82E985DD-96F7-4069-87F6-46D5AFE3CE6F}.Release|Any CPU.Build.0 = Release|Any CPU
		{82E985DD-96F7-4069-87F6-46D5AFE3CE6F}.Release|ARM.ActiveCfg = Release|ARM
		{82E985DD-96F7-4069-87F6-46D5AFE3CE6F}.Release|ARM.Build.0 = Release|ARM
		{82E985DD-96F7-4069-87F6-46D5AFE3CE6F}.Release|ARM64.ActiveCfg = Release|ARM64
		{82E985DD-96F7-4069-87F6-46D5AFE3CE6F}.Release|ARM64.Build.0 = Release|ARM64
		{82E985DD-96F7-4069-87F6-46D5AFE3CE6F}.Release|iPhone.ActiveCfg = Release|Any CPU
		{82E985DD-96F7-4069-87F6-46D5AFE3CE6F}.Release|iPhone.Build.0 = Release|Any CPU
		{82E985DD-96F7-4069-87F6-46D5AFE3CE6F}.Release|iPhoneSimulator.ActiveCfg = Release|Any CPU
		{82E985DD-96F7-4069-87F6-46D5AFE3CE6F}.Release|iPhoneSimulator.Build.0 = Release|Any CPU
		{82E985DD-96F7-4069-87F6-46D5AFE3CE6F}.Release|x64.ActiveCfg = Release|x64
		{82E985DD-96F7-4069-87F6-46D5AFE3CE6F}.Release|x64.Build.0 = Release|x64
		{82E985DD-96F7-4069-87F6-46D5AFE3CE6F}.Release|x86.ActiveCfg = Release|x86
		{82E985DD-96F7-4069-87F6-46D5AFE3CE6F}.Release|x86.Build.0 = Release|x86
		{0CC840EB-6362-44E7-95FE-22602ABDDC8B}.Debug|Any CPU.ActiveCfg = Debug|Any CPU
		{0CC840EB-6362-44E7-95FE-22602ABDDC8B}.Debug|Any CPU.Build.0 = Debug|Any CPU
		{0CC840EB-6362-44E7-95FE-22602ABDDC8B}.Debug|ARM.ActiveCfg = Debug|ARM
		{0CC840EB-6362-44E7-95FE-22602ABDDC8B}.Debug|ARM.Build.0 = Debug|ARM
		{0CC840EB-6362-44E7-95FE-22602ABDDC8B}.Debug|ARM64.ActiveCfg = Debug|ARM64
		{0CC840EB-6362-44E7-95FE-22602ABDDC8B}.Debug|ARM64.Build.0 = Debug|ARM64
		{0CC840EB-6362-44E7-95FE-22602ABDDC8B}.Debug|iPhone.ActiveCfg = Debug|Any CPU
		{0CC840EB-6362-44E7-95FE-22602ABDDC8B}.Debug|iPhone.Build.0 = Debug|Any CPU
		{0CC840EB-6362-44E7-95FE-22602ABDDC8B}.Debug|iPhoneSimulator.ActiveCfg = Debug|Any CPU
		{0CC840EB-6362-44E7-95FE-22602ABDDC8B}.Debug|iPhoneSimulator.Build.0 = Debug|Any CPU
		{0CC840EB-6362-44E7-95FE-22602ABDDC8B}.Debug|x64.ActiveCfg = Debug|x64
		{0CC840EB-6362-44E7-95FE-22602ABDDC8B}.Debug|x64.Build.0 = Debug|x64
		{0CC840EB-6362-44E7-95FE-22602ABDDC8B}.Debug|x86.ActiveCfg = Debug|x86
		{0CC840EB-6362-44E7-95FE-22602ABDDC8B}.Debug|x86.Build.0 = Debug|x86
		{0CC840EB-6362-44E7-95FE-22602ABDDC8B}.Release|Any CPU.ActiveCfg = Release|Any CPU
		{0CC840EB-6362-44E7-95FE-22602ABDDC8B}.Release|Any CPU.Build.0 = Release|Any CPU
		{0CC840EB-6362-44E7-95FE-22602ABDDC8B}.Release|ARM.ActiveCfg = Release|ARM
		{0CC840EB-6362-44E7-95FE-22602ABDDC8B}.Release|ARM.Build.0 = Release|ARM
		{0CC840EB-6362-44E7-95FE-22602ABDDC8B}.Release|ARM64.ActiveCfg = Release|ARM64
		{0CC840EB-6362-44E7-95FE-22602ABDDC8B}.Release|ARM64.Build.0 = Release|ARM64
		{0CC840EB-6362-44E7-95FE-22602ABDDC8B}.Release|iPhone.ActiveCfg = Release|Any CPU
		{0CC840EB-6362-44E7-95FE-22602ABDDC8B}.Release|iPhone.Build.0 = Release|Any CPU
		{0CC840EB-6362-44E7-95FE-22602ABDDC8B}.Release|iPhoneSimulator.ActiveCfg = Release|Any CPU
		{0CC840EB-6362-44E7-95FE-22602ABDDC8B}.Release|iPhoneSimulator.Build.0 = Release|Any CPU
		{0CC840EB-6362-44E7-95FE-22602ABDDC8B}.Release|x64.ActiveCfg = Release|x64
		{0CC840EB-6362-44E7-95FE-22602ABDDC8B}.Release|x64.Build.0 = Release|x64
		{0CC840EB-6362-44E7-95FE-22602ABDDC8B}.Release|x86.ActiveCfg = Release|x86
		{0CC840EB-6362-44E7-95FE-22602ABDDC8B}.Release|x86.Build.0 = Release|x86
		{05EE68EB-2F0B-4AFB-A9CD-14D8DF05BA43}.Debug|Any CPU.ActiveCfg = Debug|Any CPU
		{05EE68EB-2F0B-4AFB-A9CD-14D8DF05BA43}.Debug|Any CPU.Build.0 = Debug|Any CPU
		{05EE68EB-2F0B-4AFB-A9CD-14D8DF05BA43}.Debug|ARM.ActiveCfg = Debug|ARM
		{05EE68EB-2F0B-4AFB-A9CD-14D8DF05BA43}.Debug|ARM.Build.0 = Debug|ARM
		{05EE68EB-2F0B-4AFB-A9CD-14D8DF05BA43}.Debug|ARM64.ActiveCfg = Debug|ARM64
		{05EE68EB-2F0B-4AFB-A9CD-14D8DF05BA43}.Debug|ARM64.Build.0 = Debug|ARM64
		{05EE68EB-2F0B-4AFB-A9CD-14D8DF05BA43}.Debug|iPhone.ActiveCfg = Debug|Any CPU
		{05EE68EB-2F0B-4AFB-A9CD-14D8DF05BA43}.Debug|iPhone.Build.0 = Debug|Any CPU
		{05EE68EB-2F0B-4AFB-A9CD-14D8DF05BA43}.Debug|iPhoneSimulator.ActiveCfg = Debug|Any CPU
		{05EE68EB-2F0B-4AFB-A9CD-14D8DF05BA43}.Debug|iPhoneSimulator.Build.0 = Debug|Any CPU
		{05EE68EB-2F0B-4AFB-A9CD-14D8DF05BA43}.Debug|x64.ActiveCfg = Debug|x64
		{05EE68EB-2F0B-4AFB-A9CD-14D8DF05BA43}.Debug|x64.Build.0 = Debug|x64
		{05EE68EB-2F0B-4AFB-A9CD-14D8DF05BA43}.Debug|x86.ActiveCfg = Debug|x86
		{05EE68EB-2F0B-4AFB-A9CD-14D8DF05BA43}.Debug|x86.Build.0 = Debug|x86
		{05EE68EB-2F0B-4AFB-A9CD-14D8DF05BA43}.Release|Any CPU.ActiveCfg = Release|Any CPU
		{05EE68EB-2F0B-4AFB-A9CD-14D8DF05BA43}.Release|Any CPU.Build.0 = Release|Any CPU
		{05EE68EB-2F0B-4AFB-A9CD-14D8DF05BA43}.Release|ARM.ActiveCfg = Release|ARM
		{05EE68EB-2F0B-4AFB-A9CD-14D8DF05BA43}.Release|ARM.Build.0 = Release|ARM
		{05EE68EB-2F0B-4AFB-A9CD-14D8DF05BA43}.Release|ARM64.ActiveCfg = Release|ARM64
		{05EE68EB-2F0B-4AFB-A9CD-14D8DF05BA43}.Release|ARM64.Build.0 = Release|ARM64
		{05EE68EB-2F0B-4AFB-A9CD-14D8DF05BA43}.Release|iPhone.ActiveCfg = Release|Any CPU
		{05EE68EB-2F0B-4AFB-A9CD-14D8DF05BA43}.Release|iPhone.Build.0 = Release|Any CPU
		{05EE68EB-2F0B-4AFB-A9CD-14D8DF05BA43}.Release|iPhoneSimulator.ActiveCfg = Release|Any CPU
		{05EE68EB-2F0B-4AFB-A9CD-14D8DF05BA43}.Release|iPhoneSimulator.Build.0 = Release|Any CPU
		{05EE68EB-2F0B-4AFB-A9CD-14D8DF05BA43}.Release|x64.ActiveCfg = Release|x64
		{05EE68EB-2F0B-4AFB-A9CD-14D8DF05BA43}.Release|x64.Build.0 = Release|x64
		{05EE68EB-2F0B-4AFB-A9CD-14D8DF05BA43}.Release|x86.ActiveCfg = Release|x86
		{05EE68EB-2F0B-4AFB-A9CD-14D8DF05BA43}.Release|x86.Build.0 = Release|x86
		{B119868B-EA58-45C8-89B2-0693D3395D31}.Debug|Any CPU.ActiveCfg = Debug|Any CPU
		{B119868B-EA58-45C8-89B2-0693D3395D31}.Debug|Any CPU.Build.0 = Debug|Any CPU
		{B119868B-EA58-45C8-89B2-0693D3395D31}.Debug|ARM.ActiveCfg = Debug|ARM
		{B119868B-EA58-45C8-89B2-0693D3395D31}.Debug|ARM.Build.0 = Debug|ARM
		{B119868B-EA58-45C8-89B2-0693D3395D31}.Debug|ARM64.ActiveCfg = Debug|ARM64
		{B119868B-EA58-45C8-89B2-0693D3395D31}.Debug|ARM64.Build.0 = Debug|ARM64
		{B119868B-EA58-45C8-89B2-0693D3395D31}.Debug|iPhone.ActiveCfg = Debug|Any CPU
		{B119868B-EA58-45C8-89B2-0693D3395D31}.Debug|iPhone.Build.0 = Debug|Any CPU
		{B119868B-EA58-45C8-89B2-0693D3395D31}.Debug|iPhoneSimulator.ActiveCfg = Debug|Any CPU
		{B119868B-EA58-45C8-89B2-0693D3395D31}.Debug|iPhoneSimulator.Build.0 = Debug|Any CPU
		{B119868B-EA58-45C8-89B2-0693D3395D31}.Debug|x64.ActiveCfg = Debug|x64
		{B119868B-EA58-45C8-89B2-0693D3395D31}.Debug|x64.Build.0 = Debug|x64
		{B119868B-EA58-45C8-89B2-0693D3395D31}.Debug|x86.ActiveCfg = Debug|x86
		{B119868B-EA58-45C8-89B2-0693D3395D31}.Debug|x86.Build.0 = Debug|x86
		{B119868B-EA58-45C8-89B2-0693D3395D31}.Release|Any CPU.ActiveCfg = Release|Any CPU
		{B119868B-EA58-45C8-89B2-0693D3395D31}.Release|Any CPU.Build.0 = Release|Any CPU
		{B119868B-EA58-45C8-89B2-0693D3395D31}.Release|ARM.ActiveCfg = Release|ARM
		{B119868B-EA58-45C8-89B2-0693D3395D31}.Release|ARM.Build.0 = Release|ARM
		{B119868B-EA58-45C8-89B2-0693D3395D31}.Release|ARM64.ActiveCfg = Release|ARM64
		{B119868B-EA58-45C8-89B2-0693D3395D31}.Release|ARM64.Build.0 = Release|ARM64
		{B119868B-EA58-45C8-89B2-0693D3395D31}.Release|iPhone.ActiveCfg = Release|Any CPU
		{B119868B-EA58-45C8-89B2-0693D3395D31}.Release|iPhone.Build.0 = Release|Any CPU
		{B119868B-EA58-45C8-89B2-0693D3395D31}.Release|iPhoneSimulator.ActiveCfg = Release|Any CPU
		{B119868B-EA58-45C8-89B2-0693D3395D31}.Release|iPhoneSimulator.Build.0 = Release|Any CPU
		{B119868B-EA58-45C8-89B2-0693D3395D31}.Release|x64.ActiveCfg = Release|x64
		{B119868B-EA58-45C8-89B2-0693D3395D31}.Release|x64.Build.0 = Release|x64
		{B119868B-EA58-45C8-89B2-0693D3395D31}.Release|x86.ActiveCfg = Release|x86
		{B119868B-EA58-45C8-89B2-0693D3395D31}.Release|x86.Build.0 = Release|x86
	EndGlobalSection
	GlobalSection(SolutionProperties) = preSolution
		HideSolutionNode = FALSE
	EndGlobalSection
	GlobalSection(ExtensibilityGlobals) = postSolution
		SolutionGuid = {4A2283E1-635B-4980-A603-0389637BE725}
	EndGlobalSection
	GlobalSection(SharedMSBuildProjectFiles) = preSolution
		SimpleWeather.UWP.Shared\SimpleWeather.UWP.Shared.projitems*{0cc8f69f-eebc-40b4-9e7c-c2974a00764d}*SharedItemsImports = 4
		SimpleWeather.UWP.Extras\SimpleWeather.UWP.Extras.projitems*{552847dd-608d-4da9-9ced-0c8416049742}*SharedItemsImports = 4
		SimpleWeather.UWP.Shared\SimpleWeather.UWP.Shared.projitems*{552847dd-608d-4da9-9ced-0c8416049742}*SharedItemsImports = 4
		SimpleWeather.UWP.Shared\SimpleWeather.UWP.Shared.projitems*{71735c8a-0b72-4cc7-8118-e53723d416c1}*SharedItemsImports = 13
		SimpleWeather.UWP.Extras\SimpleWeather.UWP.Extras.projitems*{dcdf58d5-d7f9-4282-9957-db7ca59442ad}*SharedItemsImports = 13
	EndGlobalSection
EndGlobal
