
Microsoft Visual Studio Solution File, Format Version 12.00
# Visual Studio Version 17
VisualStudioVersion = 17.4.33205.214
MinimumVisualStudioVersion = 10.0.40219.1
Project("{2150E333-8FDC-42A3-9474-1A3956D46DE8}") = "Platforms", "Platforms", "{1CA6C355-7F3A-401F-BB91-4A5B371B4C16}"
EndProject
Project("{9A19103F-16F7-4668-BE54-9A1E7A4F7556}") = "EditManifest", "EditManifest\EditManifest.csproj", "{94F8637B-52B8-429B-A5CA-043CFF4DD201}"
EndProject
Project("{9A19103F-16F7-4668-BE54-9A1E7A4F7556}") = "KeyCheck", "KeyCheck\KeyCheck.csproj", "{69259AD2-5CDE-4047-B7B4-CDE2F1AA5987}"
EndProject
Project("{9A19103F-16F7-4668-BE54-9A1E7A4F7556}") = "TranslationImport", "TranslationImport\TranslationImport.csproj", "{8FD62724-DA6A-4ADB-B5C1-629C3DDD5179}"
EndProject
Project("{9A19103F-16F7-4668-BE54-9A1E7A4F7556}") = "SimpleWeather.Backgrounds", "SimpleWeather.Backgrounds\SimpleWeather.Backgrounds.csproj", "{0CAA3B62-12E0-4418-8E32-95AEECA0AF97}"
EndProject
Project("{9A19103F-16F7-4668-BE54-9A1E7A4F7556}") = "SimpleWeather.Common", "SimpleWeather.Common\SimpleWeather.Common.csproj", "{B119868B-EA58-45C8-89B2-0693D3395D31}"
EndProject
Project("{9A19103F-16F7-4668-BE54-9A1E7A4F7556}") = "SimpleWeather.Extras", "SimpleWeather.Extras\SimpleWeather.Extras.csproj", "{0CC840EB-6362-44E7-95FE-22602ABDDC8B}"
EndProject
Project("{9A19103F-16F7-4668-BE54-9A1E7A4F7556}") = "SimpleWeather.Shared", "SimpleWeather.Shared\SimpleWeather.Shared.csproj", "{A92BE3F1-3252-4650-A17E-498B223BD039}"
EndProject
Project("{9A19103F-16F7-4668-BE54-9A1E7A4F7556}") = "SimpleWeather.Weather-API", "SimpleWeather.Weather-API\SimpleWeather.Weather-API.csproj", "{05EE68EB-2F0B-4AFB-A9CD-14D8DF05BA43}"
EndProject
Project("{9A19103F-16F7-4668-BE54-9A1E7A4F7556}") = "SimpleWeather.WeatherIcons", "SimpleWeather.WeatherIcons\SimpleWeather.WeatherIcons.csproj", "{82E985DD-96F7-4069-87F6-46D5AFE3CE6F}"
EndProject
Project("{D954291E-2A0B-460D-934E-DC6B0785DB48}") = "SimpleWeather.NET.Extras", "SimpleWeather.NET.Extras\SimpleWeather.NET.Extras.shproj", "{DCDF58D5-D7F9-4282-9957-DB7CA59442AD}"
EndProject
Project("{2150E333-8FDC-42A3-9474-1A3956D46DE8}") = "Solution Items", "Solution Items", "{84154FA5-7B15-4AA3-88A1-1C1D9BF5EED0}"
	ProjectSection(SolutionItems) = preProject
		.gitignore = .gitignore
		Directory.Build.props = Directory.Build.props
	EndProjectSection
EndProject
Project("{2150E333-8FDC-42A3-9474-1A3956D46DE8}") = "Windows", "Windows", "{EA14B749-C9EB-485D-93C7-D5EB463C943B}"
EndProject
Project("{2150E333-8FDC-42A3-9474-1A3956D46DE8}") = "Maui", "Maui", "{3791BCEF-9A42-4C20-B09B-DFF4470E2626}"
EndProject
Project("{FAE04EC0-301F-11D3-BF4B-00C04F79EFBC}") = "SimpleWeather.Maui", "Maui\SimpleWeather.Maui\SimpleWeather.Maui.csproj", "{0BE9C0AC-5EDA-4256-8720-CC4CC4052CB8}"
EndProject
Project("{D954291E-2A0B-460D-934E-DC6B0785DB48}") = "SimpleWeather.NET.Shared", "SimpleWeather.NET.Shared\SimpleWeather.NET.Shared.shproj", "{A8A32AF8-0A88-4F3B-9DCC-E3DF76EBF2DF}"
EndProject
Project("{9344BDBB-3E7F-41FC-A0DD-8665D75EE146}") = "SimpleWeather.Windows", "SimpleWeather.Windows\SimpleWeather.Windows.csproj", "{F9F9734B-21AC-4CB4-8830-0DFBF5FA2613}"
EndProject
Project("{9344BDBB-3E7F-41FC-A0DD-8665D75EE146}") = "SimpleWeather.BackgroundTasks", "SimpleWeather.BackgroundTasks\SimpleWeather.BackgroundTasks.csproj", "{17D44ED3-2F58-4069-9398-5C7A16A8F704}"
EndProject
Project("{9344BDBB-3E7F-41FC-A0DD-8665D75EE146}") = "UnitTestProject", "UnitTestProject\UnitTestProject.csproj", "{13E462CB-7956-4B4D-A1B5-CD75885C5F20}"
EndProject
Global
	GlobalSection(SolutionConfigurationPlatforms) = preSolution
		Debug|Any CPU = Debug|Any CPU
		Debug|ARM64 = Debug|ARM64
		Debug|iPhone = Debug|iPhone
		Debug|iPhoneSimulator = Debug|iPhoneSimulator
		Debug|x64 = Debug|x64
		Debug|x86 = Debug|x86
		Release|Any CPU = Release|Any CPU
		Release|ARM64 = Release|ARM64
		Release|iPhone = Release|iPhone
		Release|iPhoneSimulator = Release|iPhoneSimulator
		Release|x64 = Release|x64
		Release|x86 = Release|x86
	EndGlobalSection
	GlobalSection(ProjectConfigurationPlatforms) = postSolution
		{94F8637B-52B8-429B-A5CA-043CFF4DD201}.Debug|Any CPU.ActiveCfg = Debug|Any CPU
		{94F8637B-52B8-429B-A5CA-043CFF4DD201}.Debug|Any CPU.Build.0 = Debug|Any CPU
		{94F8637B-52B8-429B-A5CA-043CFF4DD201}.Debug|ARM64.ActiveCfg = Debug|Any CPU
		{94F8637B-52B8-429B-A5CA-043CFF4DD201}.Debug|ARM64.Build.0 = Debug|Any CPU
		{94F8637B-52B8-429B-A5CA-043CFF4DD201}.Debug|iPhone.ActiveCfg = Debug|Any CPU
		{94F8637B-52B8-429B-A5CA-043CFF4DD201}.Debug|iPhoneSimulator.ActiveCfg = Debug|Any CPU
		{94F8637B-52B8-429B-A5CA-043CFF4DD201}.Debug|x64.ActiveCfg = Debug|Any CPU
		{94F8637B-52B8-429B-A5CA-043CFF4DD201}.Debug|x64.Build.0 = Debug|Any CPU
		{94F8637B-52B8-429B-A5CA-043CFF4DD201}.Debug|x86.ActiveCfg = Debug|Any CPU
		{94F8637B-52B8-429B-A5CA-043CFF4DD201}.Debug|x86.Build.0 = Debug|Any CPU
		{94F8637B-52B8-429B-A5CA-043CFF4DD201}.Release|Any CPU.ActiveCfg = Release|Any CPU
		{94F8637B-52B8-429B-A5CA-043CFF4DD201}.Release|Any CPU.Build.0 = Release|Any CPU
		{94F8637B-52B8-429B-A5CA-043CFF4DD201}.Release|ARM64.ActiveCfg = Release|Any CPU
		{94F8637B-52B8-429B-A5CA-043CFF4DD201}.Release|ARM64.Build.0 = Release|Any CPU
		{94F8637B-52B8-429B-A5CA-043CFF4DD201}.Release|iPhone.ActiveCfg = Release|Any CPU
		{94F8637B-52B8-429B-A5CA-043CFF4DD201}.Release|iPhoneSimulator.ActiveCfg = Release|Any CPU
		{94F8637B-52B8-429B-A5CA-043CFF4DD201}.Release|x64.ActiveCfg = Release|Any CPU
		{94F8637B-52B8-429B-A5CA-043CFF4DD201}.Release|x64.Build.0 = Release|Any CPU
		{94F8637B-52B8-429B-A5CA-043CFF4DD201}.Release|x86.ActiveCfg = Release|Any CPU
		{94F8637B-52B8-429B-A5CA-043CFF4DD201}.Release|x86.Build.0 = Release|Any CPU
		{69259AD2-5CDE-4047-B7B4-CDE2F1AA5987}.Debug|Any CPU.ActiveCfg = Debug|Any CPU
		{69259AD2-5CDE-4047-B7B4-CDE2F1AA5987}.Debug|Any CPU.Build.0 = Debug|Any CPU
		{69259AD2-5CDE-4047-B7B4-CDE2F1AA5987}.Debug|ARM64.ActiveCfg = Debug|Any CPU
		{69259AD2-5CDE-4047-B7B4-CDE2F1AA5987}.Debug|ARM64.Build.0 = Debug|Any CPU
		{69259AD2-5CDE-4047-B7B4-CDE2F1AA5987}.Debug|iPhone.ActiveCfg = Debug|Any CPU
		{69259AD2-5CDE-4047-B7B4-CDE2F1AA5987}.Debug|iPhoneSimulator.ActiveCfg = Debug|Any CPU
		{69259AD2-5CDE-4047-B7B4-CDE2F1AA5987}.Debug|x64.ActiveCfg = Debug|Any CPU
		{69259AD2-5CDE-4047-B7B4-CDE2F1AA5987}.Debug|x64.Build.0 = Debug|Any CPU
		{69259AD2-5CDE-4047-B7B4-CDE2F1AA5987}.Debug|x86.ActiveCfg = Debug|Any CPU
		{69259AD2-5CDE-4047-B7B4-CDE2F1AA5987}.Debug|x86.Build.0 = Debug|Any CPU
		{69259AD2-5CDE-4047-B7B4-CDE2F1AA5987}.Release|Any CPU.ActiveCfg = Release|Any CPU
		{69259AD2-5CDE-4047-B7B4-CDE2F1AA5987}.Release|Any CPU.Build.0 = Release|Any CPU
		{69259AD2-5CDE-4047-B7B4-CDE2F1AA5987}.Release|ARM64.ActiveCfg = Release|Any CPU
		{69259AD2-5CDE-4047-B7B4-CDE2F1AA5987}.Release|ARM64.Build.0 = Release|Any CPU
		{69259AD2-5CDE-4047-B7B4-CDE2F1AA5987}.Release|iPhone.ActiveCfg = Release|Any CPU
		{69259AD2-5CDE-4047-B7B4-CDE2F1AA5987}.Release|iPhoneSimulator.ActiveCfg = Release|Any CPU
		{69259AD2-5CDE-4047-B7B4-CDE2F1AA5987}.Release|x64.ActiveCfg = Release|Any CPU
		{69259AD2-5CDE-4047-B7B4-CDE2F1AA5987}.Release|x64.Build.0 = Release|Any CPU
		{69259AD2-5CDE-4047-B7B4-CDE2F1AA5987}.Release|x86.ActiveCfg = Release|Any CPU
		{69259AD2-5CDE-4047-B7B4-CDE2F1AA5987}.Release|x86.Build.0 = Release|Any CPU
		{8FD62724-DA6A-4ADB-B5C1-629C3DDD5179}.Debug|Any CPU.ActiveCfg = Debug|Any CPU
		{8FD62724-DA6A-4ADB-B5C1-629C3DDD5179}.Debug|Any CPU.Build.0 = Debug|Any CPU
		{8FD62724-DA6A-4ADB-B5C1-629C3DDD5179}.Debug|ARM64.ActiveCfg = Debug|Any CPU
		{8FD62724-DA6A-4ADB-B5C1-629C3DDD5179}.Debug|ARM64.Build.0 = Debug|Any CPU
		{8FD62724-DA6A-4ADB-B5C1-629C3DDD5179}.Debug|iPhone.ActiveCfg = Debug|Any CPU
		{8FD62724-DA6A-4ADB-B5C1-629C3DDD5179}.Debug|iPhoneSimulator.ActiveCfg = Debug|Any CPU
		{8FD62724-DA6A-4ADB-B5C1-629C3DDD5179}.Debug|x64.ActiveCfg = Debug|Any CPU
		{8FD62724-DA6A-4ADB-B5C1-629C3DDD5179}.Debug|x64.Build.0 = Debug|Any CPU
		{8FD62724-DA6A-4ADB-B5C1-629C3DDD5179}.Debug|x86.ActiveCfg = Debug|Any CPU
		{8FD62724-DA6A-4ADB-B5C1-629C3DDD5179}.Debug|x86.Build.0 = Debug|Any CPU
		{8FD62724-DA6A-4ADB-B5C1-629C3DDD5179}.Release|Any CPU.ActiveCfg = Release|Any CPU
		{8FD62724-DA6A-4ADB-B5C1-629C3DDD5179}.Release|Any CPU.Build.0 = Release|Any CPU
		{8FD62724-DA6A-4ADB-B5C1-629C3DDD5179}.Release|ARM64.ActiveCfg = Release|Any CPU
		{8FD62724-DA6A-4ADB-B5C1-629C3DDD5179}.Release|ARM64.Build.0 = Release|Any CPU
		{8FD62724-DA6A-4ADB-B5C1-629C3DDD5179}.Release|iPhone.ActiveCfg = Release|Any CPU
		{8FD62724-DA6A-4ADB-B5C1-629C3DDD5179}.Release|iPhoneSimulator.ActiveCfg = Release|Any CPU
		{8FD62724-DA6A-4ADB-B5C1-629C3DDD5179}.Release|x64.ActiveCfg = Release|Any CPU
		{8FD62724-DA6A-4ADB-B5C1-629C3DDD5179}.Release|x64.Build.0 = Release|Any CPU
		{8FD62724-DA6A-4ADB-B5C1-629C3DDD5179}.Release|x86.ActiveCfg = Release|Any CPU
		{8FD62724-DA6A-4ADB-B5C1-629C3DDD5179}.Release|x86.Build.0 = Release|Any CPU
		{0CAA3B62-12E0-4418-8E32-95AEECA0AF97}.Debug|Any CPU.ActiveCfg = Debug|Any CPU
		{0CAA3B62-12E0-4418-8E32-95AEECA0AF97}.Debug|Any CPU.Build.0 = Debug|Any CPU
		{0CAA3B62-12E0-4418-8E32-95AEECA0AF97}.Debug|ARM64.ActiveCfg = Debug|Any CPU
		{0CAA3B62-12E0-4418-8E32-95AEECA0AF97}.Debug|ARM64.Build.0 = Debug|Any CPU
		{0CAA3B62-12E0-4418-8E32-95AEECA0AF97}.Debug|iPhone.ActiveCfg = Debug|Any CPU
		{0CAA3B62-12E0-4418-8E32-95AEECA0AF97}.Debug|iPhone.Build.0 = Debug|Any CPU
		{0CAA3B62-12E0-4418-8E32-95AEECA0AF97}.Debug|iPhoneSimulator.ActiveCfg = Debug|Any CPU
		{0CAA3B62-12E0-4418-8E32-95AEECA0AF97}.Debug|iPhoneSimulator.Build.0 = Debug|Any CPU
		{0CAA3B62-12E0-4418-8E32-95AEECA0AF97}.Debug|x64.ActiveCfg = Debug|Any CPU
		{0CAA3B62-12E0-4418-8E32-95AEECA0AF97}.Debug|x64.Build.0 = Debug|Any CPU
		{0CAA3B62-12E0-4418-8E32-95AEECA0AF97}.Debug|x86.ActiveCfg = Debug|Any CPU
		{0CAA3B62-12E0-4418-8E32-95AEECA0AF97}.Debug|x86.Build.0 = Debug|Any CPU
		{0CAA3B62-12E0-4418-8E32-95AEECA0AF97}.Release|Any CPU.ActiveCfg = Release|Any CPU
		{0CAA3B62-12E0-4418-8E32-95AEECA0AF97}.Release|Any CPU.Build.0 = Release|Any CPU
		{0CAA3B62-12E0-4418-8E32-95AEECA0AF97}.Release|ARM64.ActiveCfg = Release|Any CPU
		{0CAA3B62-12E0-4418-8E32-95AEECA0AF97}.Release|ARM64.Build.0 = Release|Any CPU
		{0CAA3B62-12E0-4418-8E32-95AEECA0AF97}.Release|iPhone.ActiveCfg = Release|Any CPU
		{0CAA3B62-12E0-4418-8E32-95AEECA0AF97}.Release|iPhone.Build.0 = Release|Any CPU
		{0CAA3B62-12E0-4418-8E32-95AEECA0AF97}.Release|iPhoneSimulator.ActiveCfg = Release|Any CPU
		{0CAA3B62-12E0-4418-8E32-95AEECA0AF97}.Release|iPhoneSimulator.Build.0 = Release|Any CPU
		{0CAA3B62-12E0-4418-8E32-95AEECA0AF97}.Release|x64.ActiveCfg = Release|Any CPU
		{0CAA3B62-12E0-4418-8E32-95AEECA0AF97}.Release|x64.Build.0 = Release|Any CPU
		{0CAA3B62-12E0-4418-8E32-95AEECA0AF97}.Release|x86.ActiveCfg = Release|Any CPU
		{0CAA3B62-12E0-4418-8E32-95AEECA0AF97}.Release|x86.Build.0 = Release|Any CPU
		{B119868B-EA58-45C8-89B2-0693D3395D31}.Debug|Any CPU.ActiveCfg = Debug|Any CPU
		{B119868B-EA58-45C8-89B2-0693D3395D31}.Debug|Any CPU.Build.0 = Debug|Any CPU
		{B119868B-EA58-45C8-89B2-0693D3395D31}.Debug|ARM64.ActiveCfg = Debug|Any CPU
		{B119868B-EA58-45C8-89B2-0693D3395D31}.Debug|ARM64.Build.0 = Debug|Any CPU
		{B119868B-EA58-45C8-89B2-0693D3395D31}.Debug|iPhone.ActiveCfg = Debug|Any CPU
		{B119868B-EA58-45C8-89B2-0693D3395D31}.Debug|iPhone.Build.0 = Debug|Any CPU
		{B119868B-EA58-45C8-89B2-0693D3395D31}.Debug|iPhoneSimulator.ActiveCfg = Debug|Any CPU
		{B119868B-EA58-45C8-89B2-0693D3395D31}.Debug|iPhoneSimulator.Build.0 = Debug|Any CPU
		{B119868B-EA58-45C8-89B2-0693D3395D31}.Debug|x64.ActiveCfg = Debug|Any CPU
		{B119868B-EA58-45C8-89B2-0693D3395D31}.Debug|x64.Build.0 = Debug|Any CPU
		{B119868B-EA58-45C8-89B2-0693D3395D31}.Debug|x86.ActiveCfg = Debug|Any CPU
		{B119868B-EA58-45C8-89B2-0693D3395D31}.Debug|x86.Build.0 = Debug|Any CPU
		{B119868B-EA58-45C8-89B2-0693D3395D31}.Release|Any CPU.ActiveCfg = Release|Any CPU
		{B119868B-EA58-45C8-89B2-0693D3395D31}.Release|Any CPU.Build.0 = Release|Any CPU
		{B119868B-EA58-45C8-89B2-0693D3395D31}.Release|ARM64.ActiveCfg = Release|Any CPU
		{B119868B-EA58-45C8-89B2-0693D3395D31}.Release|ARM64.Build.0 = Release|Any CPU
		{B119868B-EA58-45C8-89B2-0693D3395D31}.Release|iPhone.ActiveCfg = Release|Any CPU
		{B119868B-EA58-45C8-89B2-0693D3395D31}.Release|iPhone.Build.0 = Release|Any CPU
		{B119868B-EA58-45C8-89B2-0693D3395D31}.Release|iPhoneSimulator.ActiveCfg = Release|Any CPU
		{B119868B-EA58-45C8-89B2-0693D3395D31}.Release|iPhoneSimulator.Build.0 = Release|Any CPU
		{B119868B-EA58-45C8-89B2-0693D3395D31}.Release|x64.ActiveCfg = Release|Any CPU
		{B119868B-EA58-45C8-89B2-0693D3395D31}.Release|x64.Build.0 = Release|Any CPU
		{B119868B-EA58-45C8-89B2-0693D3395D31}.Release|x86.ActiveCfg = Release|Any CPU
		{B119868B-EA58-45C8-89B2-0693D3395D31}.Release|x86.Build.0 = Release|Any CPU
		{0CC840EB-6362-44E7-95FE-22602ABDDC8B}.Debug|Any CPU.ActiveCfg = Debug|Any CPU
		{0CC840EB-6362-44E7-95FE-22602ABDDC8B}.Debug|Any CPU.Build.0 = Debug|Any CPU
		{0CC840EB-6362-44E7-95FE-22602ABDDC8B}.Debug|ARM64.ActiveCfg = Debug|Any CPU
		{0CC840EB-6362-44E7-95FE-22602ABDDC8B}.Debug|ARM64.Build.0 = Debug|Any CPU
		{0CC840EB-6362-44E7-95FE-22602ABDDC8B}.Debug|iPhone.ActiveCfg = Debug|Any CPU
		{0CC840EB-6362-44E7-95FE-22602ABDDC8B}.Debug|iPhone.Build.0 = Debug|Any CPU
		{0CC840EB-6362-44E7-95FE-22602ABDDC8B}.Debug|iPhoneSimulator.ActiveCfg = Debug|Any CPU
		{0CC840EB-6362-44E7-95FE-22602ABDDC8B}.Debug|iPhoneSimulator.Build.0 = Debug|Any CPU
		{0CC840EB-6362-44E7-95FE-22602ABDDC8B}.Debug|x64.ActiveCfg = Debug|Any CPU
		{0CC840EB-6362-44E7-95FE-22602ABDDC8B}.Debug|x64.Build.0 = Debug|Any CPU
		{0CC840EB-6362-44E7-95FE-22602ABDDC8B}.Debug|x86.ActiveCfg = Debug|Any CPU
		{0CC840EB-6362-44E7-95FE-22602ABDDC8B}.Debug|x86.Build.0 = Debug|Any CPU
		{0CC840EB-6362-44E7-95FE-22602ABDDC8B}.Release|Any CPU.ActiveCfg = Release|Any CPU
		{0CC840EB-6362-44E7-95FE-22602ABDDC8B}.Release|Any CPU.Build.0 = Release|Any CPU
		{0CC840EB-6362-44E7-95FE-22602ABDDC8B}.Release|ARM64.ActiveCfg = Release|Any CPU
		{0CC840EB-6362-44E7-95FE-22602ABDDC8B}.Release|ARM64.Build.0 = Release|Any CPU
		{0CC840EB-6362-44E7-95FE-22602ABDDC8B}.Release|iPhone.ActiveCfg = Release|Any CPU
		{0CC840EB-6362-44E7-95FE-22602ABDDC8B}.Release|iPhone.Build.0 = Release|Any CPU
		{0CC840EB-6362-44E7-95FE-22602ABDDC8B}.Release|iPhoneSimulator.ActiveCfg = Release|Any CPU
		{0CC840EB-6362-44E7-95FE-22602ABDDC8B}.Release|iPhoneSimulator.Build.0 = Release|Any CPU
		{0CC840EB-6362-44E7-95FE-22602ABDDC8B}.Release|x64.ActiveCfg = Release|Any CPU
		{0CC840EB-6362-44E7-95FE-22602ABDDC8B}.Release|x64.Build.0 = Release|Any CPU
		{0CC840EB-6362-44E7-95FE-22602ABDDC8B}.Release|x86.ActiveCfg = Release|Any CPU
		{0CC840EB-6362-44E7-95FE-22602ABDDC8B}.Release|x86.Build.0 = Release|Any CPU
		{A92BE3F1-3252-4650-A17E-498B223BD039}.Debug|Any CPU.ActiveCfg = Debug|Any CPU
		{A92BE3F1-3252-4650-A17E-498B223BD039}.Debug|Any CPU.Build.0 = Debug|Any CPU
		{A92BE3F1-3252-4650-A17E-498B223BD039}.Debug|ARM64.ActiveCfg = Debug|Any CPU
		{A92BE3F1-3252-4650-A17E-498B223BD039}.Debug|ARM64.Build.0 = Debug|Any CPU
		{A92BE3F1-3252-4650-A17E-498B223BD039}.Debug|iPhone.ActiveCfg = Debug|Any CPU
		{A92BE3F1-3252-4650-A17E-498B223BD039}.Debug|iPhone.Build.0 = Debug|Any CPU
		{A92BE3F1-3252-4650-A17E-498B223BD039}.Debug|iPhoneSimulator.ActiveCfg = Debug|Any CPU
		{A92BE3F1-3252-4650-A17E-498B223BD039}.Debug|iPhoneSimulator.Build.0 = Debug|Any CPU
		{A92BE3F1-3252-4650-A17E-498B223BD039}.Debug|x64.ActiveCfg = Debug|Any CPU
		{A92BE3F1-3252-4650-A17E-498B223BD039}.Debug|x64.Build.0 = Debug|Any CPU
		{A92BE3F1-3252-4650-A17E-498B223BD039}.Debug|x86.ActiveCfg = Debug|Any CPU
		{A92BE3F1-3252-4650-A17E-498B223BD039}.Debug|x86.Build.0 = Debug|Any CPU
		{A92BE3F1-3252-4650-A17E-498B223BD039}.Release|Any CPU.ActiveCfg = Release|Any CPU
		{A92BE3F1-3252-4650-A17E-498B223BD039}.Release|Any CPU.Build.0 = Release|Any CPU
		{A92BE3F1-3252-4650-A17E-498B223BD039}.Release|ARM64.ActiveCfg = Release|Any CPU
		{A92BE3F1-3252-4650-A17E-498B223BD039}.Release|ARM64.Build.0 = Release|Any CPU
		{A92BE3F1-3252-4650-A17E-498B223BD039}.Release|iPhone.ActiveCfg = Release|Any CPU
		{A92BE3F1-3252-4650-A17E-498B223BD039}.Release|iPhone.Build.0 = Release|Any CPU
		{A92BE3F1-3252-4650-A17E-498B223BD039}.Release|iPhoneSimulator.ActiveCfg = Release|Any CPU
		{A92BE3F1-3252-4650-A17E-498B223BD039}.Release|iPhoneSimulator.Build.0 = Release|Any CPU
		{A92BE3F1-3252-4650-A17E-498B223BD039}.Release|x64.ActiveCfg = Release|Any CPU
		{A92BE3F1-3252-4650-A17E-498B223BD039}.Release|x64.Build.0 = Release|Any CPU
		{A92BE3F1-3252-4650-A17E-498B223BD039}.Release|x86.ActiveCfg = Release|Any CPU
		{A92BE3F1-3252-4650-A17E-498B223BD039}.Release|x86.Build.0 = Release|Any CPU
		{05EE68EB-2F0B-4AFB-A9CD-14D8DF05BA43}.Debug|Any CPU.ActiveCfg = Debug|Any CPU
		{05EE68EB-2F0B-4AFB-A9CD-14D8DF05BA43}.Debug|Any CPU.Build.0 = Debug|Any CPU
		{05EE68EB-2F0B-4AFB-A9CD-14D8DF05BA43}.Debug|ARM64.ActiveCfg = Debug|Any CPU
		{05EE68EB-2F0B-4AFB-A9CD-14D8DF05BA43}.Debug|ARM64.Build.0 = Debug|Any CPU
		{05EE68EB-2F0B-4AFB-A9CD-14D8DF05BA43}.Debug|iPhone.ActiveCfg = Debug|Any CPU
		{05EE68EB-2F0B-4AFB-A9CD-14D8DF05BA43}.Debug|iPhone.Build.0 = Debug|Any CPU
		{05EE68EB-2F0B-4AFB-A9CD-14D8DF05BA43}.Debug|iPhoneSimulator.ActiveCfg = Debug|Any CPU
		{05EE68EB-2F0B-4AFB-A9CD-14D8DF05BA43}.Debug|iPhoneSimulator.Build.0 = Debug|Any CPU
		{05EE68EB-2F0B-4AFB-A9CD-14D8DF05BA43}.Debug|x64.ActiveCfg = Debug|Any CPU
		{05EE68EB-2F0B-4AFB-A9CD-14D8DF05BA43}.Debug|x64.Build.0 = Debug|Any CPU
		{05EE68EB-2F0B-4AFB-A9CD-14D8DF05BA43}.Debug|x86.ActiveCfg = Debug|Any CPU
		{05EE68EB-2F0B-4AFB-A9CD-14D8DF05BA43}.Debug|x86.Build.0 = Debug|Any CPU
		{05EE68EB-2F0B-4AFB-A9CD-14D8DF05BA43}.Release|Any CPU.ActiveCfg = Release|Any CPU
		{05EE68EB-2F0B-4AFB-A9CD-14D8DF05BA43}.Release|Any CPU.Build.0 = Release|Any CPU
		{05EE68EB-2F0B-4AFB-A9CD-14D8DF05BA43}.Release|ARM64.ActiveCfg = Release|Any CPU
		{05EE68EB-2F0B-4AFB-A9CD-14D8DF05BA43}.Release|ARM64.Build.0 = Release|Any CPU
		{05EE68EB-2F0B-4AFB-A9CD-14D8DF05BA43}.Release|iPhone.ActiveCfg = Release|Any CPU
		{05EE68EB-2F0B-4AFB-A9CD-14D8DF05BA43}.Release|iPhone.Build.0 = Release|Any CPU
		{05EE68EB-2F0B-4AFB-A9CD-14D8DF05BA43}.Release|iPhoneSimulator.ActiveCfg = Release|Any CPU
		{05EE68EB-2F0B-4AFB-A9CD-14D8DF05BA43}.Release|iPhoneSimulator.Build.0 = Release|Any CPU
		{05EE68EB-2F0B-4AFB-A9CD-14D8DF05BA43}.Release|x64.ActiveCfg = Release|Any CPU
		{05EE68EB-2F0B-4AFB-A9CD-14D8DF05BA43}.Release|x64.Build.0 = Release|Any CPU
		{05EE68EB-2F0B-4AFB-A9CD-14D8DF05BA43}.Release|x86.ActiveCfg = Release|Any CPU
		{05EE68EB-2F0B-4AFB-A9CD-14D8DF05BA43}.Release|x86.Build.0 = Release|Any CPU
		{82E985DD-96F7-4069-87F6-46D5AFE3CE6F}.Debug|Any CPU.ActiveCfg = Debug|Any CPU
		{82E985DD-96F7-4069-87F6-46D5AFE3CE6F}.Debug|Any CPU.Build.0 = Debug|Any CPU
		{82E985DD-96F7-4069-87F6-46D5AFE3CE6F}.Debug|ARM64.ActiveCfg = Debug|Any CPU
		{82E985DD-96F7-4069-87F6-46D5AFE3CE6F}.Debug|ARM64.Build.0 = Debug|Any CPU
		{82E985DD-96F7-4069-87F6-46D5AFE3CE6F}.Debug|iPhone.ActiveCfg = Debug|Any CPU
		{82E985DD-96F7-4069-87F6-46D5AFE3CE6F}.Debug|iPhone.Build.0 = Debug|Any CPU
		{82E985DD-96F7-4069-87F6-46D5AFE3CE6F}.Debug|iPhoneSimulator.ActiveCfg = Debug|Any CPU
		{82E985DD-96F7-4069-87F6-46D5AFE3CE6F}.Debug|iPhoneSimulator.Build.0 = Debug|Any CPU
		{82E985DD-96F7-4069-87F6-46D5AFE3CE6F}.Debug|x64.ActiveCfg = Debug|Any CPU
		{82E985DD-96F7-4069-87F6-46D5AFE3CE6F}.Debug|x64.Build.0 = Debug|Any CPU
		{82E985DD-96F7-4069-87F6-46D5AFE3CE6F}.Debug|x86.ActiveCfg = Debug|Any CPU
		{82E985DD-96F7-4069-87F6-46D5AFE3CE6F}.Debug|x86.Build.0 = Debug|Any CPU
		{82E985DD-96F7-4069-87F6-46D5AFE3CE6F}.Release|Any CPU.ActiveCfg = Release|Any CPU
		{82E985DD-96F7-4069-87F6-46D5AFE3CE6F}.Release|Any CPU.Build.0 = Release|Any CPU
		{82E985DD-96F7-4069-87F6-46D5AFE3CE6F}.Release|ARM64.ActiveCfg = Release|Any CPU
		{82E985DD-96F7-4069-87F6-46D5AFE3CE6F}.Release|ARM64.Build.0 = Release|Any CPU
		{82E985DD-96F7-4069-87F6-46D5AFE3CE6F}.Release|iPhone.ActiveCfg = Release|Any CPU
		{82E985DD-96F7-4069-87F6-46D5AFE3CE6F}.Release|iPhone.Build.0 = Release|Any CPU
		{82E985DD-96F7-4069-87F6-46D5AFE3CE6F}.Release|iPhoneSimulator.ActiveCfg = Release|Any CPU
		{82E985DD-96F7-4069-87F6-46D5AFE3CE6F}.Release|iPhoneSimulator.Build.0 = Release|Any CPU
		{82E985DD-96F7-4069-87F6-46D5AFE3CE6F}.Release|x64.ActiveCfg = Release|Any CPU
		{82E985DD-96F7-4069-87F6-46D5AFE3CE6F}.Release|x64.Build.0 = Release|Any CPU
		{82E985DD-96F7-4069-87F6-46D5AFE3CE6F}.Release|x86.ActiveCfg = Release|Any CPU
		{82E985DD-96F7-4069-87F6-46D5AFE3CE6F}.Release|x86.Build.0 = Release|Any CPU
		{0BE9C0AC-5EDA-4256-8720-CC4CC4052CB8}.Debug|Any CPU.ActiveCfg = Debug|Any CPU
		{0BE9C0AC-5EDA-4256-8720-CC4CC4052CB8}.Debug|Any CPU.Build.0 = Debug|Any CPU
		{0BE9C0AC-5EDA-4256-8720-CC4CC4052CB8}.Debug|Any CPU.Deploy.0 = Debug|Any CPU
		{0BE9C0AC-5EDA-4256-8720-CC4CC4052CB8}.Debug|ARM64.ActiveCfg = Debug|Any CPU
		{0BE9C0AC-5EDA-4256-8720-CC4CC4052CB8}.Debug|ARM64.Build.0 = Debug|Any CPU
		{0BE9C0AC-5EDA-4256-8720-CC4CC4052CB8}.Debug|ARM64.Deploy.0 = Debug|Any CPU
		{0BE9C0AC-5EDA-4256-8720-CC4CC4052CB8}.Debug|iPhone.ActiveCfg = Debug|Any CPU
		{0BE9C0AC-5EDA-4256-8720-CC4CC4052CB8}.Debug|iPhone.Build.0 = Debug|Any CPU
		{0BE9C0AC-5EDA-4256-8720-CC4CC4052CB8}.Debug|iPhone.Deploy.0 = Debug|Any CPU
		{0BE9C0AC-5EDA-4256-8720-CC4CC4052CB8}.Debug|iPhoneSimulator.ActiveCfg = Debug|Any CPU
		{0BE9C0AC-5EDA-4256-8720-CC4CC4052CB8}.Debug|iPhoneSimulator.Build.0 = Debug|Any CPU
		{0BE9C0AC-5EDA-4256-8720-CC4CC4052CB8}.Debug|iPhoneSimulator.Deploy.0 = Debug|Any CPU
		{0BE9C0AC-5EDA-4256-8720-CC4CC4052CB8}.Debug|x64.ActiveCfg = Debug|Any CPU
		{0BE9C0AC-5EDA-4256-8720-CC4CC4052CB8}.Debug|x64.Build.0 = Debug|Any CPU
		{0BE9C0AC-5EDA-4256-8720-CC4CC4052CB8}.Debug|x64.Deploy.0 = Debug|Any CPU
		{0BE9C0AC-5EDA-4256-8720-CC4CC4052CB8}.Debug|x86.ActiveCfg = Debug|Any CPU
		{0BE9C0AC-5EDA-4256-8720-CC4CC4052CB8}.Debug|x86.Build.0 = Debug|Any CPU
		{0BE9C0AC-5EDA-4256-8720-CC4CC4052CB8}.Debug|x86.Deploy.0 = Debug|Any CPU
		{0BE9C0AC-5EDA-4256-8720-CC4CC4052CB8}.Release|Any CPU.ActiveCfg = Release|Any CPU
		{0BE9C0AC-5EDA-4256-8720-CC4CC4052CB8}.Release|Any CPU.Build.0 = Release|Any CPU
		{0BE9C0AC-5EDA-4256-8720-CC4CC4052CB8}.Release|Any CPU.Deploy.0 = Release|Any CPU
		{0BE9C0AC-5EDA-4256-8720-CC4CC4052CB8}.Release|ARM64.ActiveCfg = Release|Any CPU
		{0BE9C0AC-5EDA-4256-8720-CC4CC4052CB8}.Release|ARM64.Build.0 = Release|Any CPU
		{0BE9C0AC-5EDA-4256-8720-CC4CC4052CB8}.Release|ARM64.Deploy.0 = Release|Any CPU
		{0BE9C0AC-5EDA-4256-8720-CC4CC4052CB8}.Release|iPhone.ActiveCfg = Release|Any CPU
		{0BE9C0AC-5EDA-4256-8720-CC4CC4052CB8}.Release|iPhone.Build.0 = Release|Any CPU
		{0BE9C0AC-5EDA-4256-8720-CC4CC4052CB8}.Release|iPhone.Deploy.0 = Release|Any CPU
		{0BE9C0AC-5EDA-4256-8720-CC4CC4052CB8}.Release|iPhoneSimulator.ActiveCfg = Release|Any CPU
		{0BE9C0AC-5EDA-4256-8720-CC4CC4052CB8}.Release|iPhoneSimulator.Build.0 = Release|Any CPU
		{0BE9C0AC-5EDA-4256-8720-CC4CC4052CB8}.Release|iPhoneSimulator.Deploy.0 = Release|Any CPU
		{0BE9C0AC-5EDA-4256-8720-CC4CC4052CB8}.Release|x64.ActiveCfg = Release|Any CPU
		{0BE9C0AC-5EDA-4256-8720-CC4CC4052CB8}.Release|x64.Build.0 = Release|Any CPU
		{0BE9C0AC-5EDA-4256-8720-CC4CC4052CB8}.Release|x64.Deploy.0 = Release|Any CPU
		{0BE9C0AC-5EDA-4256-8720-CC4CC4052CB8}.Release|x86.ActiveCfg = Release|Any CPU
		{0BE9C0AC-5EDA-4256-8720-CC4CC4052CB8}.Release|x86.Build.0 = Release|Any CPU
		{0BE9C0AC-5EDA-4256-8720-CC4CC4052CB8}.Release|x86.Deploy.0 = Release|Any CPU
		{F9F9734B-21AC-4CB4-8830-0DFBF5FA2613}.Debug|Any CPU.ActiveCfg = Debug|x86
		{F9F9734B-21AC-4CB4-8830-0DFBF5FA2613}.Debug|Any CPU.Build.0 = Debug|x86
		{F9F9734B-21AC-4CB4-8830-0DFBF5FA2613}.Debug|Any CPU.Deploy.0 = Debug|x86
		{F9F9734B-21AC-4CB4-8830-0DFBF5FA2613}.Debug|ARM64.ActiveCfg = Debug|ARM64
		{F9F9734B-21AC-4CB4-8830-0DFBF5FA2613}.Debug|ARM64.Build.0 = Debug|ARM64
		{F9F9734B-21AC-4CB4-8830-0DFBF5FA2613}.Debug|ARM64.Deploy.0 = Debug|ARM64
		{F9F9734B-21AC-4CB4-8830-0DFBF5FA2613}.Debug|iPhone.ActiveCfg = Debug|x86
		{F9F9734B-21AC-4CB4-8830-0DFBF5FA2613}.Debug|iPhone.Build.0 = Debug|x86
		{F9F9734B-21AC-4CB4-8830-0DFBF5FA2613}.Debug|iPhone.Deploy.0 = Debug|x86
		{F9F9734B-21AC-4CB4-8830-0DFBF5FA2613}.Debug|iPhoneSimulator.ActiveCfg = Debug|x86
		{F9F9734B-21AC-4CB4-8830-0DFBF5FA2613}.Debug|iPhoneSimulator.Build.0 = Debug|x86
		{F9F9734B-21AC-4CB4-8830-0DFBF5FA2613}.Debug|iPhoneSimulator.Deploy.0 = Debug|x86
		{F9F9734B-21AC-4CB4-8830-0DFBF5FA2613}.Debug|x64.ActiveCfg = Debug|x64
		{F9F9734B-21AC-4CB4-8830-0DFBF5FA2613}.Debug|x64.Build.0 = Debug|x64
		{F9F9734B-21AC-4CB4-8830-0DFBF5FA2613}.Debug|x64.Deploy.0 = Debug|x64
		{F9F9734B-21AC-4CB4-8830-0DFBF5FA2613}.Debug|x86.ActiveCfg = Debug|x86
		{F9F9734B-21AC-4CB4-8830-0DFBF5FA2613}.Debug|x86.Build.0 = Debug|x86
		{F9F9734B-21AC-4CB4-8830-0DFBF5FA2613}.Debug|x86.Deploy.0 = Debug|x86
		{F9F9734B-21AC-4CB4-8830-0DFBF5FA2613}.Release|Any CPU.ActiveCfg = Release|x86
		{F9F9734B-21AC-4CB4-8830-0DFBF5FA2613}.Release|Any CPU.Build.0 = Release|x86
		{F9F9734B-21AC-4CB4-8830-0DFBF5FA2613}.Release|Any CPU.Deploy.0 = Release|x86
		{F9F9734B-21AC-4CB4-8830-0DFBF5FA2613}.Release|ARM64.ActiveCfg = Release|ARM64
		{F9F9734B-21AC-4CB4-8830-0DFBF5FA2613}.Release|ARM64.Build.0 = Release|ARM64
		{F9F9734B-21AC-4CB4-8830-0DFBF5FA2613}.Release|ARM64.Deploy.0 = Release|ARM64
		{F9F9734B-21AC-4CB4-8830-0DFBF5FA2613}.Release|iPhone.ActiveCfg = Release|x86
		{F9F9734B-21AC-4CB4-8830-0DFBF5FA2613}.Release|iPhone.Build.0 = Release|x86
		{F9F9734B-21AC-4CB4-8830-0DFBF5FA2613}.Release|iPhoneSimulator.ActiveCfg = Release|x86
		{F9F9734B-21AC-4CB4-8830-0DFBF5FA2613}.Release|iPhoneSimulator.Build.0 = Release|x86
		{F9F9734B-21AC-4CB4-8830-0DFBF5FA2613}.Release|iPhoneSimulator.Deploy.0 = Release|x86
		{F9F9734B-21AC-4CB4-8830-0DFBF5FA2613}.Release|x64.ActiveCfg = Release|x64
		{F9F9734B-21AC-4CB4-8830-0DFBF5FA2613}.Release|x64.Build.0 = Release|x64
		{F9F9734B-21AC-4CB4-8830-0DFBF5FA2613}.Release|x64.Deploy.0 = Release|x64
		{F9F9734B-21AC-4CB4-8830-0DFBF5FA2613}.Release|x86.ActiveCfg = Release|x86
		{F9F9734B-21AC-4CB4-8830-0DFBF5FA2613}.Release|x86.Build.0 = Release|x86
		{F9F9734B-21AC-4CB4-8830-0DFBF5FA2613}.Release|x86.Deploy.0 = Release|x86
		{17D44ED3-2F58-4069-9398-5C7A16A8F704}.Debug|Any CPU.ActiveCfg = Debug|x86
		{17D44ED3-2F58-4069-9398-5C7A16A8F704}.Debug|Any CPU.Build.0 = Debug|x86
		{17D44ED3-2F58-4069-9398-5C7A16A8F704}.Debug|ARM64.ActiveCfg = Debug|ARM64
		{17D44ED3-2F58-4069-9398-5C7A16A8F704}.Debug|ARM64.Build.0 = Debug|ARM64
		{17D44ED3-2F58-4069-9398-5C7A16A8F704}.Debug|iPhone.ActiveCfg = Debug|x86
		{17D44ED3-2F58-4069-9398-5C7A16A8F704}.Debug|iPhone.Build.0 = Debug|x86
		{17D44ED3-2F58-4069-9398-5C7A16A8F704}.Debug|iPhoneSimulator.ActiveCfg = Debug|x86
		{17D44ED3-2F58-4069-9398-5C7A16A8F704}.Debug|iPhoneSimulator.Build.0 = Debug|x86
		{17D44ED3-2F58-4069-9398-5C7A16A8F704}.Debug|x64.ActiveCfg = Debug|x64
		{17D44ED3-2F58-4069-9398-5C7A16A8F704}.Debug|x64.Build.0 = Debug|x64
		{17D44ED3-2F58-4069-9398-5C7A16A8F704}.Debug|x86.ActiveCfg = Debug|x86
		{17D44ED3-2F58-4069-9398-5C7A16A8F704}.Debug|x86.Build.0 = Debug|x86
		{17D44ED3-2F58-4069-9398-5C7A16A8F704}.Release|Any CPU.ActiveCfg = Release|x86
		{17D44ED3-2F58-4069-9398-5C7A16A8F704}.Release|Any CPU.Build.0 = Release|x86
		{17D44ED3-2F58-4069-9398-5C7A16A8F704}.Release|ARM64.ActiveCfg = Release|ARM64
		{17D44ED3-2F58-4069-9398-5C7A16A8F704}.Release|ARM64.Build.0 = Release|ARM64
		{17D44ED3-2F58-4069-9398-5C7A16A8F704}.Release|iPhone.ActiveCfg = Release|x86
		{17D44ED3-2F58-4069-9398-5C7A16A8F704}.Release|iPhone.Build.0 = Release|x86
		{17D44ED3-2F58-4069-9398-5C7A16A8F704}.Release|iPhoneSimulator.ActiveCfg = Release|x86
		{17D44ED3-2F58-4069-9398-5C7A16A8F704}.Release|iPhoneSimulator.Build.0 = Release|x86
		{17D44ED3-2F58-4069-9398-5C7A16A8F704}.Release|x64.ActiveCfg = Release|x64
		{17D44ED3-2F58-4069-9398-5C7A16A8F704}.Release|x64.Build.0 = Release|x64
		{17D44ED3-2F58-4069-9398-5C7A16A8F704}.Release|x86.ActiveCfg = Release|x86
		{17D44ED3-2F58-4069-9398-5C7A16A8F704}.Release|x86.Build.0 = Release|x86
		{13E462CB-7956-4B4D-A1B5-CD75885C5F20}.Debug|Any CPU.ActiveCfg = Debug|Any CPU
		{13E462CB-7956-4B4D-A1B5-CD75885C5F20}.Debug|Any CPU.Build.0 = Debug|Any CPU
		{13E462CB-7956-4B4D-A1B5-CD75885C5F20}.Debug|ARM64.ActiveCfg = Debug|Any CPU
		{13E462CB-7956-4B4D-A1B5-CD75885C5F20}.Debug|ARM64.Build.0 = Debug|Any CPU
		{13E462CB-7956-4B4D-A1B5-CD75885C5F20}.Debug|iPhone.ActiveCfg = Debug|Any CPU
		{13E462CB-7956-4B4D-A1B5-CD75885C5F20}.Debug|iPhone.Build.0 = Debug|Any CPU
		{13E462CB-7956-4B4D-A1B5-CD75885C5F20}.Debug|iPhoneSimulator.ActiveCfg = Debug|Any CPU
		{13E462CB-7956-4B4D-A1B5-CD75885C5F20}.Debug|iPhoneSimulator.Build.0 = Debug|Any CPU
		{13E462CB-7956-4B4D-A1B5-CD75885C5F20}.Debug|x64.ActiveCfg = Debug|Any CPU
		{13E462CB-7956-4B4D-A1B5-CD75885C5F20}.Debug|x64.Build.0 = Debug|Any CPU
		{13E462CB-7956-4B4D-A1B5-CD75885C5F20}.Debug|x86.ActiveCfg = Debug|Any CPU
		{13E462CB-7956-4B4D-A1B5-CD75885C5F20}.Debug|x86.Build.0 = Debug|Any CPU
		{13E462CB-7956-4B4D-A1B5-CD75885C5F20}.Release|Any CPU.ActiveCfg = Release|Any CPU
		{13E462CB-7956-4B4D-A1B5-CD75885C5F20}.Release|Any CPU.Build.0 = Release|Any CPU
		{13E462CB-7956-4B4D-A1B5-CD75885C5F20}.Release|ARM64.ActiveCfg = Release|Any CPU
		{13E462CB-7956-4B4D-A1B5-CD75885C5F20}.Release|ARM64.Build.0 = Release|Any CPU
		{13E462CB-7956-4B4D-A1B5-CD75885C5F20}.Release|iPhone.ActiveCfg = Release|Any CPU
		{13E462CB-7956-4B4D-A1B5-CD75885C5F20}.Release|iPhone.Build.0 = Release|Any CPU
		{13E462CB-7956-4B4D-A1B5-CD75885C5F20}.Release|iPhoneSimulator.ActiveCfg = Release|Any CPU
		{13E462CB-7956-4B4D-A1B5-CD75885C5F20}.Release|iPhoneSimulator.Build.0 = Release|Any CPU
		{13E462CB-7956-4B4D-A1B5-CD75885C5F20}.Release|x64.ActiveCfg = Release|Any CPU
		{13E462CB-7956-4B4D-A1B5-CD75885C5F20}.Release|x64.Build.0 = Release|Any CPU
		{13E462CB-7956-4B4D-A1B5-CD75885C5F20}.Release|x86.ActiveCfg = Release|Any CPU
		{13E462CB-7956-4B4D-A1B5-CD75885C5F20}.Release|x86.Build.0 = Release|Any CPU
	EndGlobalSection
	GlobalSection(SolutionProperties) = preSolution
		HideSolutionNode = FALSE
	EndGlobalSection
	GlobalSection(NestedProjects) = preSolution
		{EA14B749-C9EB-485D-93C7-D5EB463C943B} = {1CA6C355-7F3A-401F-BB91-4A5B371B4C16}
		{3791BCEF-9A42-4C20-B09B-DFF4470E2626} = {1CA6C355-7F3A-401F-BB91-4A5B371B4C16}
		{0BE9C0AC-5EDA-4256-8720-CC4CC4052CB8} = {3791BCEF-9A42-4C20-B09B-DFF4470E2626}
		{F9F9734B-21AC-4CB4-8830-0DFBF5FA2613} = {EA14B749-C9EB-485D-93C7-D5EB463C943B}
		{17D44ED3-2F58-4069-9398-5C7A16A8F704} = {EA14B749-C9EB-485D-93C7-D5EB463C943B}
	EndGlobalSection
	GlobalSection(ExtensibilityGlobals) = postSolution
		SolutionGuid = {4A2283E1-635B-4980-A603-0389637BE725}
	EndGlobalSection
	GlobalSection(SharedMSBuildProjectFiles) = preSolution
		SimpleWeather.NET.Extras\SimpleWeather.NET.Extras.projitems*{0be9c0ac-5eda-4256-8720-cc4cc4052cb8}*SharedItemsImports = 5
		SimpleWeather.NET.Shared\SimpleWeather.NET.Shared.projitems*{0be9c0ac-5eda-4256-8720-cc4cc4052cb8}*SharedItemsImports = 5
		SimpleWeather.NET.Extras\SimpleWeather.NET.Extras.projitems*{8fe7159f-184d-48d6-b0e0-7c49acce9703}*SharedItemsImports = 5
		SimpleWeather.NET.Shared\SimpleWeather.NET.Shared.projitems*{8fe7159f-184d-48d6-b0e0-7c49acce9703}*SharedItemsImports = 5
		SimpleWeather.NET.Shared\SimpleWeather.NET.Shared.projitems*{a8a32af8-0a88-4f3b-9dcc-e3df76ebf2df}*SharedItemsImports = 13
		SimpleWeather.NET.Extras\SimpleWeather.NET.Extras.projitems*{dcdf58d5-d7f9-4282-9957-db7ca59442ad}*SharedItemsImports = 13
	EndGlobalSection
	GlobalSection(MonoDevelopProperties) = preSolution
		Policies = $0
		$0.DotNetNamingPolicy = $1
		$1.DirectoryNamespaceAssociation = PrefixedHierarchical
		$0.StandardHeader = $2
	EndGlobalSection
EndGlobal
