
Microsoft Visual Studio Solution File, Format Version 12.00
# Visual Studio Version 16
VisualStudioVersion = 16.0.29509.3
MinimumVisualStudioVersion = 10.0.40219.1
Project("{FAE04EC0-301F-11D3-BF4B-00C04F79EFBC}") = "SimpleWeather.UWP", "SimpleWeather.UWP\SimpleWeather.UWP.csproj", "{552847DD-608D-4DA9-9CED-0C8416049742}"
EndProject
Project("{D954291E-2A0B-460D-934E-DC6B0785DB48}") = "SimpleWeather", "SimpleWeather\SimpleWeather.shproj", "{3633F453-ECBB-41D1-A87D-2CC3BDD74221}"
EndProject
Project("{FAE04EC0-301F-11D3-BF4B-00C04F79EFBC}") = "EditManifest", "EditManifest\EditManifest.csproj", "{94F8637B-52B8-429B-A5CA-043CFF4DD201}"
EndProject
Project("{FAE04EC0-301F-11D3-BF4B-00C04F79EFBC}") = "UnitTestProject", "UnitTestProject\UnitTestProject.csproj", "{0CC8F69F-EEBC-40B4-9E7C-C2974A00764D}"
EndProject
Project("{D954291E-2A0B-460D-934E-DC6B0785DB48}") = "SimpleWeather.EF", "SimpleWeather.EF\SimpleWeather.EF.shproj", "{CF5E4A00-D354-4243-972F-EB956BAA42CA}"
EndProject
Project("{9A19103F-16F7-4668-BE54-9A1E7A4F7556}") = "Timber", "Timber\Timber.csproj", "{479286CE-E244-4D81-A8F4-A5982AF86AF9}"
EndProject
Project("{D954291E-2A0B-460D-934E-DC6B0785DB48}") = "SimpleWeather.UWP.Shared", "SimpleWeather.UWP.Shared\SimpleWeather.UWP.Shared.shproj", "{71735C8A-0B72-4CC7-8118-E53723D416C1}"
EndProject
Project("{FAE04EC0-301F-11D3-BF4B-00C04F79EFBC}") = "KeyCheck", "KeyCheck\KeyCheck.csproj", "{69259AD2-5CDE-4047-B7B4-CDE2F1AA5987}"
EndProject
Project("{FAE04EC0-301F-11D3-BF4B-00C04F79EFBC}") = "UnitTestProject.Appium", "UnitTestProject.Appium\UnitTestProject.Appium.csproj", "{C3E30595-B715-4BE1-A166-7A67FA6DAD00}"
EndProject
Global
	GlobalSection(SharedMSBuildProjectFiles) = preSolution
		SimpleWeather.EF\SimpleWeather.EF.projitems*{0cc8f69f-eebc-40b4-9e7c-c2974a00764d}*SharedItemsImports = 4
		SimpleWeather.UWP.Shared\SimpleWeather.UWP.Shared.projitems*{0cc8f69f-eebc-40b4-9e7c-c2974a00764d}*SharedItemsImports = 4
		SimpleWeather\SimpleWeather_Xamarin.projitems*{0cc8f69f-eebc-40b4-9e7c-c2974a00764d}*SharedItemsImports = 4
		SimpleWeather\SimpleWeather_Xamarin.projitems*{3633f453-ecbb-41d1-a87d-2cc3bdd74221}*SharedItemsImports = 13
		SimpleWeather.EF\SimpleWeather.EF.projitems*{552847dd-608d-4da9-9ced-0c8416049742}*SharedItemsImports = 4
		SimpleWeather.UWP.Shared\SimpleWeather.UWP.Shared.projitems*{552847dd-608d-4da9-9ced-0c8416049742}*SharedItemsImports = 4
		SimpleWeather\SimpleWeather_Xamarin.projitems*{552847dd-608d-4da9-9ced-0c8416049742}*SharedItemsImports = 4
		SimpleWeather.UWP.Shared\SimpleWeather.UWP.Shared.projitems*{71735c8a-0b72-4cc7-8118-e53723d416c1}*SharedItemsImports = 13
		SimpleWeather.EF\SimpleWeather.EF.projitems*{cf5e4a00-d354-4243-972f-eb956baa42ca}*SharedItemsImports = 13
	EndGlobalSection
	GlobalSection(SolutionConfigurationPlatforms) = preSolution
		Debug|Any CPU = Debug|Any CPU
		Debug|ARM = Debug|ARM
		Debug|ARM64 = Debug|ARM64
		Debug|iPhone = Debug|iPhone
		Debug|iPhoneSimulator = Debug|iPhoneSimulator
		Debug|x64 = Debug|x64
		Debug|x86 = Debug|x86
		Release|Any CPU = Release|Any CPU
		Release|ARM = Release|ARM
		Release|ARM64 = Release|ARM64
		Release|iPhone = Release|iPhone
		Release|iPhoneSimulator = Release|iPhoneSimulator
		Release|x64 = Release|x64
		Release|x86 = Release|x86
	EndGlobalSection
	GlobalSection(ProjectConfigurationPlatforms) = postSolution
		{552847DD-608D-4DA9-9CED-0C8416049742}.Debug|Any CPU.ActiveCfg = Debug|x86
		{552847DD-608D-4DA9-9CED-0C8416049742}.Debug|Any CPU.Build.0 = Debug|x86
		{552847DD-608D-4DA9-9CED-0C8416049742}.Debug|Any CPU.Deploy.0 = Debug|x86
		{552847DD-608D-4DA9-9CED-0C8416049742}.Debug|ARM.ActiveCfg = Debug|ARM
		{552847DD-608D-4DA9-9CED-0C8416049742}.Debug|ARM.Build.0 = Debug|ARM
		{552847DD-608D-4DA9-9CED-0C8416049742}.Debug|ARM.Deploy.0 = Debug|ARM
		{552847DD-608D-4DA9-9CED-0C8416049742}.Debug|ARM64.ActiveCfg = Debug|x86
		{552847DD-608D-4DA9-9CED-0C8416049742}.Debug|iPhone.ActiveCfg = Debug|x86
		{552847DD-608D-4DA9-9CED-0C8416049742}.Debug|iPhoneSimulator.ActiveCfg = Debug|x86
		{552847DD-608D-4DA9-9CED-0C8416049742}.Debug|x64.ActiveCfg = Debug|x64
		{552847DD-608D-4DA9-9CED-0C8416049742}.Debug|x64.Build.0 = Debug|x64
		{552847DD-608D-4DA9-9CED-0C8416049742}.Debug|x64.Deploy.0 = Debug|x64
		{552847DD-608D-4DA9-9CED-0C8416049742}.Debug|x86.ActiveCfg = Debug|x86
		{552847DD-608D-4DA9-9CED-0C8416049742}.Debug|x86.Build.0 = Debug|x86
		{552847DD-608D-4DA9-9CED-0C8416049742}.Debug|x86.Deploy.0 = Debug|x86
		{552847DD-608D-4DA9-9CED-0C8416049742}.Release|Any CPU.ActiveCfg = Release|x86
		{552847DD-608D-4DA9-9CED-0C8416049742}.Release|Any CPU.Build.0 = Release|x86
		{552847DD-608D-4DA9-9CED-0C8416049742}.Release|Any CPU.Deploy.0 = Release|x86
		{552847DD-608D-4DA9-9CED-0C8416049742}.Release|ARM.ActiveCfg = Release|ARM
		{552847DD-608D-4DA9-9CED-0C8416049742}.Release|ARM.Build.0 = Release|ARM
		{552847DD-608D-4DA9-9CED-0C8416049742}.Release|ARM.Deploy.0 = Release|ARM
		{552847DD-608D-4DA9-9CED-0C8416049742}.Release|ARM64.ActiveCfg = Release|x86
		{552847DD-608D-4DA9-9CED-0C8416049742}.Release|iPhone.ActiveCfg = Release|x86
		{552847DD-608D-4DA9-9CED-0C8416049742}.Release|iPhoneSimulator.ActiveCfg = Release|x86
		{552847DD-608D-4DA9-9CED-0C8416049742}.Release|x64.ActiveCfg = Release|x64
		{552847DD-608D-4DA9-9CED-0C8416049742}.Release|x64.Build.0 = Release|x64
		{552847DD-608D-4DA9-9CED-0C8416049742}.Release|x64.Deploy.0 = Release|x64
		{552847DD-608D-4DA9-9CED-0C8416049742}.Release|x86.ActiveCfg = Release|x86
		{552847DD-608D-4DA9-9CED-0C8416049742}.Release|x86.Build.0 = Release|x86
		{552847DD-608D-4DA9-9CED-0C8416049742}.Release|x86.Deploy.0 = Release|x86
		{94F8637B-52B8-429B-A5CA-043CFF4DD201}.Debug|Any CPU.ActiveCfg = Debug|Any CPU
		{94F8637B-52B8-429B-A5CA-043CFF4DD201}.Debug|Any CPU.Build.0 = Debug|Any CPU
		{94F8637B-52B8-429B-A5CA-043CFF4DD201}.Debug|ARM.ActiveCfg = Debug|Any CPU
		{94F8637B-52B8-429B-A5CA-043CFF4DD201}.Debug|ARM.Build.0 = Debug|Any CPU
		{94F8637B-52B8-429B-A5CA-043CFF4DD201}.Debug|ARM64.ActiveCfg = Debug|Any CPU
		{94F8637B-52B8-429B-A5CA-043CFF4DD201}.Debug|iPhone.ActiveCfg = Debug|Any CPU
		{94F8637B-52B8-429B-A5CA-043CFF4DD201}.Debug|iPhone.Build.0 = Debug|Any CPU
		{94F8637B-52B8-429B-A5CA-043CFF4DD201}.Debug|iPhoneSimulator.ActiveCfg = Debug|Any CPU
		{94F8637B-52B8-429B-A5CA-043CFF4DD201}.Debug|iPhoneSimulator.Build.0 = Debug|Any CPU
		{94F8637B-52B8-429B-A5CA-043CFF4DD201}.Debug|x64.ActiveCfg = Debug|Any CPU
		{94F8637B-52B8-429B-A5CA-043CFF4DD201}.Debug|x64.Build.0 = Debug|Any CPU
		{94F8637B-52B8-429B-A5CA-043CFF4DD201}.Debug|x86.ActiveCfg = Debug|Any CPU
		{94F8637B-52B8-429B-A5CA-043CFF4DD201}.Debug|x86.Build.0 = Debug|Any CPU
		{94F8637B-52B8-429B-A5CA-043CFF4DD201}.Release|Any CPU.ActiveCfg = Release|Any CPU
		{94F8637B-52B8-429B-A5CA-043CFF4DD201}.Release|Any CPU.Build.0 = Release|Any CPU
		{94F8637B-52B8-429B-A5CA-043CFF4DD201}.Release|ARM.ActiveCfg = Release|Any CPU
		{94F8637B-52B8-429B-A5CA-043CFF4DD201}.Release|ARM.Build.0 = Release|Any CPU
		{94F8637B-52B8-429B-A5CA-043CFF4DD201}.Release|ARM64.ActiveCfg = Release|Any CPU
		{94F8637B-52B8-429B-A5CA-043CFF4DD201}.Release|iPhone.ActiveCfg = Release|Any CPU
		{94F8637B-52B8-429B-A5CA-043CFF4DD201}.Release|iPhone.Build.0 = Release|Any CPU
		{94F8637B-52B8-429B-A5CA-043CFF4DD201}.Release|iPhoneSimulator.ActiveCfg = Release|Any CPU
		{94F8637B-52B8-429B-A5CA-043CFF4DD201}.Release|iPhoneSimulator.Build.0 = Release|Any CPU
		{94F8637B-52B8-429B-A5CA-043CFF4DD201}.Release|x64.ActiveCfg = Release|Any CPU
		{94F8637B-52B8-429B-A5CA-043CFF4DD201}.Release|x64.Build.0 = Release|Any CPU
		{94F8637B-52B8-429B-A5CA-043CFF4DD201}.Release|x86.ActiveCfg = Release|Any CPU
		{94F8637B-52B8-429B-A5CA-043CFF4DD201}.Release|x86.Build.0 = Release|Any CPU
		{0CC8F69F-EEBC-40B4-9E7C-C2974A00764D}.Debug|Any CPU.ActiveCfg = Debug|x86
		{0CC8F69F-EEBC-40B4-9E7C-C2974A00764D}.Debug|ARM.ActiveCfg = Debug|ARM
		{0CC8F69F-EEBC-40B4-9E7C-C2974A00764D}.Debug|ARM.Build.0 = Debug|ARM
		{0CC8F69F-EEBC-40B4-9E7C-C2974A00764D}.Debug|ARM.Deploy.0 = Debug|ARM
		{0CC8F69F-EEBC-40B4-9E7C-C2974A00764D}.Debug|ARM64.ActiveCfg = Debug|ARM64
		{0CC8F69F-EEBC-40B4-9E7C-C2974A00764D}.Debug|ARM64.Build.0 = Debug|ARM64
		{0CC8F69F-EEBC-40B4-9E7C-C2974A00764D}.Debug|ARM64.Deploy.0 = Debug|ARM64
		{0CC8F69F-EEBC-40B4-9E7C-C2974A00764D}.Debug|iPhone.ActiveCfg = Debug|x86
		{0CC8F69F-EEBC-40B4-9E7C-C2974A00764D}.Debug|iPhoneSimulator.ActiveCfg = Debug|x86
		{0CC8F69F-EEBC-40B4-9E7C-C2974A00764D}.Debug|x64.ActiveCfg = Debug|x64
		{0CC8F69F-EEBC-40B4-9E7C-C2974A00764D}.Debug|x64.Build.0 = Debug|x64
		{0CC8F69F-EEBC-40B4-9E7C-C2974A00764D}.Debug|x64.Deploy.0 = Debug|x64
		{0CC8F69F-EEBC-40B4-9E7C-C2974A00764D}.Debug|x86.ActiveCfg = Debug|x86
		{0CC8F69F-EEBC-40B4-9E7C-C2974A00764D}.Debug|x86.Build.0 = Debug|x86
		{0CC8F69F-EEBC-40B4-9E7C-C2974A00764D}.Debug|x86.Deploy.0 = Debug|x86
		{0CC8F69F-EEBC-40B4-9E7C-C2974A00764D}.Release|Any CPU.ActiveCfg = Release|x86
		{0CC8F69F-EEBC-40B4-9E7C-C2974A00764D}.Release|ARM.ActiveCfg = Release|ARM
		{0CC8F69F-EEBC-40B4-9E7C-C2974A00764D}.Release|ARM.Build.0 = Release|ARM
		{0CC8F69F-EEBC-40B4-9E7C-C2974A00764D}.Release|ARM.Deploy.0 = Release|ARM
		{0CC8F69F-EEBC-40B4-9E7C-C2974A00764D}.Release|ARM64.ActiveCfg = Release|ARM64
		{0CC8F69F-EEBC-40B4-9E7C-C2974A00764D}.Release|ARM64.Build.0 = Release|ARM64
		{0CC8F69F-EEBC-40B4-9E7C-C2974A00764D}.Release|ARM64.Deploy.0 = Release|ARM64
		{0CC8F69F-EEBC-40B4-9E7C-C2974A00764D}.Release|iPhone.ActiveCfg = Release|x86
		{0CC8F69F-EEBC-40B4-9E7C-C2974A00764D}.Release|iPhoneSimulator.ActiveCfg = Release|x86
		{0CC8F69F-EEBC-40B4-9E7C-C2974A00764D}.Release|x64.ActiveCfg = Release|x64
		{0CC8F69F-EEBC-40B4-9E7C-C2974A00764D}.Release|x64.Build.0 = Release|x64
		{0CC8F69F-EEBC-40B4-9E7C-C2974A00764D}.Release|x64.Deploy.0 = Release|x64
		{0CC8F69F-EEBC-40B4-9E7C-C2974A00764D}.Release|x86.ActiveCfg = Release|x86
		{0CC8F69F-EEBC-40B4-9E7C-C2974A00764D}.Release|x86.Build.0 = Release|x86
		{0CC8F69F-EEBC-40B4-9E7C-C2974A00764D}.Release|x86.Deploy.0 = Release|x86
		{479286CE-E244-4D81-A8F4-A5982AF86AF9}.Debug|Any CPU.ActiveCfg = Debug|Any CPU
		{479286CE-E244-4D81-A8F4-A5982AF86AF9}.Debug|Any CPU.Build.0 = Debug|Any CPU
		{479286CE-E244-4D81-A8F4-A5982AF86AF9}.Debug|ARM.ActiveCfg = Debug|Any CPU
		{479286CE-E244-4D81-A8F4-A5982AF86AF9}.Debug|ARM.Build.0 = Debug|Any CPU
		{479286CE-E244-4D81-A8F4-A5982AF86AF9}.Debug|ARM64.ActiveCfg = Debug|Any CPU
		{479286CE-E244-4D81-A8F4-A5982AF86AF9}.Debug|ARM64.Build.0 = Debug|Any CPU
		{479286CE-E244-4D81-A8F4-A5982AF86AF9}.Debug|iPhone.ActiveCfg = Debug|Any CPU
		{479286CE-E244-4D81-A8F4-A5982AF86AF9}.Debug|iPhone.Build.0 = Debug|Any CPU
		{479286CE-E244-4D81-A8F4-A5982AF86AF9}.Debug|iPhoneSimulator.ActiveCfg = Debug|Any CPU
		{479286CE-E244-4D81-A8F4-A5982AF86AF9}.Debug|iPhoneSimulator.Build.0 = Debug|Any CPU
		{479286CE-E244-4D81-A8F4-A5982AF86AF9}.Debug|x64.ActiveCfg = Debug|Any CPU
		{479286CE-E244-4D81-A8F4-A5982AF86AF9}.Debug|x64.Build.0 = Debug|Any CPU
		{479286CE-E244-4D81-A8F4-A5982AF86AF9}.Debug|x86.ActiveCfg = Debug|Any CPU
		{479286CE-E244-4D81-A8F4-A5982AF86AF9}.Debug|x86.Build.0 = Debug|Any CPU
		{479286CE-E244-4D81-A8F4-A5982AF86AF9}.Release|Any CPU.ActiveCfg = Release|Any CPU
		{479286CE-E244-4D81-A8F4-A5982AF86AF9}.Release|Any CPU.Build.0 = Release|Any CPU
		{479286CE-E244-4D81-A8F4-A5982AF86AF9}.Release|ARM.ActiveCfg = Release|Any CPU
		{479286CE-E244-4D81-A8F4-A5982AF86AF9}.Release|ARM.Build.0 = Release|Any CPU
		{479286CE-E244-4D81-A8F4-A5982AF86AF9}.Release|ARM64.ActiveCfg = Release|Any CPU
		{479286CE-E244-4D81-A8F4-A5982AF86AF9}.Release|ARM64.Build.0 = Release|Any CPU
		{479286CE-E244-4D81-A8F4-A5982AF86AF9}.Release|iPhone.ActiveCfg = Release|Any CPU
		{479286CE-E244-4D81-A8F4-A5982AF86AF9}.Release|iPhone.Build.0 = Release|Any CPU
		{479286CE-E244-4D81-A8F4-A5982AF86AF9}.Release|iPhoneSimulator.ActiveCfg = Release|Any CPU
		{479286CE-E244-4D81-A8F4-A5982AF86AF9}.Release|iPhoneSimulator.Build.0 = Release|Any CPU
		{479286CE-E244-4D81-A8F4-A5982AF86AF9}.Release|x64.ActiveCfg = Release|Any CPU
		{479286CE-E244-4D81-A8F4-A5982AF86AF9}.Release|x64.Build.0 = Release|Any CPU
		{479286CE-E244-4D81-A8F4-A5982AF86AF9}.Release|x86.ActiveCfg = Release|Any CPU
		{479286CE-E244-4D81-A8F4-A5982AF86AF9}.Release|x86.Build.0 = Release|Any CPU
		{69259AD2-5CDE-4047-B7B4-CDE2F1AA5987}.Debug|Any CPU.ActiveCfg = Debug|Any CPU
		{69259AD2-5CDE-4047-B7B4-CDE2F1AA5987}.Debug|Any CPU.Build.0 = Debug|Any CPU
		{69259AD2-5CDE-4047-B7B4-CDE2F1AA5987}.Debug|ARM.ActiveCfg = Debug|Any CPU
		{69259AD2-5CDE-4047-B7B4-CDE2F1AA5987}.Debug|ARM.Build.0 = Debug|Any CPU
		{69259AD2-5CDE-4047-B7B4-CDE2F1AA5987}.Debug|ARM64.ActiveCfg = Debug|Any CPU
		{69259AD2-5CDE-4047-B7B4-CDE2F1AA5987}.Debug|ARM64.Build.0 = Debug|Any CPU
		{69259AD2-5CDE-4047-B7B4-CDE2F1AA5987}.Debug|iPhone.ActiveCfg = Debug|Any CPU
		{69259AD2-5CDE-4047-B7B4-CDE2F1AA5987}.Debug|iPhone.Build.0 = Debug|Any CPU
		{69259AD2-5CDE-4047-B7B4-CDE2F1AA5987}.Debug|iPhoneSimulator.ActiveCfg = Debug|Any CPU
		{69259AD2-5CDE-4047-B7B4-CDE2F1AA5987}.Debug|iPhoneSimulator.Build.0 = Debug|Any CPU
		{69259AD2-5CDE-4047-B7B4-CDE2F1AA5987}.Debug|x64.ActiveCfg = Debug|Any CPU
		{69259AD2-5CDE-4047-B7B4-CDE2F1AA5987}.Debug|x64.Build.0 = Debug|Any CPU
		{69259AD2-5CDE-4047-B7B4-CDE2F1AA5987}.Debug|x86.ActiveCfg = Debug|Any CPU
		{69259AD2-5CDE-4047-B7B4-CDE2F1AA5987}.Debug|x86.Build.0 = Debug|Any CPU
		{69259AD2-5CDE-4047-B7B4-CDE2F1AA5987}.Release|Any CPU.ActiveCfg = Release|Any CPU
		{69259AD2-5CDE-4047-B7B4-CDE2F1AA5987}.Release|Any CPU.Build.0 = Release|Any CPU
		{69259AD2-5CDE-4047-B7B4-CDE2F1AA5987}.Release|ARM.ActiveCfg = Release|Any CPU
		{69259AD2-5CDE-4047-B7B4-CDE2F1AA5987}.Release|ARM.Build.0 = Release|Any CPU
		{69259AD2-5CDE-4047-B7B4-CDE2F1AA5987}.Release|ARM64.ActiveCfg = Release|Any CPU
		{69259AD2-5CDE-4047-B7B4-CDE2F1AA5987}.Release|ARM64.Build.0 = Release|Any CPU
		{69259AD2-5CDE-4047-B7B4-CDE2F1AA5987}.Release|iPhone.ActiveCfg = Release|Any CPU
		{69259AD2-5CDE-4047-B7B4-CDE2F1AA5987}.Release|iPhone.Build.0 = Release|Any CPU
		{69259AD2-5CDE-4047-B7B4-CDE2F1AA5987}.Release|iPhoneSimulator.ActiveCfg = Release|Any CPU
		{69259AD2-5CDE-4047-B7B4-CDE2F1AA5987}.Release|iPhoneSimulator.Build.0 = Release|Any CPU
		{69259AD2-5CDE-4047-B7B4-CDE2F1AA5987}.Release|x64.ActiveCfg = Release|Any CPU
		{69259AD2-5CDE-4047-B7B4-CDE2F1AA5987}.Release|x64.Build.0 = Release|Any CPU
		{69259AD2-5CDE-4047-B7B4-CDE2F1AA5987}.Release|x86.ActiveCfg = Release|Any CPU
		{69259AD2-5CDE-4047-B7B4-CDE2F1AA5987}.Release|x86.Build.0 = Release|Any CPU
		{C3E30595-B715-4BE1-A166-7A67FA6DAD00}.Debug|Any CPU.ActiveCfg = Debug|Any CPU
		{C3E30595-B715-4BE1-A166-7A67FA6DAD00}.Debug|Any CPU.Build.0 = Debug|Any CPU
		{C3E30595-B715-4BE1-A166-7A67FA6DAD00}.Debug|ARM.ActiveCfg = Debug|Any CPU
		{C3E30595-B715-4BE1-A166-7A67FA6DAD00}.Debug|ARM.Build.0 = Debug|Any CPU
		{C3E30595-B715-4BE1-A166-7A67FA6DAD00}.Debug|ARM64.ActiveCfg = Debug|Any CPU
		{C3E30595-B715-4BE1-A166-7A67FA6DAD00}.Debug|ARM64.Build.0 = Debug|Any CPU
		{C3E30595-B715-4BE1-A166-7A67FA6DAD00}.Debug|iPhone.ActiveCfg = Debug|Any CPU
		{C3E30595-B715-4BE1-A166-7A67FA6DAD00}.Debug|iPhone.Build.0 = Debug|Any CPU
		{C3E30595-B715-4BE1-A166-7A67FA6DAD00}.Debug|iPhoneSimulator.ActiveCfg = Debug|Any CPU
		{C3E30595-B715-4BE1-A166-7A67FA6DAD00}.Debug|iPhoneSimulator.Build.0 = Debug|Any CPU
		{C3E30595-B715-4BE1-A166-7A67FA6DAD00}.Debug|x64.ActiveCfg = Debug|Any CPU
		{C3E30595-B715-4BE1-A166-7A67FA6DAD00}.Debug|x64.Build.0 = Debug|Any CPU
		{C3E30595-B715-4BE1-A166-7A67FA6DAD00}.Debug|x86.ActiveCfg = Debug|Any CPU
		{C3E30595-B715-4BE1-A166-7A67FA6DAD00}.Debug|x86.Build.0 = Debug|Any CPU
		{C3E30595-B715-4BE1-A166-7A67FA6DAD00}.Release|Any CPU.ActiveCfg = Release|Any CPU
		{C3E30595-B715-4BE1-A166-7A67FA6DAD00}.Release|Any CPU.Build.0 = Release|Any CPU
		{C3E30595-B715-4BE1-A166-7A67FA6DAD00}.Release|ARM.ActiveCfg = Release|Any CPU
		{C3E30595-B715-4BE1-A166-7A67FA6DAD00}.Release|ARM.Build.0 = Release|Any CPU
		{C3E30595-B715-4BE1-A166-7A67FA6DAD00}.Release|ARM64.ActiveCfg = Release|Any CPU
		{C3E30595-B715-4BE1-A166-7A67FA6DAD00}.Release|ARM64.Build.0 = Release|Any CPU
		{C3E30595-B715-4BE1-A166-7A67FA6DAD00}.Release|iPhone.ActiveCfg = Release|Any CPU
		{C3E30595-B715-4BE1-A166-7A67FA6DAD00}.Release|iPhone.Build.0 = Release|Any CPU
		{C3E30595-B715-4BE1-A166-7A67FA6DAD00}.Release|iPhoneSimulator.ActiveCfg = Release|Any CPU
		{C3E30595-B715-4BE1-A166-7A67FA6DAD00}.Release|iPhoneSimulator.Build.0 = Release|Any CPU
		{C3E30595-B715-4BE1-A166-7A67FA6DAD00}.Release|x64.ActiveCfg = Release|Any CPU
		{C3E30595-B715-4BE1-A166-7A67FA6DAD00}.Release|x64.Build.0 = Release|Any CPU
		{C3E30595-B715-4BE1-A166-7A67FA6DAD00}.Release|x86.ActiveCfg = Release|Any CPU
		{C3E30595-B715-4BE1-A166-7A67FA6DAD00}.Release|x86.Build.0 = Release|Any CPU
	EndGlobalSection
	GlobalSection(SolutionProperties) = preSolution
		HideSolutionNode = FALSE
	EndGlobalSection
	GlobalSection(ExtensibilityGlobals) = postSolution
		SolutionGuid = {4A2283E1-635B-4980-A603-0389637BE725}
	EndGlobalSection
EndGlobal
