// !$*UTF8*$!
{
	archiveVersion = 1;
	classes = {
	};
	objectVersion = 56;
	objects = {

/* Begin PBXBuildFile section */
		EA072A932ADA450300A49239 /* WeatherBackground.swift in Sources */ = {isa = PBXBuildFile; fileRef = EA072A912ADA450300A49239 /* WeatherBackground.swift */; };
		EA072A942ADA46B400A49239 /* WeatherBackground.swift in Sources */ = {isa = PBXBuildFile; fileRef = EA072A912ADA450300A49239 /* WeatherBackground.swift */; };
		EA072A952ADA85BE00A49239 /* UIColorExtensions.swift in Sources */ = {isa = PBXBuildFile; fileRef = EA5C912D2AD0F05E00FE8FAF /* UIColorExtensions.swift */; };
		EA072AA02ADB57B400A49239 /* FileLogger.swift in Sources */ = {isa = PBXBuildFile; fileRef = EA072A9C2ADB575200A49239 /* FileLogger.swift */; };
		EA072AA12ADB57B500A49239 /* FileLogger.swift in Sources */ = {isa = PBXBuildFile; fileRef = EA072A9C2ADB575200A49239 /* FileLogger.swift */; };
		EA072AA22ADB57B700A49239 /* GroupIdentifier.swift in Sources */ = {isa = PBXBuildFile; fileRef = EA072A9E2ADB579D00A49239 /* GroupIdentifier.swift */; };
		EA072AA32ADB57B700A49239 /* GroupIdentifier.swift in Sources */ = {isa = PBXBuildFile; fileRef = EA072A9E2ADB579D00A49239 /* GroupIdentifier.swift */; };
		EA2C17242B0D135B00ABDECE /* simpleweatherApp.swift in Sources */ = {isa = PBXBuildFile; fileRef = EA2C17232B0D135B00ABDECE /* simpleweatherApp.swift */; };
		EA2C17262B0D135B00ABDECE /* ContentView.swift in Sources */ = {isa = PBXBuildFile; fileRef = EA2C17252B0D135B00ABDECE /* ContentView.swift */; };
		EA2C17282B0D135E00ABDECE /* Assets.xcassets in Resources */ = {isa = PBXBuildFile; fileRef = EA2C17272B0D135E00ABDECE /* Assets.xcassets */; };
		EA2C172C2B0D135E00ABDECE /* Preview Assets.xcassets in Resources */ = {isa = PBXBuildFile; fileRef = EA2C172B2B0D135E00ABDECE /* Preview Assets.xcassets */; };
		EA2C17302B0D13A700ABDECE /* widgetExtensionDebug.appex in Embed Foundation Extensions */ = {isa = PBXBuildFile; fileRef = EA5C90F12ACBA39000FE8FAF /* widgetExtensionDebug.appex */; settings = {ATTRIBUTES = (RemoveHeadersOnCopy, ); }; };
		EA2C17342B0D13AA00ABDECE /* widgetintentExtDebug.appex in Embed Foundation Extensions */ = {isa = PBXBuildFile; fileRef = EA5C91162ACFBF0500FE8FAF /* widgetintentExtDebug.appex */; settings = {ATTRIBUTES = (RemoveHeadersOnCopy, ); }; };
		EA5C90F22ACBA39000FE8FAF /* WidgetKit.framework in Frameworks */ = {isa = PBXBuildFile; fileRef = EA5C90D92ACB9F0800FE8FAF /* WidgetKit.framework */; };
		EA5C90F32ACBA39000FE8FAF /* SwiftUI.framework in Frameworks */ = {isa = PBXBuildFile; fileRef = EA5C90DB2ACB9F0800FE8FAF /* SwiftUI.framework */; };
		EA5C90F62ACBA39000FE8FAF /* WeatherWidgetBundle.swift in Sources */ = {isa = PBXBuildFile; fileRef = EA5C90F52ACBA39000FE8FAF /* WeatherWidgetBundle.swift */; };
		EA5C90F82ACBA39000FE8FAF /* WeatherWidget.swift in Sources */ = {isa = PBXBuildFile; fileRef = EA5C90F72ACBA39000FE8FAF /* WeatherWidget.swift */; };
		EA5C90FB2ACBA39200FE8FAF /* Assets.xcassets in Resources */ = {isa = PBXBuildFile; fileRef = EA5C90FA2ACBA39200FE8FAF /* Assets.xcassets */; };
		EA5C90FD2ACBA39200FE8FAF /* widget.intentdefinition in Sources */ = {isa = PBXBuildFile; fileRef = EA5C90F92ACBA39000FE8FAF /* widget.intentdefinition */; };
		EA5C91072ACBA85C00FE8FAF /* WeatherWidgetViews.swift in Sources */ = {isa = PBXBuildFile; fileRef = EA5C91062ACBA85C00FE8FAF /* WeatherWidgetViews.swift */; };
		EA5C91092ACBA8D000FE8FAF /* WeatherModel.swift in Sources */ = {isa = PBXBuildFile; fileRef = EA5C91082ACBA8D000FE8FAF /* WeatherModel.swift */; };
		EA5C910B2ACBAA3300FE8FAF /* WeatherDataReader.swift in Sources */ = {isa = PBXBuildFile; fileRef = EA5C910A2ACBAA3300FE8FAF /* WeatherDataReader.swift */; };
		EA5C910D2ACBAA5E00FE8FAF /* WeatherData.swift in Sources */ = {isa = PBXBuildFile; fileRef = EA5C910C2ACBAA5E00FE8FAF /* WeatherData.swift */; };
		EA5C91112ACFB00900FE8FAF /* WeatherIcons.swift in Sources */ = {isa = PBXBuildFile; fileRef = EA5C910F2ACFB00900FE8FAF /* WeatherIcons.swift */; };
		EA5C91182ACFBF0500FE8FAF /* Intents.framework in Frameworks */ = {isa = PBXBuildFile; fileRef = EA5C91172ACFBF0500FE8FAF /* Intents.framework */; };
		EA5C911B2ACFBF0500FE8FAF /* IntentHandler.swift in Sources */ = {isa = PBXBuildFile; fileRef = EA5C911A2ACFBF0500FE8FAF /* IntentHandler.swift */; };
		EA5C91242ACFC07B00FE8FAF /* widget.intentdefinition in Sources */ = {isa = PBXBuildFile; fileRef = EA5C90F92ACBA39000FE8FAF /* widget.intentdefinition */; };
		EA5C91262ACFC13C00FE8FAF /* WeatherDataReader.swift in Sources */ = {isa = PBXBuildFile; fileRef = EA5C910A2ACBAA3300FE8FAF /* WeatherDataReader.swift */; };
		EA5C91272ACFC15800FE8FAF /* WeatherModel.swift in Sources */ = {isa = PBXBuildFile; fileRef = EA5C91082ACBA8D000FE8FAF /* WeatherModel.swift */; };
		EA5C912A2ACFC15D00FE8FAF /* WeatherData.swift in Sources */ = {isa = PBXBuildFile; fileRef = EA5C910C2ACBAA5E00FE8FAF /* WeatherData.swift */; };
		EA5C912B2ACFC16800FE8FAF /* WeatherIcons.swift in Sources */ = {isa = PBXBuildFile; fileRef = EA5C910F2ACFB00900FE8FAF /* WeatherIcons.swift */; };
		EA5C91322AD106C900FE8FAF /* WeatherIconsToSFSymbols.swift in Sources */ = {isa = PBXBuildFile; fileRef = EA5C91302AD106C900FE8FAF /* WeatherIconsToSFSymbols.swift */; };
		EAD52AFB2B3F6B1F009072CA /* WeatherUtils.swift in Sources */ = {isa = PBXBuildFile; fileRef = EAD52AFA2B3F6B1F009072CA /* WeatherUtils.swift */; };
		EAD52AFC2B3F6B1F009072CA /* WeatherUtils.swift in Sources */ = {isa = PBXBuildFile; fileRef = EAD52AFA2B3F6B1F009072CA /* WeatherUtils.swift */; };
		EAD52AFE2B3FBB66009072CA /* WeatherConditions.swift in Sources */ = {isa = PBXBuildFile; fileRef = EAD52AFD2B3FBB66009072CA /* WeatherConditions.swift */; };
		EAD52AFF2B3FBB66009072CA /* WeatherConditions.swift in Sources */ = {isa = PBXBuildFile; fileRef = EAD52AFD2B3FBB66009072CA /* WeatherConditions.swift */; };
/* End PBXBuildFile section */

/* Begin PBXContainerItemProxy section */
		EA2C17312B0D13A700ABDECE /* PBXContainerItemProxy */ = {
			isa = PBXContainerItemProxy;
			containerPortal = EA5C90B92ACB9E5F00FE8FAF /* Project object */;
			proxyType = 1;
			remoteGlobalIDString = EA5C90F02ACBA39000FE8FAF;
			remoteInfo = widgetExtension;
		};
		EA2C17352B0D13AA00ABDECE /* PBXContainerItemProxy */ = {
			isa = PBXContainerItemProxy;
			containerPortal = EA5C90B92ACB9E5F00FE8FAF /* Project object */;
			proxyType = 1;
			remoteGlobalIDString = EA5C91152ACFBF0500FE8FAF;
			remoteInfo = widgetintentExt;
		};
/* End PBXContainerItemProxy section */

/* Begin PBXCopyFilesBuildPhase section */
		EA2C17332B0D13A800ABDECE /* Embed Foundation Extensions */ = {
			isa = PBXCopyFilesBuildPhase;
			buildActionMask = 2147483647;
			dstPath = "";
			dstSubfolderSpec = 13;
			files = (
				EA2C17342B0D13AA00ABDECE /* widgetintentExtDebug.appex in Embed Foundation Extensions */,
				EA2C17302B0D13A700ABDECE /* widgetExtensionDebug.appex in Embed Foundation Extensions */,
			);
			name = "Embed Foundation Extensions";
			runOnlyForDeploymentPostprocessing = 0;
		};
/* End PBXCopyFilesBuildPhase section */

/* Begin PBXFileReference section */
		EA072A912ADA450300A49239 /* WeatherBackground.swift */ = {isa = PBXFileReference; lastKnownFileType = sourcecode.swift; path = WeatherBackground.swift; sourceTree = "<group>"; };
		EA072A9C2ADB575200A49239 /* FileLogger.swift */ = {isa = PBXFileReference; lastKnownFileType = sourcecode.swift; path = FileLogger.swift; sourceTree = "<group>"; };
		EA072A9E2ADB579D00A49239 /* GroupIdentifier.swift */ = {isa = PBXFileReference; lastKnownFileType = sourcecode.swift; path = GroupIdentifier.swift; sourceTree = "<group>"; };
		EA2C17212B0D135B00ABDECE /* simpleweather.app */ = {isa = PBXFileReference; explicitFileType = wrapper.application; includeInIndex = 0; path = simpleweather.app; sourceTree = BUILT_PRODUCTS_DIR; };
		EA2C17232B0D135B00ABDECE /* simpleweatherApp.swift */ = {isa = PBXFileReference; lastKnownFileType = sourcecode.swift; path = simpleweatherApp.swift; sourceTree = "<group>"; };
		EA2C17252B0D135B00ABDECE /* ContentView.swift */ = {isa = PBXFileReference; lastKnownFileType = sourcecode.swift; path = ContentView.swift; sourceTree = "<group>"; };
		EA2C17272B0D135E00ABDECE /* Assets.xcassets */ = {isa = PBXFileReference; lastKnownFileType = folder.assetcatalog; path = Assets.xcassets; sourceTree = "<group>"; };
		EA2C17292B0D135E00ABDECE /* simpleweather.entitlements */ = {isa = PBXFileReference; lastKnownFileType = text.plist.entitlements; path = simpleweather.entitlements; sourceTree = "<group>"; };
		EA2C172B2B0D135E00ABDECE /* Preview Assets.xcassets */ = {isa = PBXFileReference; lastKnownFileType = folder.assetcatalog; path = "Preview Assets.xcassets"; sourceTree = "<group>"; };
		EA5C90D92ACB9F0800FE8FAF /* WidgetKit.framework */ = {isa = PBXFileReference; lastKnownFileType = wrapper.framework; name = WidgetKit.framework; path = System/Library/Frameworks/WidgetKit.framework; sourceTree = SDKROOT; };
		EA5C90DB2ACB9F0800FE8FAF /* SwiftUI.framework */ = {isa = PBXFileReference; lastKnownFileType = wrapper.framework; name = SwiftUI.framework; path = System/Library/Frameworks/SwiftUI.framework; sourceTree = SDKROOT; };
		EA5C90E82ACB9F0A00FE8FAF /* widgetExtension.entitlements */ = {isa = PBXFileReference; lastKnownFileType = text.plist.entitlements; path = widgetExtension.entitlements; sourceTree = "<group>"; };
		EA5C90F12ACBA39000FE8FAF /* widgetExtensionDebug.appex */ = {isa = PBXFileReference; explicitFileType = "wrapper.app-extension"; includeInIndex = 0; path = widgetExtensionDebug.appex; sourceTree = BUILT_PRODUCTS_DIR; };
		EA5C90F52ACBA39000FE8FAF /* WeatherWidgetBundle.swift */ = {isa = PBXFileReference; lastKnownFileType = sourcecode.swift; path = WeatherWidgetBundle.swift; sourceTree = "<group>"; };
		EA5C90F72ACBA39000FE8FAF /* WeatherWidget.swift */ = {isa = PBXFileReference; lastKnownFileType = sourcecode.swift; path = WeatherWidget.swift; sourceTree = "<group>"; };
		EA5C90F92ACBA39000FE8FAF /* widget.intentdefinition */ = {isa = PBXFileReference; lastKnownFileType = file.intentdefinition; path = widget.intentdefinition; sourceTree = "<group>"; };
		EA5C90FA2ACBA39200FE8FAF /* Assets.xcassets */ = {isa = PBXFileReference; lastKnownFileType = folder.assetcatalog; path = Assets.xcassets; sourceTree = "<group>"; };
		EA5C90FC2ACBA39200FE8FAF /* Info.plist */ = {isa = PBXFileReference; lastKnownFileType = text.plist.xml; path = Info.plist; sourceTree = "<group>"; };
		EA5C91062ACBA85C00FE8FAF /* WeatherWidgetViews.swift */ = {isa = PBXFileReference; lastKnownFileType = sourcecode.swift; path = WeatherWidgetViews.swift; sourceTree = "<group>"; };
		EA5C91082ACBA8D000FE8FAF /* WeatherModel.swift */ = {isa = PBXFileReference; lastKnownFileType = sourcecode.swift; path = WeatherModel.swift; sourceTree = "<group>"; };
		EA5C910A2ACBAA3300FE8FAF /* WeatherDataReader.swift */ = {isa = PBXFileReference; lastKnownFileType = sourcecode.swift; path = WeatherDataReader.swift; sourceTree = "<group>"; };
		EA5C910C2ACBAA5E00FE8FAF /* WeatherData.swift */ = {isa = PBXFileReference; lastKnownFileType = sourcecode.swift; path = WeatherData.swift; sourceTree = "<group>"; };
		EA5C910F2ACFB00900FE8FAF /* WeatherIcons.swift */ = {isa = PBXFileReference; lastKnownFileType = sourcecode.swift; path = WeatherIcons.swift; sourceTree = "<group>"; };
		EA5C91162ACFBF0500FE8FAF /* widgetintentExtDebug.appex */ = {isa = PBXFileReference; explicitFileType = "wrapper.app-extension"; includeInIndex = 0; path = widgetintentExtDebug.appex; sourceTree = BUILT_PRODUCTS_DIR; };
		EA5C91172ACFBF0500FE8FAF /* Intents.framework */ = {isa = PBXFileReference; lastKnownFileType = wrapper.framework; name = Intents.framework; path = System/Library/Frameworks/Intents.framework; sourceTree = SDKROOT; };
		EA5C911A2ACFBF0500FE8FAF /* IntentHandler.swift */ = {isa = PBXFileReference; lastKnownFileType = sourcecode.swift; path = IntentHandler.swift; sourceTree = "<group>"; };
		EA5C911C2ACFBF0500FE8FAF /* Info.plist */ = {isa = PBXFileReference; lastKnownFileType = text.plist.xml; path = Info.plist; sourceTree = "<group>"; };
		EA5C91202ACFBF0500FE8FAF /* widgetintentExt.entitlements */ = {isa = PBXFileReference; lastKnownFileType = text.plist.entitlements; path = widgetintentExt.entitlements; sourceTree = "<group>"; };
		EA5C912C2ACFC6C000FE8FAF /* widgetExtensionDebug.entitlements */ = {isa = PBXFileReference; lastKnownFileType = text.plist.entitlements; path = widgetExtensionDebug.entitlements; sourceTree = "<group>"; };
		EA5C912D2AD0F05E00FE8FAF /* UIColorExtensions.swift */ = {isa = PBXFileReference; lastKnownFileType = sourcecode.swift; path = UIColorExtensions.swift; sourceTree = "<group>"; };
		EA5C91302AD106C900FE8FAF /* WeatherIconsToSFSymbols.swift */ = {isa = PBXFileReference; lastKnownFileType = sourcecode.swift; path = WeatherIconsToSFSymbols.swift; sourceTree = "<group>"; };
		EAB6F5062B19722600EF261C /* Info.plist */ = {isa = PBXFileReference; lastKnownFileType = text.plist; path = Info.plist; sourceTree = "<group>"; };
		EAD52AFA2B3F6B1F009072CA /* WeatherUtils.swift */ = {isa = PBXFileReference; lastKnownFileType = sourcecode.swift; path = WeatherUtils.swift; sourceTree = "<group>"; };
		EAD52AFD2B3FBB66009072CA /* WeatherConditions.swift */ = {isa = PBXFileReference; lastKnownFileType = sourcecode.swift; path = WeatherConditions.swift; sourceTree = "<group>"; };
		EAD75CB22AD3C39C002CF752 /* widgetintentExtDebug.entitlements */ = {isa = PBXFileReference; lastKnownFileType = text.plist.entitlements; path = widgetintentExtDebug.entitlements; sourceTree = "<group>"; };
/* End PBXFileReference section */

/* Begin PBXFrameworksBuildPhase section */
		EA2C171E2B0D135B00ABDECE /* Frameworks */ = {
			isa = PBXFrameworksBuildPhase;
			buildActionMask = 2147483647;
			files = (
			);
			runOnlyForDeploymentPostprocessing = 0;
		};
		EA5C90EE2ACBA39000FE8FAF /* Frameworks */ = {
			isa = PBXFrameworksBuildPhase;
			buildActionMask = 2147483647;
			files = (
				EA5C90F32ACBA39000FE8FAF /* SwiftUI.framework in Frameworks */,
				EA5C90F22ACBA39000FE8FAF /* WidgetKit.framework in Frameworks */,
			);
			runOnlyForDeploymentPostprocessing = 0;
		};
		EA5C91132ACFBF0500FE8FAF /* Frameworks */ = {
			isa = PBXFrameworksBuildPhase;
			buildActionMask = 2147483647;
			files = (
				EA5C91182ACFBF0500FE8FAF /* Intents.framework in Frameworks */,
			);
			runOnlyForDeploymentPostprocessing = 0;
		};
/* End PBXFrameworksBuildPhase section */

/* Begin PBXGroup section */
		EA2C17222B0D135B00ABDECE /* simpleweather */ = {
			isa = PBXGroup;
			children = (
				EAB6F5062B19722600EF261C /* Info.plist */,
				EA2C17232B0D135B00ABDECE /* simpleweatherApp.swift */,
				EA2C17252B0D135B00ABDECE /* ContentView.swift */,
				EA2C17272B0D135E00ABDECE /* Assets.xcassets */,
				EA2C17292B0D135E00ABDECE /* simpleweather.entitlements */,
				EA2C172A2B0D135E00ABDECE /* Preview Content */,
			);
			path = simpleweather;
			sourceTree = "<group>";
		};
		EA2C172A2B0D135E00ABDECE /* Preview Content */ = {
			isa = PBXGroup;
			children = (
				EA2C172B2B0D135E00ABDECE /* Preview Assets.xcassets */,
			);
			path = "Preview Content";
			sourceTree = "<group>";
		};
		EA5C90B82ACB9E5F00FE8FAF = {
			isa = PBXGroup;
			children = (
				EA5C910E2ACFAFF200FE8FAF /* Shared */,
				EA5C90F42ACBA39000FE8FAF /* widgetExtension */,
				EA5C91192ACFBF0500FE8FAF /* widgetintentExt */,
				EA2C17222B0D135B00ABDECE /* simpleweather */,
				EA5C90D82ACB9F0800FE8FAF /* Frameworks */,
				EA5C90C22ACB9E5F00FE8FAF /* Products */,
			);
			sourceTree = "<group>";
		};
		EA5C90C22ACB9E5F00FE8FAF /* Products */ = {
			isa = PBXGroup;
			children = (
				EA5C90F12ACBA39000FE8FAF /* widgetExtensionDebug.appex */,
				EA5C91162ACFBF0500FE8FAF /* widgetintentExtDebug.appex */,
				EA2C17212B0D135B00ABDECE /* simpleweather.app */,
			);
			name = Products;
			sourceTree = "<group>";
		};
		EA5C90D82ACB9F0800FE8FAF /* Frameworks */ = {
			isa = PBXGroup;
			children = (
				EA5C90D92ACB9F0800FE8FAF /* WidgetKit.framework */,
				EA5C90DB2ACB9F0800FE8FAF /* SwiftUI.framework */,
				EA5C91172ACFBF0500FE8FAF /* Intents.framework */,
			);
			name = Frameworks;
			sourceTree = "<group>";
		};
		EA5C90F42ACBA39000FE8FAF /* widgetExtension */ = {
			isa = PBXGroup;
			children = (
				EA5C912C2ACFC6C000FE8FAF /* widgetExtensionDebug.entitlements */,
				EA5C90E82ACB9F0A00FE8FAF /* widgetExtension.entitlements */,
				EA5C90F52ACBA39000FE8FAF /* WeatherWidgetBundle.swift */,
				EA5C90F72ACBA39000FE8FAF /* WeatherWidget.swift */,
				EA5C90F92ACBA39000FE8FAF /* widget.intentdefinition */,
				EA5C90FA2ACBA39200FE8FAF /* Assets.xcassets */,
				EA5C90FC2ACBA39200FE8FAF /* Info.plist */,
				EA5C91062ACBA85C00FE8FAF /* WeatherWidgetViews.swift */,
			);
			path = widgetExtension;
			sourceTree = "<group>";
		};
		EA5C910E2ACFAFF200FE8FAF /* Shared */ = {
			isa = PBXGroup;
			children = (
				EA5C91082ACBA8D000FE8FAF /* WeatherModel.swift */,
				EA5C910C2ACBAA5E00FE8FAF /* WeatherData.swift */,
				EA5C910A2ACBAA3300FE8FAF /* WeatherDataReader.swift */,
				EA5C910F2ACFB00900FE8FAF /* WeatherIcons.swift */,
				EA5C912D2AD0F05E00FE8FAF /* UIColorExtensions.swift */,
				EA5C91302AD106C900FE8FAF /* WeatherIconsToSFSymbols.swift */,
				EA072A912ADA450300A49239 /* WeatherBackground.swift */,
				EA072A9C2ADB575200A49239 /* FileLogger.swift */,
				EA072A9E2ADB579D00A49239 /* GroupIdentifier.swift */,
				EAD52AFA2B3F6B1F009072CA /* WeatherUtils.swift */,
				EAD52AFD2B3FBB66009072CA /* WeatherConditions.swift */,
			);
			path = Shared;
			sourceTree = "<group>";
		};
		EA5C91192ACFBF0500FE8FAF /* widgetintentExt */ = {
			isa = PBXGroup;
			children = (
				EAD75CB22AD3C39C002CF752 /* widgetintentExtDebug.entitlements */,
				EA5C91202ACFBF0500FE8FAF /* widgetintentExt.entitlements */,
				EA5C911A2ACFBF0500FE8FAF /* IntentHandler.swift */,
				EA5C911C2ACFBF0500FE8FAF /* Info.plist */,
			);
			path = widgetintentExt;
			sourceTree = "<group>";
		};
/* End PBXGroup section */

/* Begin PBXNativeTarget section */
		EA2C17202B0D135B00ABDECE /* simpleweather */ = {
			isa = PBXNativeTarget;
			buildConfigurationList = EA2C172F2B0D135E00ABDECE /* Build configuration list for PBXNativeTarget "simpleweather" */;
			buildPhases = (
				EA2C171D2B0D135B00ABDECE /* Sources */,
				EA2C171E2B0D135B00ABDECE /* Frameworks */,
				EA2C171F2B0D135B00ABDECE /* Resources */,
				EA2C17332B0D13A800ABDECE /* Embed Foundation Extensions */,
			);
			buildRules = (
			);
			dependencies = (
				EA2C17322B0D13A700ABDECE /* PBXTargetDependency */,
				EA2C17362B0D13AA00ABDECE /* PBXTargetDependency */,
			);
			name = simpleweather;
			productName = simpleweather;
			productReference = EA2C17212B0D135B00ABDECE /* simpleweather.app */;
			productType = "com.apple.product-type.application";
		};
		EA5C90F02ACBA39000FE8FAF /* widgetExtension */ = {
			isa = PBXNativeTarget;
			buildConfigurationList = EA5C91042ACBA39200FE8FAF /* Build configuration list for PBXNativeTarget "widgetExtension" */;
			buildPhases = (
				EA5C90ED2ACBA39000FE8FAF /* Sources */,
				EA5C90EE2ACBA39000FE8FAF /* Frameworks */,
				EA5C90EF2ACBA39000FE8FAF /* Resources */,
			);
			buildRules = (
			);
			dependencies = (
			);
			name = widgetExtension;
			productName = widgetExtension;
			productReference = EA5C90F12ACBA39000FE8FAF /* widgetExtensionDebug.appex */;
			productType = "com.apple.product-type.app-extension";
		};
		EA5C91152ACFBF0500FE8FAF /* widgetintentExt */ = {
			isa = PBXNativeTarget;
			buildConfigurationList = EA5C91212ACFBF0500FE8FAF /* Build configuration list for PBXNativeTarget "widgetintentExt" */;
			buildPhases = (
				EA5C91122ACFBF0500FE8FAF /* Sources */,
				EA5C91132ACFBF0500FE8FAF /* Frameworks */,
				EA5C91142ACFBF0500FE8FAF /* Resources */,
			);
			buildRules = (
			);
			dependencies = (
			);
			name = widgetintentExt;
			productName = widgetintentExt;
			productReference = EA5C91162ACFBF0500FE8FAF /* widgetintentExtDebug.appex */;
			productType = "com.apple.product-type.app-extension";
		};
/* End PBXNativeTarget section */

/* Begin PBXProject section */
		EA5C90B92ACB9E5F00FE8FAF /* Project object */ = {
			isa = PBXProject;
			attributes = {
				BuildIndependentTargetsInParallel = 1;
				LastSwiftUpdateCheck = 1500;
				LastUpgradeCheck = 1500;
				TargetAttributes = {
					EA2C17202B0D135B00ABDECE = {
						CreatedOnToolsVersion = 15.0.1;
					};
					EA5C90F02ACBA39000FE8FAF = {
						CreatedOnToolsVersion = 14.3.1;
					};
					EA5C91152ACFBF0500FE8FAF = {
						CreatedOnToolsVersion = 14.3.1;
					};
				};
			};
			buildConfigurationList = EA5C90BC2ACB9E5F00FE8FAF /* Build configuration list for PBXProject "SimpleWeather" */;
			compatibilityVersion = "Xcode 14.0";
			developmentRegion = en;
			hasScannedForEncodings = 0;
			knownRegions = (
				en,
				Base,
			);
			mainGroup = EA5C90B82ACB9E5F00FE8FAF;
			productRefGroup = EA5C90C22ACB9E5F00FE8FAF /* Products */;
			projectDirPath = "";
			projectRoot = "";
			targets = (
				EA5C90F02ACBA39000FE8FAF /* widgetExtension */,
				EA5C91152ACFBF0500FE8FAF /* widgetintentExt */,
				EA2C17202B0D135B00ABDECE /* simpleweather */,
			);
		};
/* End PBXProject section */

/* Begin PBXResourcesBuildPhase section */
		EA2C171F2B0D135B00ABDECE /* Resources */ = {
			isa = PBXResourcesBuildPhase;
			buildActionMask = 2147483647;
			files = (
				EA2C172C2B0D135E00ABDECE /* Preview Assets.xcassets in Resources */,
				EA2C17282B0D135E00ABDECE /* Assets.xcassets in Resources */,
			);
			runOnlyForDeploymentPostprocessing = 0;
		};
		EA5C90EF2ACBA39000FE8FAF /* Resources */ = {
			isa = PBXResourcesBuildPhase;
			buildActionMask = 2147483647;
			files = (
				EA5C90FB2ACBA39200FE8FAF /* Assets.xcassets in Resources */,
			);
			runOnlyForDeploymentPostprocessing = 0;
		};
		EA5C91142ACFBF0500FE8FAF /* Resources */ = {
			isa = PBXResourcesBuildPhase;
			buildActionMask = 2147483647;
			files = (
			);
			runOnlyForDeploymentPostprocessing = 0;
		};
/* End PBXResourcesBuildPhase section */

/* Begin PBXSourcesBuildPhase section */
		EA2C171D2B0D135B00ABDECE /* Sources */ = {
			isa = PBXSourcesBuildPhase;
			buildActionMask = 2147483647;
			files = (
				EA2C17262B0D135B00ABDECE /* ContentView.swift in Sources */,
				EA2C17242B0D135B00ABDECE /* simpleweatherApp.swift in Sources */,
			);
			runOnlyForDeploymentPostprocessing = 0;
		};
		EA5C90ED2ACBA39000FE8FAF /* Sources */ = {
			isa = PBXSourcesBuildPhase;
			buildActionMask = 2147483647;
			files = (
				EA072A932ADA450300A49239 /* WeatherBackground.swift in Sources */,
				EA5C91072ACBA85C00FE8FAF /* WeatherWidgetViews.swift in Sources */,
				EA072AA22ADB57B700A49239 /* GroupIdentifier.swift in Sources */,
				EA5C91112ACFB00900FE8FAF /* WeatherIcons.swift in Sources */,
				EA072AA02ADB57B400A49239 /* FileLogger.swift in Sources */,
				EA5C90FD2ACBA39200FE8FAF /* widget.intentdefinition in Sources */,
				EA5C910D2ACBAA5E00FE8FAF /* WeatherData.swift in Sources */,
				EA5C90F62ACBA39000FE8FAF /* WeatherWidgetBundle.swift in Sources */,
				EAD52AFE2B3FBB66009072CA /* WeatherConditions.swift in Sources */,
				EA072A952ADA85BE00A49239 /* UIColorExtensions.swift in Sources */,
				EA5C910B2ACBAA3300FE8FAF /* WeatherDataReader.swift in Sources */,
				EAD52AFB2B3F6B1F009072CA /* WeatherUtils.swift in Sources */,
				EA5C91322AD106C900FE8FAF /* WeatherIconsToSFSymbols.swift in Sources */,
				EA5C90F82ACBA39000FE8FAF /* WeatherWidget.swift in Sources */,
				EA5C91092ACBA8D000FE8FAF /* WeatherModel.swift in Sources */,
			);
			runOnlyForDeploymentPostprocessing = 0;
		};
		EA5C91122ACFBF0500FE8FAF /* Sources */ = {
			isa = PBXSourcesBuildPhase;
			buildActionMask = 2147483647;
			files = (
				EA5C91262ACFC13C00FE8FAF /* WeatherDataReader.swift in Sources */,
				EA072A942ADA46B400A49239 /* WeatherBackground.swift in Sources */,
				EA5C912A2ACFC15D00FE8FAF /* WeatherData.swift in Sources */,
				EAD52AFF2B3FBB66009072CA /* WeatherConditions.swift in Sources */,
				EA072AA12ADB57B500A49239 /* FileLogger.swift in Sources */,
				EA072AA32ADB57B700A49239 /* GroupIdentifier.swift in Sources */,
				EA5C91242ACFC07B00FE8FAF /* widget.intentdefinition in Sources */,
				EA5C91272ACFC15800FE8FAF /* WeatherModel.swift in Sources */,
				EA5C911B2ACFBF0500FE8FAF /* IntentHandler.swift in Sources */,
				EAD52AFC2B3F6B1F009072CA /* WeatherUtils.swift in Sources */,
				EA5C912B2ACFC16800FE8FAF /* WeatherIcons.swift in Sources */,
			);
			runOnlyForDeploymentPostprocessing = 0;
		};
/* End PBXSourcesBuildPhase section */

/* Begin PBXTargetDependency section */
		EA2C17322B0D13A700ABDECE /* PBXTargetDependency */ = {
			isa = PBXTargetDependency;
			target = EA5C90F02ACBA39000FE8FAF /* widgetExtension */;
			targetProxy = EA2C17312B0D13A700ABDECE /* PBXContainerItemProxy */;
		};
		EA2C17362B0D13AA00ABDECE /* PBXTargetDependency */ = {
			isa = PBXTargetDependency;
			target = EA5C91152ACFBF0500FE8FAF /* widgetintentExt */;
			targetProxy = EA2C17352B0D13AA00ABDECE /* PBXContainerItemProxy */;
		};
/* End PBXTargetDependency section */

/* Begin XCBuildConfiguration section */
		EA2C172D2B0D135E00ABDECE /* Debug */ = {
			isa = XCBuildConfiguration;
			buildSettings = {
				ASSETCATALOG_COMPILER_APPICON_NAME = AppIcon;
				ASSETCATALOG_COMPILER_GENERATE_SWIFT_ASSET_SYMBOL_EXTENSIONS = YES;
				ASSETCATALOG_COMPILER_GLOBAL_ACCENT_COLOR_NAME = AccentColor;
				CODE_SIGN_ENTITLEMENTS = simpleweather/simpleweather.entitlements;
				CODE_SIGN_STYLE = Manual;
				CURRENT_PROJECT_VERSION = 1;
				DEAD_CODE_STRIPPING = YES;
				DEVELOPMENT_ASSET_PATHS = "\"simpleweather/Preview Content\"";
				DEVELOPMENT_TEAM = "";
				"DEVELOPMENT_TEAM[sdk=iphoneos*]" = F5MCLX6AR8;
				"DEVELOPMENT_TEAM[sdk=macosx*]" = F5MCLX6AR8;
				ENABLE_HARDENED_RUNTIME = YES;
				ENABLE_PREVIEWS = YES;
				ENABLE_USER_SCRIPT_SANDBOXING = YES;
				GCC_C_LANGUAGE_STANDARD = gnu17;
				GENERATE_INFOPLIST_FILE = YES;
				INFOPLIST_FILE = simpleweather/Info.plist;
				INFOPLIST_KEY_LSApplicationCategoryType = "public.app-category.weather";
				"INFOPLIST_KEY_UIApplicationSceneManifest_Generation[sdk=iphoneos*]" = YES;
				"INFOPLIST_KEY_UIApplicationSceneManifest_Generation[sdk=iphonesimulator*]" = YES;
				"INFOPLIST_KEY_UIApplicationSupportsIndirectInputEvents[sdk=iphoneos*]" = YES;
				"INFOPLIST_KEY_UIApplicationSupportsIndirectInputEvents[sdk=iphonesimulator*]" = YES;
				"INFOPLIST_KEY_UILaunchScreen_Generation[sdk=iphoneos*]" = YES;
				"INFOPLIST_KEY_UILaunchScreen_Generation[sdk=iphonesimulator*]" = YES;
				"INFOPLIST_KEY_UIStatusBarStyle[sdk=iphoneos*]" = UIStatusBarStyleDefault;
				"INFOPLIST_KEY_UIStatusBarStyle[sdk=iphonesimulator*]" = UIStatusBarStyleDefault;
				INFOPLIST_KEY_UISupportedInterfaceOrientations_iPad = "UIInterfaceOrientationPortrait UIInterfaceOrientationPortraitUpsideDown UIInterfaceOrientationLandscapeLeft UIInterfaceOrientationLandscapeRight";
				INFOPLIST_KEY_UISupportedInterfaceOrientations_iPhone = "UIInterfaceOrientationPortrait UIInterfaceOrientationLandscapeLeft UIInterfaceOrientationLandscapeRight";
				IPHONEOS_DEPLOYMENT_TARGET = 16.0;
				LD_RUNPATH_SEARCH_PATHS = "@executable_path/Frameworks";
				"LD_RUNPATH_SEARCH_PATHS[sdk=macosx*]" = "@executable_path/../Frameworks";
				LOCALIZATION_PREFERS_STRING_CATALOGS = YES;
				MACOSX_DEPLOYMENT_TARGET = 14.0;
				MARKETING_VERSION = 1.0;
				PRODUCT_BUNDLE_IDENTIFIER = com.thewizrd.simpleweather.debug;
				PRODUCT_NAME = "$(TARGET_NAME)";
				PROVISIONING_PROFILE_SPECIFIER = "";
				"PROVISIONING_PROFILE_SPECIFIER[sdk=iphoneos*]" = "SimpleWeather - Debug";
				"PROVISIONING_PROFILE_SPECIFIER[sdk=macosx*]" = "SimpleWeather - Debug (MacCatalyst)";
				SDKROOT = auto;
				SUPPORTED_PLATFORMS = "iphoneos iphonesimulator";
				SUPPORTS_MACCATALYST = YES;
				SWIFT_ACTIVE_COMPILATION_CONDITIONS = "DEBUG $(inherited)";
				SWIFT_EMIT_LOC_STRINGS = YES;
				SWIFT_VERSION = 5.0;
				TARGETED_DEVICE_FAMILY = "1,2,6";
			};
			name = Debug;
		};
		EA2C172E2B0D135E00ABDECE /* Release */ = {
			isa = XCBuildConfiguration;
			buildSettings = {
				ASSETCATALOG_COMPILER_APPICON_NAME = AppIcon;
				ASSETCATALOG_COMPILER_GENERATE_SWIFT_ASSET_SYMBOL_EXTENSIONS = YES;
				ASSETCATALOG_COMPILER_GLOBAL_ACCENT_COLOR_NAME = AccentColor;
				CODE_SIGN_ENTITLEMENTS = simpleweather/simpleweather.entitlements;
				CODE_SIGN_STYLE = Manual;
				CURRENT_PROJECT_VERSION = 1;
				DEAD_CODE_STRIPPING = YES;
				DEVELOPMENT_ASSET_PATHS = "\"simpleweather/Preview Content\"";
				DEVELOPMENT_TEAM = "";
				"DEVELOPMENT_TEAM[sdk=iphoneos*]" = F5MCLX6AR8;
				"DEVELOPMENT_TEAM[sdk=macosx*]" = F5MCLX6AR8;
				ENABLE_HARDENED_RUNTIME = YES;
				ENABLE_PREVIEWS = YES;
				ENABLE_USER_SCRIPT_SANDBOXING = YES;
				GCC_C_LANGUAGE_STANDARD = gnu17;
				GENERATE_INFOPLIST_FILE = YES;
				INFOPLIST_FILE = simpleweather/Info.plist;
				INFOPLIST_KEY_LSApplicationCategoryType = "public.app-category.weather";
				"INFOPLIST_KEY_UIApplicationSceneManifest_Generation[sdk=iphoneos*]" = YES;
				"INFOPLIST_KEY_UIApplicationSceneManifest_Generation[sdk=iphonesimulator*]" = YES;
				"INFOPLIST_KEY_UIApplicationSupportsIndirectInputEvents[sdk=iphoneos*]" = YES;
				"INFOPLIST_KEY_UIApplicationSupportsIndirectInputEvents[sdk=iphonesimulator*]" = YES;
				"INFOPLIST_KEY_UILaunchScreen_Generation[sdk=iphoneos*]" = YES;
				"INFOPLIST_KEY_UILaunchScreen_Generation[sdk=iphonesimulator*]" = YES;
				"INFOPLIST_KEY_UIStatusBarStyle[sdk=iphoneos*]" = UIStatusBarStyleDefault;
				"INFOPLIST_KEY_UIStatusBarStyle[sdk=iphonesimulator*]" = UIStatusBarStyleDefault;
				INFOPLIST_KEY_UISupportedInterfaceOrientations_iPad = "UIInterfaceOrientationPortrait UIInterfaceOrientationPortraitUpsideDown UIInterfaceOrientationLandscapeLeft UIInterfaceOrientationLandscapeRight";
				INFOPLIST_KEY_UISupportedInterfaceOrientations_iPhone = "UIInterfaceOrientationPortrait UIInterfaceOrientationLandscapeLeft UIInterfaceOrientationLandscapeRight";
				IPHONEOS_DEPLOYMENT_TARGET = 16.0;
				LD_RUNPATH_SEARCH_PATHS = "@executable_path/Frameworks";
				"LD_RUNPATH_SEARCH_PATHS[sdk=macosx*]" = "@executable_path/../Frameworks";
				LOCALIZATION_PREFERS_STRING_CATALOGS = YES;
				MACOSX_DEPLOYMENT_TARGET = 14.0;
				MARKETING_VERSION = 1.0;
				PRODUCT_BUNDLE_IDENTIFIER = com.thewizrd.simpleweather;
				PRODUCT_NAME = "$(TARGET_NAME)";
				PROVISIONING_PROFILE_SPECIFIER = "";
				"PROVISIONING_PROFILE_SPECIFIER[sdk=iphoneos*]" = "SimpleWeather - Release (iOS - Debug)";
				"PROVISIONING_PROFILE_SPECIFIER[sdk=macosx*]" = "SimpleWeather - Release (MacCatalyst - Dev)";
				SDKROOT = auto;
				SUPPORTED_PLATFORMS = "iphoneos iphonesimulator";
				SUPPORTS_MACCATALYST = YES;
				SWIFT_EMIT_LOC_STRINGS = YES;
				SWIFT_VERSION = 5.0;
				TARGETED_DEVICE_FAMILY = "1,2,6";
			};
			name = Release;
		};
		EA5C90CE2ACB9E6000FE8FAF /* Debug */ = {
			isa = XCBuildConfiguration;
			buildSettings = {
				ALWAYS_SEARCH_USER_PATHS = NO;
				CLANG_ANALYZER_NONNULL = YES;
				CLANG_ANALYZER_NUMBER_OBJECT_CONVERSION = YES_AGGRESSIVE;
				CLANG_CXX_LANGUAGE_STANDARD = "gnu++20";
				CLANG_ENABLE_MODULES = YES;
				CLANG_ENABLE_OBJC_ARC = YES;
				CLANG_ENABLE_OBJC_WEAK = YES;
				CLANG_WARN_BLOCK_CAPTURE_AUTORELEASING = YES;
				CLANG_WARN_BOOL_CONVERSION = YES;
				CLANG_WARN_COMMA = YES;
				CLANG_WARN_CONSTANT_CONVERSION = YES;
				CLANG_WARN_DEPRECATED_OBJC_IMPLEMENTATIONS = YES;
				CLANG_WARN_DIRECT_OBJC_ISA_USAGE = YES_ERROR;
				CLANG_WARN_DOCUMENTATION_COMMENTS = YES;
				CLANG_WARN_EMPTY_BODY = YES;
				CLANG_WARN_ENUM_CONVERSION = YES;
				CLANG_WARN_INFINITE_RECURSION = YES;
				CLANG_WARN_INT_CONVERSION = YES;
				CLANG_WARN_NON_LITERAL_NULL_CONVERSION = YES;
				CLANG_WARN_OBJC_IMPLICIT_RETAIN_SELF = YES;
				CLANG_WARN_OBJC_LITERAL_CONVERSION = YES;
				CLANG_WARN_OBJC_ROOT_CLASS = YES_ERROR;
				CLANG_WARN_QUOTED_INCLUDE_IN_FRAMEWORK_HEADER = YES;
				CLANG_WARN_RANGE_LOOP_ANALYSIS = YES;
				CLANG_WARN_STRICT_PROTOTYPES = YES;
				CLANG_WARN_SUSPICIOUS_MOVE = YES;
				CLANG_WARN_UNGUARDED_AVAILABILITY = YES_AGGRESSIVE;
				CLANG_WARN_UNREACHABLE_CODE = YES;
				CLANG_WARN__DUPLICATE_METHOD_MATCH = YES;
				COPY_PHASE_STRIP = NO;
				DEAD_CODE_STRIPPING = YES;
				DEBUG_INFORMATION_FORMAT = dwarf;
				ENABLE_STRICT_OBJC_MSGSEND = YES;
				ENABLE_TESTABILITY = YES;
				GCC_C_LANGUAGE_STANDARD = gnu11;
				GCC_DYNAMIC_NO_PIC = NO;
				GCC_NO_COMMON_BLOCKS = YES;
				GCC_OPTIMIZATION_LEVEL = 0;
				GCC_PREPROCESSOR_DEFINITIONS = (
					"DEBUG=1",
					"$(inherited)",
				);
				GCC_WARN_64_TO_32_BIT_CONVERSION = YES;
				GCC_WARN_ABOUT_RETURN_TYPE = YES_ERROR;
				GCC_WARN_UNDECLARED_SELECTOR = YES;
				GCC_WARN_UNINITIALIZED_AUTOS = YES_AGGRESSIVE;
				GCC_WARN_UNUSED_FUNCTION = YES;
				GCC_WARN_UNUSED_VARIABLE = YES;
				MTL_ENABLE_DEBUG_INFO = INCLUDE_SOURCE;
				MTL_FAST_MATH = YES;
				ONLY_ACTIVE_ARCH = YES;
				SWIFT_ACTIVE_COMPILATION_CONDITIONS = DEBUG;
				SWIFT_OPTIMIZATION_LEVEL = "-Onone";
			};
			name = Debug;
		};
		EA5C90CF2ACB9E6000FE8FAF /* Release */ = {
			isa = XCBuildConfiguration;
			buildSettings = {
				ALWAYS_SEARCH_USER_PATHS = NO;
				CLANG_ANALYZER_NONNULL = YES;
				CLANG_ANALYZER_NUMBER_OBJECT_CONVERSION = YES_AGGRESSIVE;
				CLANG_CXX_LANGUAGE_STANDARD = "gnu++20";
				CLANG_ENABLE_MODULES = YES;
				CLANG_ENABLE_OBJC_ARC = YES;
				CLANG_ENABLE_OBJC_WEAK = YES;
				CLANG_WARN_BLOCK_CAPTURE_AUTORELEASING = YES;
				CLANG_WARN_BOOL_CONVERSION = YES;
				CLANG_WARN_COMMA = YES;
				CLANG_WARN_CONSTANT_CONVERSION = YES;
				CLANG_WARN_DEPRECATED_OBJC_IMPLEMENTATIONS = YES;
				CLANG_WARN_DIRECT_OBJC_ISA_USAGE = YES_ERROR;
				CLANG_WARN_DOCUMENTATION_COMMENTS = YES;
				CLANG_WARN_EMPTY_BODY = YES;
				CLANG_WARN_ENUM_CONVERSION = YES;
				CLANG_WARN_INFINITE_RECURSION = YES;
				CLANG_WARN_INT_CONVERSION = YES;
				CLANG_WARN_NON_LITERAL_NULL_CONVERSION = YES;
				CLANG_WARN_OBJC_IMPLICIT_RETAIN_SELF = YES;
				CLANG_WARN_OBJC_LITERAL_CONVERSION = YES;
				CLANG_WARN_OBJC_ROOT_CLASS = YES_ERROR;
				CLANG_WARN_QUOTED_INCLUDE_IN_FRAMEWORK_HEADER = YES;
				CLANG_WARN_RANGE_LOOP_ANALYSIS = YES;
				CLANG_WARN_STRICT_PROTOTYPES = YES;
				CLANG_WARN_SUSPICIOUS_MOVE = YES;
				CLANG_WARN_UNGUARDED_AVAILABILITY = YES_AGGRESSIVE;
				CLANG_WARN_UNREACHABLE_CODE = YES;
				CLANG_WARN__DUPLICATE_METHOD_MATCH = YES;
				COPY_PHASE_STRIP = NO;
				DEAD_CODE_STRIPPING = YES;
				DEBUG_INFORMATION_FORMAT = "dwarf-with-dsym";
				ENABLE_NS_ASSERTIONS = NO;
				ENABLE_STRICT_OBJC_MSGSEND = YES;
				GCC_C_LANGUAGE_STANDARD = gnu11;
				GCC_NO_COMMON_BLOCKS = YES;
				GCC_WARN_64_TO_32_BIT_CONVERSION = YES;
				GCC_WARN_ABOUT_RETURN_TYPE = YES_ERROR;
				GCC_WARN_UNDECLARED_SELECTOR = YES;
				GCC_WARN_UNINITIALIZED_AUTOS = YES_AGGRESSIVE;
				GCC_WARN_UNUSED_FUNCTION = YES;
				GCC_WARN_UNUSED_VARIABLE = YES;
				MTL_ENABLE_DEBUG_INFO = NO;
				MTL_FAST_MATH = YES;
				SWIFT_COMPILATION_MODE = wholemodule;
				SWIFT_OPTIMIZATION_LEVEL = "-O";
			};
			name = Release;
		};
		EA5C91022ACBA39200FE8FAF /* Debug */ = {
			isa = XCBuildConfiguration;
			buildSettings = {
				ASSETCATALOG_COMPILER_GLOBAL_ACCENT_COLOR_NAME = AccentColor;
				ASSETCATALOG_COMPILER_WIDGET_BACKGROUND_COLOR_NAME = WidgetBackground;
				CODE_SIGN_ENTITLEMENTS = widgetExtension/widgetExtensionDebug.entitlements;
				CODE_SIGN_IDENTITY = "Apple Development";
				"CODE_SIGN_IDENTITY[sdk=iphoneos*]" = "iPhone Developer";
				"CODE_SIGN_IDENTITY[sdk=macosx*]" = "Apple Development";
				CODE_SIGN_STYLE = Manual;
				CURRENT_PROJECT_VERSION = 1;
				DEVELOPMENT_TEAM = "";
				"DEVELOPMENT_TEAM[sdk=iphoneos*]" = F5MCLX6AR8;
				"DEVELOPMENT_TEAM[sdk=macosx*]" = F5MCLX6AR8;
				GENERATE_INFOPLIST_FILE = YES;
				INFOPLIST_FILE = widgetExtension/Info.plist;
				INFOPLIST_KEY_CFBundleDisplayName = SimpleWeather.Widget;
				INFOPLIST_KEY_NSHumanReadableCopyright = "";
				IPHONEOS_DEPLOYMENT_TARGET = 16.0;
				LD_RUNPATH_SEARCH_PATHS = (
					"$(inherited)",
					"@executable_path/Frameworks",
					"@executable_path/../../Frameworks",
				);
				MARKETING_VERSION = 1.0;
				PRODUCT_BUNDLE_IDENTIFIER = com.thewizrd.simpleweather.debug.widget;
				PRODUCT_MODULE_NAME = widgetExtension;
				PRODUCT_NAME = widgetExtensionDebug;
				PROVISIONING_PROFILE_SPECIFIER = "";
				"PROVISIONING_PROFILE_SPECIFIER[sdk=iphoneos*]" = "SimpleWeather.Widget - Debug (iOS)";
				"PROVISIONING_PROFILE_SPECIFIER[sdk=macosx*]" = "SimpleWeather.Widget - Debug (MacCatalyst)";
				SDKROOT = iphoneos;
				SKIP_INSTALL = YES;
				SUPPORTED_PLATFORMS = "iphonesimulator iphoneos";
				SUPPORTS_MACCATALYST = YES;
				SWIFT_EMIT_LOC_STRINGS = YES;
				SWIFT_VERSION = 5.0;
				TARGETED_DEVICE_FAMILY = "1,2";
			};
			name = Debug;
		};
		EA5C91032ACBA39200FE8FAF /* Release */ = {
			isa = XCBuildConfiguration;
			buildSettings = {
				ASSETCATALOG_COMPILER_GLOBAL_ACCENT_COLOR_NAME = AccentColor;
				ASSETCATALOG_COMPILER_WIDGET_BACKGROUND_COLOR_NAME = WidgetBackground;
				CODE_SIGN_ENTITLEMENTS = widgetExtension/widgetExtension.entitlements;
				CODE_SIGN_IDENTITY = "Apple Development";
				"CODE_SIGN_IDENTITY[sdk=iphoneos*]" = "iPhone Distribution";
				"CODE_SIGN_IDENTITY[sdk=macosx*]" = "Apple Distribution";
				CODE_SIGN_STYLE = Manual;
				CURRENT_PROJECT_VERSION = 1;
				DEVELOPMENT_TEAM = "";
				"DEVELOPMENT_TEAM[sdk=iphoneos*]" = F5MCLX6AR8;
				"DEVELOPMENT_TEAM[sdk=macosx*]" = F5MCLX6AR8;
				GENERATE_INFOPLIST_FILE = YES;
				INFOPLIST_FILE = widgetExtension/Info.plist;
				INFOPLIST_KEY_CFBundleDisplayName = SimpleWeather.Widget;
				INFOPLIST_KEY_NSHumanReadableCopyright = "";
				IPHONEOS_DEPLOYMENT_TARGET = 16.0;
				LD_RUNPATH_SEARCH_PATHS = (
					"$(inherited)",
					"@executable_path/Frameworks",
					"@executable_path/../../Frameworks",
				);
				MARKETING_VERSION = 1.0;
				PRODUCT_BUNDLE_IDENTIFIER = com.thewizrd.simpleweather.widget;
				PRODUCT_MODULE_NAME = widgetExtension;
				PRODUCT_NAME = widgetExtension;
				PROVISIONING_PROFILE_SPECIFIER = "";
				"PROVISIONING_PROFILE_SPECIFIER[sdk=iphoneos*]" = "SimpleWeather.Widget - Release (iOS)";
				"PROVISIONING_PROFILE_SPECIFIER[sdk=macosx*]" = "SimpleWeather.Widget - Release (MacCatalyst)";
				SDKROOT = iphoneos;
				SKIP_INSTALL = YES;
				SUPPORTS_MACCATALYST = YES;
				SWIFT_EMIT_LOC_STRINGS = YES;
				SWIFT_VERSION = 5.0;
				TARGETED_DEVICE_FAMILY = "1,2";
				VALIDATE_PRODUCT = YES;
			};
			name = Release;
		};
		EA5C91222ACFBF0500FE8FAF /* Debug */ = {
			isa = XCBuildConfiguration;
			buildSettings = {
				CODE_SIGN_ENTITLEMENTS = widgetintentExt/widgetintentExtDebug.entitlements;
				CODE_SIGN_IDENTITY = "Apple Development";
				"CODE_SIGN_IDENTITY[sdk=iphoneos*]" = "iPhone Developer";
				"CODE_SIGN_IDENTITY[sdk=macosx*]" = "Apple Development";
				CODE_SIGN_STYLE = Manual;
				CURRENT_PROJECT_VERSION = 1;
				DEVELOPMENT_TEAM = "";
				"DEVELOPMENT_TEAM[sdk=iphoneos*]" = F5MCLX6AR8;
				"DEVELOPMENT_TEAM[sdk=macosx*]" = F5MCLX6AR8;
				GENERATE_INFOPLIST_FILE = YES;
				INFOPLIST_FILE = widgetintentExt/Info.plist;
				INFOPLIST_KEY_CFBundleDisplayName = SimpleWeather.WidgetIntentExtension;
				INFOPLIST_KEY_NSHumanReadableCopyright = "";
				IPHONEOS_DEPLOYMENT_TARGET = 16.0;
				LD_RUNPATH_SEARCH_PATHS = (
					"$(inherited)",
					"@executable_path/Frameworks",
					"@executable_path/../../Frameworks",
				);
				MARKETING_VERSION = 1.0;
				PRODUCT_BUNDLE_IDENTIFIER = com.thewizrd.simpleweather.debug.widgetintentExt;
				PRODUCT_MODULE_NAME = widgetintentExt;
				PRODUCT_NAME = widgetintentExtDebug;
				PROVISIONING_PROFILE_SPECIFIER = "";
				"PROVISIONING_PROFILE_SPECIFIER[sdk=iphoneos*]" = "SimpleWeather.WidgetIntentExt - Debug (iOS)";
				"PROVISIONING_PROFILE_SPECIFIER[sdk=macosx*]" = "SimpleWeather.WidgetIntentExt - Debug (Mac)";
				SDKROOT = iphoneos;
				SKIP_INSTALL = YES;
				SUPPORTS_MACCATALYST = YES;
				SWIFT_EMIT_LOC_STRINGS = YES;
				SWIFT_VERSION = 5.0;
				TARGETED_DEVICE_FAMILY = "1,2";
			};
			name = Debug;
		};
		EA5C91232ACFBF0500FE8FAF /* Release */ = {
			isa = XCBuildConfiguration;
			buildSettings = {
				CODE_SIGN_ENTITLEMENTS = widgetintentExt/widgetintentExt.entitlements;
				CODE_SIGN_IDENTITY = "Apple Development";
				"CODE_SIGN_IDENTITY[sdk=iphoneos*]" = "iPhone Distribution";
				"CODE_SIGN_IDENTITY[sdk=macosx*]" = "Apple Distribution";
				CODE_SIGN_STYLE = Manual;
				CURRENT_PROJECT_VERSION = 1;
				DEVELOPMENT_TEAM = "";
				"DEVELOPMENT_TEAM[sdk=iphoneos*]" = F5MCLX6AR8;
				"DEVELOPMENT_TEAM[sdk=macosx*]" = F5MCLX6AR8;
				GENERATE_INFOPLIST_FILE = YES;
				INFOPLIST_FILE = widgetintentExt/Info.plist;
				INFOPLIST_KEY_CFBundleDisplayName = SimpleWeather.WidgetIntentExtension;
				INFOPLIST_KEY_NSHumanReadableCopyright = "";
				IPHONEOS_DEPLOYMENT_TARGET = 16.0;
				LD_RUNPATH_SEARCH_PATHS = (
					"$(inherited)",
					"@executable_path/Frameworks",
					"@executable_path/../../Frameworks",
				);
				MARKETING_VERSION = 1.0;
				PRODUCT_BUNDLE_IDENTIFIER = com.thewizrd.simpleweather.widgetintentExt;
				PRODUCT_MODULE_NAME = widgetintentExt;
				PRODUCT_NAME = widgetintentExt;
				PROVISIONING_PROFILE_SPECIFIER = "";
				"PROVISIONING_PROFILE_SPECIFIER[sdk=iphoneos*]" = "SimpleWeather.WidgetIntentExt - Release (iOS)";
				"PROVISIONING_PROFILE_SPECIFIER[sdk=macosx*]" = "SimpleWeather.WidgetIntentExt - Release (Mac)";
				SDKROOT = iphoneos;
				SKIP_INSTALL = YES;
				SUPPORTS_MACCATALYST = YES;
				SWIFT_EMIT_LOC_STRINGS = YES;
				SWIFT_VERSION = 5.0;
				TARGETED_DEVICE_FAMILY = "1,2";
				VALIDATE_PRODUCT = YES;
			};
			name = Release;
		};
/* End XCBuildConfiguration section */

/* Begin XCConfigurationList section */
		EA2C172F2B0D135E00ABDECE /* Build configuration list for PBXNativeTarget "simpleweather" */ = {
			isa = XCConfigurationList;
			buildConfigurations = (
				EA2C172D2B0D135E00ABDECE /* Debug */,
				EA2C172E2B0D135E00ABDECE /* Release */,
			);
			defaultConfigurationIsVisible = 0;
			defaultConfigurationName = Release;
		};
		EA5C90BC2ACB9E5F00FE8FAF /* Build configuration list for PBXProject "SimpleWeather" */ = {
			isa = XCConfigurationList;
			buildConfigurations = (
				EA5C90CE2ACB9E6000FE8FAF /* Debug */,
				EA5C90CF2ACB9E6000FE8FAF /* Release */,
			);
			defaultConfigurationIsVisible = 0;
			defaultConfigurationName = Release;
		};
		EA5C91042ACBA39200FE8FAF /* Build configuration list for PBXNativeTarget "widgetExtension" */ = {
			isa = XCConfigurationList;
			buildConfigurations = (
				EA5C91022ACBA39200FE8FAF /* Debug */,
				EA5C91032ACBA39200FE8FAF /* Release */,
			);
			defaultConfigurationIsVisible = 0;
			defaultConfigurationName = Release;
		};
		EA5C91212ACFBF0500FE8FAF /* Build configuration list for PBXNativeTarget "widgetintentExt" */ = {
			isa = XCConfigurationList;
			buildConfigurations = (
				EA5C91222ACFBF0500FE8FAF /* Debug */,
				EA5C91232ACFBF0500FE8FAF /* Release */,
			);
			defaultConfigurationIsVisible = 0;
			defaultConfigurationName = Release;
		};
/* End XCConfigurationList section */
	};
	rootObject = EA5C90B92ACB9E5F00FE8FAF /* Project object */;
}
